// !$*UTF8*$!
{
	archiveVersion = 1;
	classes = {
	};
	objectVersion = 77;
	objects = {

/* Begin PBXBuildFile section */
		00C733B27B243DC87D5FA5D9 /* AppRouter.swift in Sources */ = {isa = PBXBuildFile; fileRef = DADE81ABADADD1D0D3B25492 /* AppRouter.swift */; };
		011683FFA77FAE12CE796045 /* PrivacyInfo.xcprivacy in Resources */ = {isa = PBXBuildFile; fileRef = 9C99625CDA16346FE52C2F76 /* PrivacyInfo.xcprivacy */; };
		056EBFB809C35437B3A8E27F /* NotesView.swift in Sources */ = {isa = PBXBuildFile; fileRef = 9CDFB124F427098678F25921 /* NotesView.swift */; };
		0765AE3BDF8414D74280E3F1 /* MacControlViewModel.swift in Sources */ = {isa = PBXBuildFile; fileRef = 0AB15E83844B497FC8D996FF /* MacControlViewModel.swift */; };
		08C976303EE23766846A0B03 /* AgentLogsView.swift in Sources */ = {isa = PBXBuildFile; fileRef = E9D27FD88EA5B809B568FAB1 /* AgentLogsView.swift */; };
		08E4164F05859175A08B6FA0 /* AppDelegate.swift in Sources */ = {isa = PBXBuildFile; fileRef = B0E6E39B890246E4CB6A9EE7 /* AppDelegate.swift */; };
		136C70C7277AC4D7875770A3 /* PrivacyInfo.xcprivacy in Resources */ = {isa = PBXBuildFile; fileRef = 86DA5B1A15DEF1EB739436FD /* PrivacyInfo.xcprivacy */; };
		155DA3CC82EF70635B0BE46D /* CompanionDataManager.swift in Sources */ = {isa = PBXBuildFile; fileRef = 1D1F4FD9B4A87335D99ED90F /* CompanionDataManager.swift */; };
		18F1A6C33A497BA9705FFB4C /* FoundationModels.framework in Frameworks */ = {isa = PBXBuildFile; fileRef = B30F46F6D3E066153E401F2D /* FoundationModels.framework */; settings = {ATTRIBUTES = (Weak, ); }; };
		1DAABAB73B4991F74D5C3EB8 /* LocalStore.swift in Sources */ = {isa = PBXBuildFile; fileRef = FDCD2399340B0FDAD6866E9D /* LocalStore.swift */; };
		20CEAA0A734C9BD4628B526A /* SettingsView.swift in Sources */ = {isa = PBXBuildFile; fileRef = 5CAA10799C581499DB51D59F /* SettingsView.swift */; };
		2B0627C23FA5D545B82F121C /* NoteReminderScheduler.swift in Sources */ = {isa = PBXBuildFile; fileRef = AB5B1A1EAC3625808949BD2E /* NoteReminderScheduler.swift */; };
		3155BF0AB568152A027C1EA5 /* NotificationService.swift in Sources */ = {isa = PBXBuildFile; fileRef = 23A7B583AB8D530FFDC9CD3B /* NotificationService.swift */; };
		31F8C3A3967F61BDA0109B76 /* agent-copilot-cli.png in Resources */ = {isa = PBXBuildFile; fileRef = F3887F5A485FB28C6C4BDA28 /* agent-copilot-cli.png */; };
		32DD143CB2D7FF099CB1B9EF /* AgentIconFetcher.swift in Sources */ = {isa = PBXBuildFile; fileRef = C12A407EE0B93A9D702680AE /* AgentIconFetcher.swift */; };
		3BA197E28BD8D8944F671C5F /* CompanionApp.swift in Sources */ = {isa = PBXBuildFile; fileRef = 57D7CFC73FC3DB2CB9F0F308 /* CompanionApp.swift */; };
		4179D9884243F6A3E00B1534 /* SharedUI.swift in Sources */ = {isa = PBXBuildFile; fileRef = B44C4C7F0943C67D4ADC5BAA /* SharedUI.swift */; };
		4514BAFD4151D0397EE4DEDE /* agent-windsurf.png in Resources */ = {isa = PBXBuildFile; fileRef = 1F339F20AA9FF0927573121D /* agent-windsurf.png */; };
		4E69C67FC89B7A25B00AE247 /* agent-cursor.png in Resources */ = {isa = PBXBuildFile; fileRef = 660FF427B758749B3F60ABBC /* agent-cursor.png */; };
		4F93033BBB9AC841DD2E1A27 /* agent-vscode.png in Resources */ = {isa = PBXBuildFile; fileRef = 8AF8D2787FDE07D70F27819F /* agent-vscode.png */; };
		5139505A2B8CBC6136143637 /* DemoView.swift in Sources */ = {isa = PBXBuildFile; fileRef = 088F87B009A16DCFA4055E06 /* DemoView.swift */; };
		5693BBFAAC43D8545E430685 /* Stores.swift in Sources */ = {isa = PBXBuildFile; fileRef = E84B442D70C61177A7FFD90F /* Stores.swift */; };
		57D483BEAE755F37B4521379 /* DoomCodeCore in Frameworks */ = {isa = PBXBuildFile; productRef = 85DF0A8CA1FB0C3F35B427E0 /* DoomCodeCore */; };
		58FD164A727188A476DC730A /* MacControlView.swift in Sources */ = {isa = PBXBuildFile; fileRef = D162F501DAF794D3A775F74D /* MacControlView.swift */; };
		5C6BC9F68A990F7DD88CA9C0 /* NotesStore.swift in Sources */ = {isa = PBXBuildFile; fileRef = C4C50DFE1F4B1257C30BDDE4 /* NotesStore.swift */; };
		654877D05F4FB957BF5C7855 /* SyncDiagnosticsView.swift in Sources */ = {isa = PBXBuildFile; fileRef = 88B9202CA544AA7FB7AA1DDF /* SyncDiagnosticsView.swift */; };
		7152853A541210E87E6AB54C /* EmptyStateView.swift in Sources */ = {isa = PBXBuildFile; fileRef = 7B3B08650A2FA3E3318D3ED2 /* EmptyStateView.swift */; };
		73A371DBFD84E90851A07F4C /* DataAndPrivacyView.swift in Sources */ = {isa = PBXBuildFile; fileRef = DD89CA099ECF94C8E765BD8D /* DataAndPrivacyView.swift */; };
		74E68747AEFA0F4EFC3A0913 /* Haptics.swift in Sources */ = {isa = PBXBuildFile; fileRef = 714A22516A87C51854CB60EC /* Haptics.swift */; };
		7737145BFE9E9E204E2909D5 /* WelcomeView.swift in Sources */ = {isa = PBXBuildFile; fileRef = 996134A875CC392693E588D7 /* WelcomeView.swift */; };
		786F4B1FD454ED99E41ED739 /* AppGroupCache.swift in Sources */ = {isa = PBXBuildFile; fileRef = 2CDB9B86A13959BCE99D0520 /* AppGroupCache.swift */; };
		795E25703E51AFC37D658F2B /* agent-codex.png in Resources */ = {isa = PBXBuildFile; fileRef = AFF5B68F7CF2277963A81FCE /* agent-codex.png */; };
		7BC9B84084F495383B8FE719 /* DashboardView.swift in Sources */ = {isa = PBXBuildFile; fileRef = 59DE90CC52D8F5A120E77CE5 /* DashboardView.swift */; };
		8003A58A0384E78E609EE66C /* ConversationStore.swift in Sources */ = {isa = PBXBuildFile; fileRef = AAF865F74AF9BD95F9C646D2 /* ConversationStore.swift */; };
		87594FCE9D19AB060E12B16D /* JSONFileStore.swift in Sources */ = {isa = PBXBuildFile; fileRef = 7550F357DF9664D07B7C54B8 /* JSONFileStore.swift */; };
		95ABCF8E936789F869E522CF /* CompanionSyncEngine.swift in Sources */ = {isa = PBXBuildFile; fileRef = 3F14061B75A2A67442DC2EB9 /* CompanionSyncEngine.swift */; };
		9B71EB5B9EBA85E81813757A /* MacReachabilityBanner.swift in Sources */ = {isa = PBXBuildFile; fileRef = D52702D5E65946D2D164A539 /* MacReachabilityBanner.swift */; };
		A28404D2231472B501DA98E9 /* PromptStore.swift in Sources */ = {isa = PBXBuildFile; fileRef = B20BF235FE55F3D908727447 /* PromptStore.swift */; };
		A31DECFAF2DBAA1BA08D472C /* SharedToolUI.swift in Sources */ = {isa = PBXBuildFile; fileRef = 6C27B5424970C1244574F0AA /* SharedToolUI.swift */; };
		AB371C8339E6ED3437502596 /* Assets.xcassets in Resources */ = {isa = PBXBuildFile; fileRef = 37AFD6ED65EF66D12F659D13 /* Assets.xcassets */; };
		AE0841A2C0A9C2FDB49D0B01 /* NotificationPermissionCenter.swift in Sources */ = {isa = PBXBuildFile; fileRef = 6BB59B037D25FAB7835286BF /* NotificationPermissionCenter.swift */; };
		BCBEC7C6118D172CA2886175 /* DoomCodeCore in Frameworks */ = {isa = PBXBuildFile; productRef = CE19BA5B137F2C8D5282CEC6 /* DoomCodeCore */; };
		C396FF51FF0247E62A7C73B4 /* agent-claude.png in Resources */ = {isa = PBXBuildFile; fileRef = 53D0C2479244FBAFDD247C2B /* agent-claude.png */; };
		D78B2A2EA5D2A1F2FA7D5D73 /* ConnectFlowView.swift in Sources */ = {isa = PBXBuildFile; fileRef = 58E41B39C64E1FA42B7AF9A9 /* ConnectFlowView.swift */; };
		D89CC11C8F1C255FDBD24152 /* RootTabView.swift in Sources */ = {isa = PBXBuildFile; fileRef = 1B20EDB3E2CA5AF5AFD8121B /* RootTabView.swift */; };
		E0080F3521E4848FDB9488C4 /* NotificationService.appex in Embed Foundation Extensions */ = {isa = PBXBuildFile; fileRef = A3E3FFDC349C25DCEF57F6E6 /* NotificationService.appex */; settings = {ATTRIBUTES = (RemoveHeadersOnCopy, ); }; };
		E4B457061E337DDCDF1E8CA4 /* AgentListView.swift in Sources */ = {isa = PBXBuildFile; fileRef = 7E76273588198DD1944AACF8 /* AgentListView.swift */; };
		E74B23CF9DE66AEB5F297DF8 /* AppGroupCache.swift in Sources */ = {isa = PBXBuildFile; fileRef = 2CDB9B86A13959BCE99D0520 /* AppGroupCache.swift */; };
		FCE2347F639A00C049211086 /* PromptsView.swift in Sources */ = {isa = PBXBuildFile; fileRef = BAE84C38B9C503121CA5892A /* PromptsView.swift */; };
/* End PBXBuildFile section */

/* Begin PBXContainerItemProxy section */
		A61A7E2BC7BBABFA656BBAF2 /* PBXContainerItemProxy */ = {
			isa = PBXContainerItemProxy;
			containerPortal = 941CB1394BD1482C55A92524 /* Project object */;
			proxyType = 1;
			remoteGlobalIDString = ACA936A783E736D27D9510CE;
			remoteInfo = NotificationService;
		};
/* End PBXContainerItemProxy section */

/* Begin PBXCopyFilesBuildPhase section */
		BEB61D11FC266910D7A9F28C /* Embed Foundation Extensions */ = {
			isa = PBXCopyFilesBuildPhase;
			buildActionMask = 2147483647;
			dstPath = "";
			dstSubfolderSpec = 13;
			files = (
				E0080F3521E4848FDB9488C4 /* NotificationService.appex in Embed Foundation Extensions */,
			);
			name = "Embed Foundation Extensions";
			runOnlyForDeploymentPostprocessing = 0;
		};
/* End PBXCopyFilesBuildPhase section */

/* Begin PBXFileReference section */
		088F87B009A16DCFA4055E06 /* DemoView.swift */ = {isa = PBXFileReference; lastKnownFileType = sourcecode.swift; path = DemoView.swift; sourceTree = "<group>"; };
		0AB15E83844B497FC8D996FF /* MacControlViewModel.swift */ = {isa = PBXFileReference; lastKnownFileType = sourcecode.swift; path = MacControlViewModel.swift; sourceTree = "<group>"; };
		16E391A17CF5C9FFE13C7AA2 /* DoomCodeCore */ = {isa = PBXFileReference; lastKnownFileType = folder; name = DoomCodeCore; path = ../Packages/DoomCodeCore; sourceTree = SOURCE_ROOT; };
		1B20EDB3E2CA5AF5AFD8121B /* RootTabView.swift */ = {isa = PBXFileReference; lastKnownFileType = sourcecode.swift; path = RootTabView.swift; sourceTree = "<group>"; };
		1D1F4FD9B4A87335D99ED90F /* CompanionDataManager.swift */ = {isa = PBXFileReference; lastKnownFileType = sourcecode.swift; path = CompanionDataManager.swift; sourceTree = "<group>"; };
		1F339F20AA9FF0927573121D /* agent-windsurf.png */ = {isa = PBXFileReference; lastKnownFileType = image.png; path = "agent-windsurf.png"; sourceTree = "<group>"; };
		23A7B583AB8D530FFDC9CD3B /* NotificationService.swift */ = {isa = PBXFileReference; lastKnownFileType = sourcecode.swift; path = NotificationService.swift; sourceTree = "<group>"; };
		2CDB9B86A13959BCE99D0520 /* AppGroupCache.swift */ = {isa = PBXFileReference; lastKnownFileType = sourcecode.swift; path = AppGroupCache.swift; sourceTree = "<group>"; };
		37AFD6ED65EF66D12F659D13 /* Assets.xcassets */ = {isa = PBXFileReference; lastKnownFileType = folder.assetcatalog; path = Assets.xcassets; sourceTree = "<group>"; };
		3F14061B75A2A67442DC2EB9 /* CompanionSyncEngine.swift */ = {isa = PBXFileReference; lastKnownFileType = sourcecode.swift; path = CompanionSyncEngine.swift; sourceTree = "<group>"; };
		468349DACCBBC3F07D7199C8 /* DoomCodeCompanion.app */ = {isa = PBXFileReference; includeInIndex = 0; lastKnownFileType = wrapper.application; path = DoomCodeCompanion.app; sourceTree = BUILT_PRODUCTS_DIR; };
		53D0C2479244FBAFDD247C2B /* agent-claude.png */ = {isa = PBXFileReference; lastKnownFileType = image.png; path = "agent-claude.png"; sourceTree = "<group>"; };
		57D7CFC73FC3DB2CB9F0F308 /* CompanionApp.swift */ = {isa = PBXFileReference; lastKnownFileType = sourcecode.swift; path = CompanionApp.swift; sourceTree = "<group>"; };
		58E41B39C64E1FA42B7AF9A9 /* ConnectFlowView.swift */ = {isa = PBXFileReference; lastKnownFileType = sourcecode.swift; path = ConnectFlowView.swift; sourceTree = "<group>"; };
		59DE90CC52D8F5A120E77CE5 /* DashboardView.swift */ = {isa = PBXFileReference; lastKnownFileType = sourcecode.swift; path = DashboardView.swift; sourceTree = "<group>"; };
		5CAA10799C581499DB51D59F /* SettingsView.swift */ = {isa = PBXFileReference; lastKnownFileType = sourcecode.swift; path = SettingsView.swift; sourceTree = "<group>"; };
		660FF427B758749B3F60ABBC /* agent-cursor.png */ = {isa = PBXFileReference; lastKnownFileType = image.png; path = "agent-cursor.png"; sourceTree = "<group>"; };
		6BB59B037D25FAB7835286BF /* NotificationPermissionCenter.swift */ = {isa = PBXFileReference; lastKnownFileType = sourcecode.swift; path = NotificationPermissionCenter.swift; sourceTree = "<group>"; };
		6C27B5424970C1244574F0AA /* SharedToolUI.swift */ = {isa = PBXFileReference; lastKnownFileType = sourcecode.swift; path = SharedToolUI.swift; sourceTree = "<group>"; };
		714A22516A87C51854CB60EC /* Haptics.swift */ = {isa = PBXFileReference; lastKnownFileType = sourcecode.swift; path = Haptics.swift; sourceTree = "<group>"; };
		7550F357DF9664D07B7C54B8 /* JSONFileStore.swift */ = {isa = PBXFileReference; lastKnownFileType = sourcecode.swift; path = JSONFileStore.swift; sourceTree = "<group>"; };
		7B3B08650A2FA3E3318D3ED2 /* EmptyStateView.swift */ = {isa = PBXFileReference; lastKnownFileType = sourcecode.swift; path = EmptyStateView.swift; sourceTree = "<group>"; };
		7E76273588198DD1944AACF8 /* AgentListView.swift */ = {isa = PBXFileReference; lastKnownFileType = sourcecode.swift; path = AgentListView.swift; sourceTree = "<group>"; };
		86DA5B1A15DEF1EB739436FD /* PrivacyInfo.xcprivacy */ = {isa = PBXFileReference; path = PrivacyInfo.xcprivacy; sourceTree = "<group>"; };
		88B9202CA544AA7FB7AA1DDF /* SyncDiagnosticsView.swift */ = {isa = PBXFileReference; lastKnownFileType = sourcecode.swift; path = SyncDiagnosticsView.swift; sourceTree = "<group>"; };
		8AF8D2787FDE07D70F27819F /* agent-vscode.png */ = {isa = PBXFileReference; lastKnownFileType = image.png; path = "agent-vscode.png"; sourceTree = "<group>"; };
		996134A875CC392693E588D7 /* WelcomeView.swift */ = {isa = PBXFileReference; lastKnownFileType = sourcecode.swift; path = WelcomeView.swift; sourceTree = "<group>"; };
		9C99625CDA16346FE52C2F76 /* PrivacyInfo.xcprivacy */ = {isa = PBXFileReference; path = PrivacyInfo.xcprivacy; sourceTree = "<group>"; };
		9CDFB124F427098678F25921 /* NotesView.swift */ = {isa = PBXFileReference; lastKnownFileType = sourcecode.swift; path = NotesView.swift; sourceTree = "<group>"; };
		A3E3FFDC349C25DCEF57F6E6 /* NotificationService.appex */ = {isa = PBXFileReference; includeInIndex = 0; lastKnownFileType = "wrapper.app-extension"; path = NotificationService.appex; sourceTree = BUILT_PRODUCTS_DIR; };
		AAF865F74AF9BD95F9C646D2 /* ConversationStore.swift */ = {isa = PBXFileReference; lastKnownFileType = sourcecode.swift; path = ConversationStore.swift; sourceTree = "<group>"; };
		AB5B1A1EAC3625808949BD2E /* NoteReminderScheduler.swift */ = {isa = PBXFileReference; lastKnownFileType = sourcecode.swift; path = NoteReminderScheduler.swift; sourceTree = "<group>"; };
		AFF5B68F7CF2277963A81FCE /* agent-codex.png */ = {isa = PBXFileReference; lastKnownFileType = image.png; path = "agent-codex.png"; sourceTree = "<group>"; };
		B0E6E39B890246E4CB6A9EE7 /* AppDelegate.swift */ = {isa = PBXFileReference; lastKnownFileType = sourcecode.swift; path = AppDelegate.swift; sourceTree = "<group>"; };
		B20BF235FE55F3D908727447 /* PromptStore.swift */ = {isa = PBXFileReference; lastKnownFileType = sourcecode.swift; path = PromptStore.swift; sourceTree = "<group>"; };
		B30F46F6D3E066153E401F2D /* FoundationModels.framework */ = {isa = PBXFileReference; lastKnownFileType = wrapper.framework; name = FoundationModels.framework; path = System/Library/Frameworks/FoundationModels.framework; sourceTree = SDKROOT; };
		B44C4C7F0943C67D4ADC5BAA /* SharedUI.swift */ = {isa = PBXFileReference; lastKnownFileType = sourcecode.swift; path = SharedUI.swift; sourceTree = "<group>"; };
		BAE84C38B9C503121CA5892A /* PromptsView.swift */ = {isa = PBXFileReference; lastKnownFileType = sourcecode.swift; path = PromptsView.swift; sourceTree = "<group>"; };
		C12A407EE0B93A9D702680AE /* AgentIconFetcher.swift */ = {isa = PBXFileReference; lastKnownFileType = sourcecode.swift; path = AgentIconFetcher.swift; sourceTree = "<group>"; };
		C4C50DFE1F4B1257C30BDDE4 /* NotesStore.swift */ = {isa = PBXFileReference; lastKnownFileType = sourcecode.swift; path = NotesStore.swift; sourceTree = "<group>"; };
		D162F501DAF794D3A775F74D /* MacControlView.swift */ = {isa = PBXFileReference; lastKnownFileType = sourcecode.swift; path = MacControlView.swift; sourceTree = "<group>"; };
		D52702D5E65946D2D164A539 /* MacReachabilityBanner.swift */ = {isa = PBXFileReference; lastKnownFileType = sourcecode.swift; path = MacReachabilityBanner.swift; sourceTree = "<group>"; };
		DADE81ABADADD1D0D3B25492 /* AppRouter.swift */ = {isa = PBXFileReference; lastKnownFileType = sourcecode.swift; path = AppRouter.swift; sourceTree = "<group>"; };
		DD89CA099ECF94C8E765BD8D /* DataAndPrivacyView.swift */ = {isa = PBXFileReference; lastKnownFileType = sourcecode.swift; path = DataAndPrivacyView.swift; sourceTree = "<group>"; };
		E84B442D70C61177A7FFD90F /* Stores.swift */ = {isa = PBXFileReference; lastKnownFileType = sourcecode.swift; path = Stores.swift; sourceTree = "<group>"; };
		E9D27FD88EA5B809B568FAB1 /* AgentLogsView.swift */ = {isa = PBXFileReference; lastKnownFileType = sourcecode.swift; path = AgentLogsView.swift; sourceTree = "<group>"; };
		F3887F5A485FB28C6C4BDA28 /* agent-copilot-cli.png */ = {isa = PBXFileReference; lastKnownFileType = image.png; path = "agent-copilot-cli.png"; sourceTree = "<group>"; };
		FDCD2399340B0FDAD6866E9D /* LocalStore.swift */ = {isa = PBXFileReference; lastKnownFileType = sourcecode.swift; path = LocalStore.swift; sourceTree = "<group>"; };
/* End PBXFileReference section */

/* Begin PBXFrameworksBuildPhase section */
		9D48B4B8075C9359BC36BB0A /* Frameworks */ = {
			isa = PBXFrameworksBuildPhase;
			buildActionMask = 2147483647;
			files = (
				57D483BEAE755F37B4521379 /* DoomCodeCore in Frameworks */,
				18F1A6C33A497BA9705FFB4C /* FoundationModels.framework in Frameworks */,
			);
			runOnlyForDeploymentPostprocessing = 0;
		};
		C70C18BEE9714AD9A969229C /* Frameworks */ = {
			isa = PBXFrameworksBuildPhase;
			buildActionMask = 2147483647;
			files = (
				BCBEC7C6118D172CA2886175 /* DoomCodeCore in Frameworks */,
			);
			runOnlyForDeploymentPostprocessing = 0;
		};
/* End PBXFrameworksBuildPhase section */

/* Begin PBXGroup section */
		2EB4F9F432492637339BB43D /* Tools */ = {
			isa = PBXGroup;
			children = (
				399A4B2F698408DBB1E67D05 /* Stores */,
				30972E15BF4DAAC1886A40D2 /* Views */,
			);
			path = Tools;
			sourceTree = "<group>";
		};
		30972E15BF4DAAC1886A40D2 /* Views */ = {
			isa = PBXGroup;
			children = (
				59DE90CC52D8F5A120E77CE5 /* DashboardView.swift */,
				9CDFB124F427098678F25921 /* NotesView.swift */,
				BAE84C38B9C503121CA5892A /* PromptsView.swift */,
				6C27B5424970C1244574F0AA /* SharedToolUI.swift */,
			);
			path = Views;
			sourceTree = "<group>";
		};
		34AD1FF259A9CA98BA77A9B9 /* Resources */ = {
			isa = PBXGroup;
			children = (
				892E094BBA0676CD991DE6D0 /* agent-icons */,
			);
			path = Resources;
			sourceTree = "<group>";
		};
		399A4B2F698408DBB1E67D05 /* Stores */ = {
			isa = PBXGroup;
			children = (
				AAF865F74AF9BD95F9C646D2 /* ConversationStore.swift */,
				7550F357DF9664D07B7C54B8 /* JSONFileStore.swift */,
				AB5B1A1EAC3625808949BD2E /* NoteReminderScheduler.swift */,
				C4C50DFE1F4B1257C30BDDE4 /* NotesStore.swift */,
				B20BF235FE55F3D908727447 /* PromptStore.swift */,
			);
			path = Stores;
			sourceTree = "<group>";
		};
		4551FFF1DF24AC5FE43BF379 /* App */ = {
			isa = PBXGroup;
			children = (
				B0E6E39B890246E4CB6A9EE7 /* AppDelegate.swift */,
				DADE81ABADADD1D0D3B25492 /* AppRouter.swift */,
				57D7CFC73FC3DB2CB9F0F308 /* CompanionApp.swift */,
			);
			path = App;
			sourceTree = "<group>";
		};
		49ECE61B9E80B0AD60662402 /* Frameworks */ = {
			isa = PBXGroup;
			children = (
				B30F46F6D3E066153E401F2D /* FoundationModels.framework */,
			);
			name = Frameworks;
			sourceTree = "<group>";
		};
		572AC7848AC69680B8642634 /* SharedCache */ = {
			isa = PBXGroup;
			children = (
				2CDB9B86A13959BCE99D0520 /* AppGroupCache.swift */,
			);
			path = SharedCache;
			sourceTree = "<group>";
		};
		622190F13BE996E4E0B10A5F /* UI */ = {
			isa = PBXGroup;
			children = (
				7E76273588198DD1944AACF8 /* AgentListView.swift */,
				E9D27FD88EA5B809B568FAB1 /* AgentLogsView.swift */,
				1D1F4FD9B4A87335D99ED90F /* CompanionDataManager.swift */,
				58E41B39C64E1FA42B7AF9A9 /* ConnectFlowView.swift */,
				DD89CA099ECF94C8E765BD8D /* DataAndPrivacyView.swift */,
				088F87B009A16DCFA4055E06 /* DemoView.swift */,
				7B3B08650A2FA3E3318D3ED2 /* EmptyStateView.swift */,
				714A22516A87C51854CB60EC /* Haptics.swift */,
				D162F501DAF794D3A775F74D /* MacControlView.swift */,
				0AB15E83844B497FC8D996FF /* MacControlViewModel.swift */,
				D52702D5E65946D2D164A539 /* MacReachabilityBanner.swift */,
				1B20EDB3E2CA5AF5AFD8121B /* RootTabView.swift */,
				5CAA10799C581499DB51D59F /* SettingsView.swift */,
				B44C4C7F0943C67D4ADC5BAA /* SharedUI.swift */,
				88B9202CA544AA7FB7AA1DDF /* SyncDiagnosticsView.swift */,
				996134A875CC392693E588D7 /* WelcomeView.swift */,
			);
			path = UI;
			sourceTree = "<group>";
		};
		66CF8B3408049F7BE0CD3FBC /* Products */ = {
			isa = PBXGroup;
			children = (
				468349DACCBBC3F07D7199C8 /* DoomCodeCompanion.app */,
				A3E3FFDC349C25DCEF57F6E6 /* NotificationService.appex */,
			);
			name = Products;
			sourceTree = "<group>";
		};
		7D1A4545ACFD8AF590FD1822 /* Stores */ = {
			isa = PBXGroup;
			children = (
				FDCD2399340B0FDAD6866E9D /* LocalStore.swift */,
				6BB59B037D25FAB7835286BF /* NotificationPermissionCenter.swift */,
				E84B442D70C61177A7FFD90F /* Stores.swift */,
			);
			path = Stores;
			sourceTree = "<group>";
		};
		80F8D8EF6AB56274648131F5 = {
			isa = PBXGroup;
			children = (
				EF822A570C37FA8E9CE06F8A /* DoomCodeCompanion */,
				B9D1FD7A44AC120D7F356F22 /* NotificationService */,
				CED45F57341F43D3ED08E888 /* Packages */,
				572AC7848AC69680B8642634 /* SharedCache */,
				49ECE61B9E80B0AD60662402 /* Frameworks */,
				66CF8B3408049F7BE0CD3FBC /* Products */,
			);
			sourceTree = "<group>";
		};
		892E094BBA0676CD991DE6D0 /* agent-icons */ = {
			isa = PBXGroup;
			children = (
				53D0C2479244FBAFDD247C2B /* agent-claude.png */,
				AFF5B68F7CF2277963A81FCE /* agent-codex.png */,
				F3887F5A485FB28C6C4BDA28 /* agent-copilot-cli.png */,
				660FF427B758749B3F60ABBC /* agent-cursor.png */,
				8AF8D2787FDE07D70F27819F /* agent-vscode.png */,
				1F339F20AA9FF0927573121D /* agent-windsurf.png */,
			);
			path = "agent-icons";
			sourceTree = "<group>";
		};
		9CE643B9AF4778C050C8CB1D /* Sync */ = {
			isa = PBXGroup;
			children = (
				C12A407EE0B93A9D702680AE /* AgentIconFetcher.swift */,
				3F14061B75A2A67442DC2EB9 /* CompanionSyncEngine.swift */,
			);
			path = Sync;
			sourceTree = "<group>";
		};
		B9D1FD7A44AC120D7F356F22 /* NotificationService */ = {
			isa = PBXGroup;
			children = (
				34AD1FF259A9CA98BA77A9B9 /* Resources */,
				23A7B583AB8D530FFDC9CD3B /* NotificationService.swift */,
				86DA5B1A15DEF1EB739436FD /* PrivacyInfo.xcprivacy */,
			);
			path = NotificationService;
			sourceTree = "<group>";
		};
		C0E2CDC40C430598BBF224A2 /* Resources */ = {
			isa = PBXGroup;
			children = (
				37AFD6ED65EF66D12F659D13 /* Assets.xcassets */,
				9C99625CDA16346FE52C2F76 /* PrivacyInfo.xcprivacy */,
			);
			path = Resources;
			sourceTree = "<group>";
		};
		CED45F57341F43D3ED08E888 /* Packages */ = {
			isa = PBXGroup;
			children = (
				16E391A17CF5C9FFE13C7AA2 /* DoomCodeCore */,
			);
			name = Packages;
			sourceTree = "<group>";
		};
		EF822A570C37FA8E9CE06F8A /* DoomCodeCompanion */ = {
			isa = PBXGroup;
			children = (
				4551FFF1DF24AC5FE43BF379 /* App */,
				C0E2CDC40C430598BBF224A2 /* Resources */,
				7D1A4545ACFD8AF590FD1822 /* Stores */,
				9CE643B9AF4778C050C8CB1D /* Sync */,
				2EB4F9F432492637339BB43D /* Tools */,
				622190F13BE996E4E0B10A5F /* UI */,
			);
			path = DoomCodeCompanion;
			sourceTree = "<group>";
		};
/* End PBXGroup section */

/* Begin PBXNativeTarget section */
		ACA936A783E736D27D9510CE /* NotificationService */ = {
			isa = PBXNativeTarget;
			buildConfigurationList = 47CC73E3F3D837A810FE26B9 /* Build configuration list for PBXNativeTarget "NotificationService" */;
			buildPhases = (
				A1B2EC55CC27745FD04E96C1 /* Sources */,
				F3913854ECC8FC9D5DE8BF46 /* Resources */,
				C70C18BEE9714AD9A969229C /* Frameworks */,
			);
			buildRules = (
			);
			dependencies = (
			);
			name = NotificationService;
			packageProductDependencies = (
				CE19BA5B137F2C8D5282CEC6 /* DoomCodeCore */,
			);
			productName = NotificationService;
			productReference = A3E3FFDC349C25DCEF57F6E6 /* NotificationService.appex */;
			productType = "com.apple.product-type.app-extension";
		};
		F41D675A9C74B1F8E4B9C391 /* DoomCodeCompanion */ = {
			isa = PBXNativeTarget;
			buildConfigurationList = 2A9600763B0FDAC72FCECEC6 /* Build configuration list for PBXNativeTarget "DoomCodeCompanion" */;
			buildPhases = (
				B16E8AFFF631EB9896E865FF /* Sources */,
				50C26040724082CC689E9AE4 /* Resources */,
				9D48B4B8075C9359BC36BB0A /* Frameworks */,
				BEB61D11FC266910D7A9F28C /* Embed Foundation Extensions */,
			);
			buildRules = (
			);
			dependencies = (
				205828E1D4FB871C05A9C646 /* PBXTargetDependency */,
			);
			name = DoomCodeCompanion;
			packageProductDependencies = (
				85DF0A8CA1FB0C3F35B427E0 /* DoomCodeCore */,
			);
			productName = DoomCodeCompanion;
			productReference = 468349DACCBBC3F07D7199C8 /* DoomCodeCompanion.app */;
			productType = "com.apple.product-type.application";
		};
/* End PBXNativeTarget section */

/* Begin PBXProject section */
		941CB1394BD1482C55A92524 /* Project object */ = {
			isa = PBXProject;
			attributes = {
				BuildIndependentTargetsInParallel = YES;
				LastUpgradeCheck = 1430;
				TargetAttributes = {
					ACA936A783E736D27D9510CE = {
						DevelopmentTeam = A9P2388PHM;
						ProvisioningStyle = Automatic;
					};
					F41D675A9C74B1F8E4B9C391 = {
						DevelopmentTeam = A9P2388PHM;
						ProvisioningStyle = Automatic;
					};
				};
			};
			buildConfigurationList = 777FCD3A11442D4A72D0FE75 /* Build configuration list for PBXProject "DoomCodeCompanion" */;
			developmentRegion = en;
			hasScannedForEncodings = 0;
			knownRegions = (
				Base,
				en,
			);
			mainGroup = 80F8D8EF6AB56274648131F5;
			minimizedProjectReferenceProxies = 1;
			packageReferences = (
				40B68AABAF10200BD8821CE0 /* XCLocalSwiftPackageReference "../Packages/DoomCodeCore" */,
			);
			preferredProjectObjectVersion = 77;
			productRefGroup = 66CF8B3408049F7BE0CD3FBC /* Products */;
			projectDirPath = "";
			projectRoot = "";
			targets = (
				F41D675A9C74B1F8E4B9C391 /* DoomCodeCompanion */,
				ACA936A783E736D27D9510CE /* NotificationService */,
			);
		};
/* End PBXProject section */

/* Begin PBXResourcesBuildPhase section */
		50C26040724082CC689E9AE4 /* Resources */ = {
			isa = PBXResourcesBuildPhase;
			buildActionMask = 2147483647;
			files = (
				AB371C8339E6ED3437502596 /* Assets.xcassets in Resources */,
				011683FFA77FAE12CE796045 /* PrivacyInfo.xcprivacy in Resources */,
			);
			runOnlyForDeploymentPostprocessing = 0;
		};
		F3913854ECC8FC9D5DE8BF46 /* Resources */ = {
			isa = PBXResourcesBuildPhase;
			buildActionMask = 2147483647;
			files = (
				136C70C7277AC4D7875770A3 /* PrivacyInfo.xcprivacy in Resources */,
				C396FF51FF0247E62A7C73B4 /* agent-claude.png in Resources */,
				795E25703E51AFC37D658F2B /* agent-codex.png in Resources */,
				31F8C3A3967F61BDA0109B76 /* agent-copilot-cli.png in Resources */,
				4E69C67FC89B7A25B00AE247 /* agent-cursor.png in Resources */,
				4F93033BBB9AC841DD2E1A27 /* agent-vscode.png in Resources */,
				4514BAFD4151D0397EE4DEDE /* agent-windsurf.png in Resources */,
			);
			runOnlyForDeploymentPostprocessing = 0;
		};
/* End PBXResourcesBuildPhase section */

/* Begin PBXSourcesBuildPhase section */
		A1B2EC55CC27745FD04E96C1 /* Sources */ = {
			isa = PBXSourcesBuildPhase;
			buildActionMask = 2147483647;
			files = (
				E74B23CF9DE66AEB5F297DF8 /* AppGroupCache.swift in Sources */,
				3155BF0AB568152A027C1EA5 /* NotificationService.swift in Sources */,
			);
			runOnlyForDeploymentPostprocessing = 0;
		};
		B16E8AFFF631EB9896E865FF /* Sources */ = {
			isa = PBXSourcesBuildPhase;
			buildActionMask = 2147483647;
			files = (
				32DD143CB2D7FF099CB1B9EF /* AgentIconFetcher.swift in Sources */,
				E4B457061E337DDCDF1E8CA4 /* AgentListView.swift in Sources */,
				08C976303EE23766846A0B03 /* AgentLogsView.swift in Sources */,
				08E4164F05859175A08B6FA0 /* AppDelegate.swift in Sources */,
				786F4B1FD454ED99E41ED739 /* AppGroupCache.swift in Sources */,
				00C733B27B243DC87D5FA5D9 /* AppRouter.swift in Sources */,
				3BA197E28BD8D8944F671C5F /* CompanionApp.swift in Sources */,
				155DA3CC82EF70635B0BE46D /* CompanionDataManager.swift in Sources */,
				95ABCF8E936789F869E522CF /* CompanionSyncEngine.swift in Sources */,
				D78B2A2EA5D2A1F2FA7D5D73 /* ConnectFlowView.swift in Sources */,
				8003A58A0384E78E609EE66C /* ConversationStore.swift in Sources */,
				7BC9B84084F495383B8FE719 /* DashboardView.swift in Sources */,
				73A371DBFD84E90851A07F4C /* DataAndPrivacyView.swift in Sources */,
				5139505A2B8CBC6136143637 /* DemoView.swift in Sources */,
				7152853A541210E87E6AB54C /* EmptyStateView.swift in Sources */,
				74E68747AEFA0F4EFC3A0913 /* Haptics.swift in Sources */,
				87594FCE9D19AB060E12B16D /* JSONFileStore.swift in Sources */,
				1DAABAB73B4991F74D5C3EB8 /* LocalStore.swift in Sources */,
				58FD164A727188A476DC730A /* MacControlView.swift in Sources */,
				0765AE3BDF8414D74280E3F1 /* MacControlViewModel.swift in Sources */,
				9B71EB5B9EBA85E81813757A /* MacReachabilityBanner.swift in Sources */,
				2B0627C23FA5D545B82F121C /* NoteReminderScheduler.swift in Sources */,
				5C6BC9F68A990F7DD88CA9C0 /* NotesStore.swift in Sources */,
				056EBFB809C35437B3A8E27F /* NotesView.swift in Sources */,
				AE0841A2C0A9C2FDB49D0B01 /* NotificationPermissionCenter.swift in Sources */,
				A28404D2231472B501DA98E9 /* PromptStore.swift in Sources */,
				FCE2347F639A00C049211086 /* PromptsView.swift in Sources */,
				D89CC11C8F1C255FDBD24152 /* RootTabView.swift in Sources */,
				20CEAA0A734C9BD4628B526A /* SettingsView.swift in Sources */,
				A31DECFAF2DBAA1BA08D472C /* SharedToolUI.swift in Sources */,
				4179D9884243F6A3E00B1534 /* SharedUI.swift in Sources */,
				5693BBFAAC43D8545E430685 /* Stores.swift in Sources */,
				654877D05F4FB957BF5C7855 /* SyncDiagnosticsView.swift in Sources */,
				7737145BFE9E9E204E2909D5 /* WelcomeView.swift in Sources */,
			);
			runOnlyForDeploymentPostprocessing = 0;
		};
/* End PBXSourcesBuildPhase section */

/* Begin PBXTargetDependency section */
		205828E1D4FB871C05A9C646 /* PBXTargetDependency */ = {
			isa = PBXTargetDependency;
			target = ACA936A783E736D27D9510CE /* NotificationService */;
			targetProxy = A61A7E2BC7BBABFA656BBAF2 /* PBXContainerItemProxy */;
		};
/* End PBXTargetDependency section */

/* Begin XCBuildConfiguration section */
		3605CCCD36494F2DA19675D3 /* Release */ = {
			isa = XCBuildConfiguration;
			buildSettings = {
				ALWAYS_SEARCH_USER_PATHS = NO;
				CLANG_ANALYZER_NONNULL = YES;
				CLANG_ANALYZER_NUMBER_OBJECT_CONVERSION = YES_AGGRESSIVE;
				CLANG_CXX_LANGUAGE_STANDARD = "gnu++14";
				CLANG_CXX_LIBRARY = "libc++";
				CLANG_ENABLE_MODULES = YES;
				CLANG_ENABLE_OBJC_ARC = YES;
				CLANG_ENABLE_OBJC_WEAK = YES;
				CLANG_WARN_BLOCK_CAPTURE_AUTORELEASING = YES;
				CLANG_WARN_BOOL_CONVERSION = YES;
				CLANG_WARN_COMMA = YES;
				CLANG_WARN_CONSTANT_CONVERSION = YES;
				CLANG_WARN_DEPRECATED_OBJC_IMPLEMENTATIONS = YES;
				CLANG_WARN_DIRECT_OBJC_ISA_USAGE = YES_ERROR;
				CLANG_WARN_DOCUMENTATION_COMMENTS = YES;
				CLANG_WARN_EMPTY_BODY = YES;
				CLANG_WARN_ENUM_CONVERSION = YES;
				CLANG_WARN_INFINITE_RECURSION = YES;
				CLANG_WARN_INT_CONVERSION = YES;
				CLANG_WARN_NON_LITERAL_NULL_CONVERSION = YES;
				CLANG_WARN_OBJC_IMPLICIT_RETAIN_SELF = YES;
				CLANG_WARN_OBJC_LITERAL_CONVERSION = YES;
				CLANG_WARN_OBJC_ROOT_CLASS = YES_ERROR;
				CLANG_WARN_QUOTED_INCLUDE_IN_FRAMEWORK_HEADER = YES;
				CLANG_WARN_RANGE_LOOP_ANALYSIS = YES;
				CLANG_WARN_STRICT_PROTOTYPES = YES;
				CLANG_WARN_SUSPICIOUS_MOVE = YES;
				CLANG_WARN_UNGUARDED_AVAILABILITY = YES_AGGRESSIVE;
				CLANG_WARN_UNREACHABLE_CODE = YES;
				CLANG_WARN__DUPLICATE_METHOD_MATCH = YES;
				CODE_SIGN_STYLE = Automatic;
				COPY_PHASE_STRIP = NO;
				CURRENT_PROJECT_VERSION = 12;
				DEBUG_INFORMATION_FORMAT = "dwarf-with-dsym";
				DEVELOPMENT_TEAM = A9P2388PHM;
				ENABLE_NS_ASSERTIONS = NO;
				ENABLE_STRICT_OBJC_MSGSEND = YES;
				ENABLE_USER_SCRIPT_SANDBOXING = YES;
				GCC_C_LANGUAGE_STANDARD = gnu11;
				GCC_NO_COMMON_BLOCKS = YES;
				GCC_TREAT_WARNINGS_AS_ERRORS = YES;
				GCC_WARN_64_TO_32_BIT_CONVERSION = YES;
				GCC_WARN_ABOUT_RETURN_TYPE = YES_ERROR;
				GCC_WARN_UNDECLARED_SELECTOR = YES;
				GCC_WARN_UNINITIALIZED_AUTOS = YES_AGGRESSIVE;
				GCC_WARN_UNUSED_FUNCTION = YES;
				GCC_WARN_UNUSED_VARIABLE = YES;
				IPHONEOS_DEPLOYMENT_TARGET = 26.0;
				MARKETING_VERSION = 2.7.0;
				MTL_ENABLE_DEBUG_INFO = NO;
				MTL_FAST_MATH = YES;
				OTHER_LDFLAGS = "$(inherited) -ObjC";
				PRODUCT_NAME = "$(TARGET_NAME)";
				SDKROOT = iphoneos;
				SWIFT_COMPILATION_MODE = wholemodule;
				SWIFT_OPTIMIZATION_LEVEL = "-O";
				SWIFT_STRICT_CONCURRENCY = complete;
				SWIFT_TREAT_WARNINGS_AS_ERRORS = YES;
				SWIFT_VERSION = 6.2;
			};
			name = Release;
		};
		56C08A6DC123F0A07CF3BCCD /* Release */ = {
			isa = XCBuildConfiguration;
			buildSettings = {
				CODE_SIGN_ENTITLEMENTS = NotificationService/NotificationService.entitlements;
				INFOPLIST_FILE = NotificationService/Info.plist;
				LD_RUNPATH_SEARCH_PATHS = (
					"$(inherited)",
					"@executable_path/Frameworks",
					"@executable_path/../../Frameworks",
				);
				PRODUCT_BUNDLE_IDENTIFIER = com.doomcoder.app.companion.NotificationService;
				PROVISIONING_PROFILE_SPECIFIER = "DoomCoder Companion NS AppStore";
				SDKROOT = iphoneos;
				TARGETED_DEVICE_FAMILY = "1,2";
			};
			name = Release;
		};
		6838EE44761F6906E4BC9C8D /* Debug */ = {
			isa = XCBuildConfiguration;
			buildSettings = {
				ALWAYS_SEARCH_USER_PATHS = NO;
				CLANG_ANALYZER_NONNULL = YES;
				CLANG_ANALYZER_NUMBER_OBJECT_CONVERSION = YES_AGGRESSIVE;
				CLANG_CXX_LANGUAGE_STANDARD = "gnu++14";
				CLANG_CXX_LIBRARY = "libc++";
				CLANG_ENABLE_MODULES = YES;
				CLANG_ENABLE_OBJC_ARC = YES;
				CLANG_ENABLE_OBJC_WEAK = YES;
				CLANG_WARN_BLOCK_CAPTURE_AUTORELEASING = YES;
				CLANG_WARN_BOOL_CONVERSION = YES;
				CLANG_WARN_COMMA = YES;
				CLANG_WARN_CONSTANT_CONVERSION = YES;
				CLANG_WARN_DEPRECATED_OBJC_IMPLEMENTATIONS = YES;
				CLANG_WARN_DIRECT_OBJC_ISA_USAGE = YES_ERROR;
				CLANG_WARN_DOCUMENTATION_COMMENTS = YES;
				CLANG_WARN_EMPTY_BODY = YES;
				CLANG_WARN_ENUM_CONVERSION = YES;
				CLANG_WARN_INFINITE_RECURSION = YES;
				CLANG_WARN_INT_CONVERSION = YES;
				CLANG_WARN_NON_LITERAL_NULL_CONVERSION = YES;
				CLANG_WARN_OBJC_IMPLICIT_RETAIN_SELF = YES;
				CLANG_WARN_OBJC_LITERAL_CONVERSION = YES;
				CLANG_WARN_OBJC_ROOT_CLASS = YES_ERROR;
				CLANG_WARN_QUOTED_INCLUDE_IN_FRAMEWORK_HEADER = YES;
				CLANG_WARN_RANGE_LOOP_ANALYSIS = YES;
				CLANG_WARN_STRICT_PROTOTYPES = YES;
				CLANG_WARN_SUSPICIOUS_MOVE = YES;
				CLANG_WARN_UNGUARDED_AVAILABILITY = YES_AGGRESSIVE;
				CLANG_WARN_UNREACHABLE_CODE = YES;
				CLANG_WARN__DUPLICATE_METHOD_MATCH = YES;
				CODE_SIGN_STYLE = Automatic;
				COPY_PHASE_STRIP = NO;
				CURRENT_PROJECT_VERSION = 12;
				DEBUG_INFORMATION_FORMAT = dwarf;
				DEVELOPMENT_TEAM = A9P2388PHM;
				ENABLE_STRICT_OBJC_MSGSEND = YES;
				ENABLE_TESTABILITY = YES;
				ENABLE_USER_SCRIPT_SANDBOXING = YES;
				GCC_C_LANGUAGE_STANDARD = gnu11;
				GCC_DYNAMIC_NO_PIC = NO;
				GCC_NO_COMMON_BLOCKS = YES;
				GCC_OPTIMIZATION_LEVEL = 0;
				GCC_PREPROCESSOR_DEFINITIONS = (
					"$(inherited)",
					"DEBUG=1",
				);
				GCC_TREAT_WARNINGS_AS_ERRORS = YES;
				GCC_WARN_64_TO_32_BIT_CONVERSION = YES;
				GCC_WARN_ABOUT_RETURN_TYPE = YES_ERROR;
				GCC_WARN_UNDECLARED_SELECTOR = YES;
				GCC_WARN_UNINITIALIZED_AUTOS = YES_AGGRESSIVE;
				GCC_WARN_UNUSED_FUNCTION = YES;
				GCC_WARN_UNUSED_VARIABLE = YES;
				IPHONEOS_DEPLOYMENT_TARGET = 26.0;
				MARKETING_VERSION = 2.7.0;
				MTL_ENABLE_DEBUG_INFO = INCLUDE_SOURCE;
				MTL_FAST_MATH = YES;
				ONLY_ACTIVE_ARCH = YES;
				OTHER_LDFLAGS = "$(inherited) -ObjC";
				PRODUCT_NAME = "$(TARGET_NAME)";
				SDKROOT = iphoneos;
				SWIFT_ACTIVE_COMPILATION_CONDITIONS = DEBUG;
				SWIFT_OPTIMIZATION_LEVEL = "-Onone";
				SWIFT_STRICT_CONCURRENCY = complete;
				SWIFT_TREAT_WARNINGS_AS_ERRORS = YES;
				SWIFT_VERSION = 6.2;
			};
			name = Debug;
		};
		BC8CD3196D36767B979A582F /* Debug */ = {
			isa = XCBuildConfiguration;
			buildSettings = {
				ASSETCATALOG_COMPILER_APPICON_NAME = AppIcon;
				CODE_SIGN_ENTITLEMENTS = DoomCodeCompanion/Resources/DoomCodeCompanion.entitlements;
				CODE_SIGN_IDENTITY = "iPhone Developer";
				INFOPLIST_FILE = DoomCodeCompanion/Resources/Info.plist;
				INFOPLIST_KEY_UILaunchScreen_Generation = YES;
				LD_RUNPATH_SEARCH_PATHS = (
					"$(inherited)",
					"@executable_path/Frameworks",
				);
				PRODUCT_BUNDLE_IDENTIFIER = com.doomcoder.app.companion;
				SDKROOT = iphoneos;
				TARGETED_DEVICE_FAMILY = "1,2";
			};
			name = Debug;
		};
		F1D6935E6EF391715DCE0082 /* Debug */ = {
			isa = XCBuildConfiguration;
			buildSettings = {
				CODE_SIGN_ENTITLEMENTS = NotificationService/NotificationService.entitlements;
				INFOPLIST_FILE = NotificationService/Info.plist;
				LD_RUNPATH_SEARCH_PATHS = (
					"$(inherited)",
					"@executable_path/Frameworks",
					"@executable_path/../../Frameworks",
				);
				PRODUCT_BUNDLE_IDENTIFIER = com.doomcoder.app.companion.NotificationService;
				SDKROOT = iphoneos;
				TARGETED_DEVICE_FAMILY = "1,2";
			};
			name = Debug;
		};
		FC377060CB0D9F524CFDEE6A /* Release */ = {
			isa = XCBuildConfiguration;
			buildSettings = {
				ASSETCATALOG_COMPILER_APPICON_NAME = AppIcon;
				CODE_SIGN_ENTITLEMENTS = DoomCodeCompanion/Resources/DoomCodeCompanion.Release.entitlements;
				CODE_SIGN_IDENTITY = "iPhone Developer";
				INFOPLIST_FILE = DoomCodeCompanion/Resources/Info.plist;
				INFOPLIST_KEY_UILaunchScreen_Generation = YES;
				LD_RUNPATH_SEARCH_PATHS = (
					"$(inherited)",
					"@executable_path/Frameworks",
				);
				PRODUCT_BUNDLE_IDENTIFIER = com.doomcoder.app.companion;
				PROVISIONING_PROFILE_SPECIFIER = "DoomCoder Companion AppStore";
				SDKROOT = iphoneos;
				TARGETED_DEVICE_FAMILY = "1,2";
			};
			name = Release;
		};
/* End XCBuildConfiguration section */

/* Begin XCConfigurationList section */
		2A9600763B0FDAC72FCECEC6 /* Build configuration list for PBXNativeTarget "DoomCodeCompanion" */ = {
			isa = XCConfigurationList;
			buildConfigurations = (
				BC8CD3196D36767B979A582F /* Debug */,
				FC377060CB0D9F524CFDEE6A /* Release */,
			);
			defaultConfigurationIsVisible = 0;
			defaultConfigurationName = Debug;
		};
		47CC73E3F3D837A810FE26B9 /* Build configuration list for PBXNativeTarget "NotificationService" */ = {
			isa = XCConfigurationList;
			buildConfigurations = (
				F1D6935E6EF391715DCE0082 /* Debug */,
				56C08A6DC123F0A07CF3BCCD /* Release */,
			);
			defaultConfigurationIsVisible = 0;
			defaultConfigurationName = Debug;
		};
		777FCD3A11442D4A72D0FE75 /* Build configuration list for PBXProject "DoomCodeCompanion" */ = {
			isa = XCConfigurationList;
			buildConfigurations = (
				6838EE44761F6906E4BC9C8D /* Debug */,
				3605CCCD36494F2DA19675D3 /* Release */,
			);
			defaultConfigurationIsVisible = 0;
			defaultConfigurationName = Debug;
		};
/* End XCConfigurationList section */

/* Begin XCLocalSwiftPackageReference section */
		40B68AABAF10200BD8821CE0 /* XCLocalSwiftPackageReference "../Packages/DoomCodeCore" */ = {
			isa = XCLocalSwiftPackageReference;
			relativePath = ../Packages/DoomCodeCore;
		};
/* End XCLocalSwiftPackageReference section */

/* Begin XCSwiftPackageProductDependency section */
		85DF0A8CA1FB0C3F35B427E0 /* DoomCodeCore */ = {
			isa = XCSwiftPackageProductDependency;
			productName = DoomCodeCore;
		};
		CE19BA5B137F2C8D5282CEC6 /* DoomCodeCore */ = {
			isa = XCSwiftPackageProductDependency;
			productName = DoomCodeCore;
		};
/* End XCSwiftPackageProductDependency section */
	};
	rootObject = 941CB1394BD1482C55A92524 /* Project object */;
}
