// !$*UTF8*$!
{
	archiveVersion = 1;
	classes = {
	};
	objectVersion = 77;
	objects = {

/* Begin PBXBuildFile section */
		0172B88065D3C0FAED0CEEF4 /* agent-claude.png in Resources */ = {isa = PBXBuildFile; fileRef = 470093697F24E3D64AA4301B /* agent-claude.png */; };
		0F1D20AD22DF41A54B9332A6 /* NoteReminderScheduler.swift in Sources */ = {isa = PBXBuildFile; fileRef = 06502C320EF789295E113F9F /* NoteReminderScheduler.swift */; };
		13080AA8AC50EB8EC7B7CE3F /* DoomCoderCore in Frameworks */ = {isa = PBXBuildFile; productRef = 9B4038EC43DC5D6E9E65F27D /* DoomCoderCore */; };
		14866413498DF0A081940CC8 /* NotificationPermissionCenter.swift in Sources */ = {isa = PBXBuildFile; fileRef = 014D67966B06D26C6810D338 /* NotificationPermissionCenter.swift */; };
		1B52116D11655D1CABC1D3AE /* MacReachabilityBanner.swift in Sources */ = {isa = PBXBuildFile; fileRef = 15BA134FFD25DB4659BAE24C /* MacReachabilityBanner.swift */; };
		21194123A25BC048EAA1FEF6 /* PromptStore.swift in Sources */ = {isa = PBXBuildFile; fileRef = 8522051EBB94D0FAC89D4D85 /* PromptStore.swift */; };
		2203CEAF31C04E97C2F12EA6 /* Haptics.swift in Sources */ = {isa = PBXBuildFile; fileRef = D8DEE8563E810CC992559FA8 /* Haptics.swift */; };
		2CFB101619C31E228A00B21E /* ConnectFlowView.swift in Sources */ = {isa = PBXBuildFile; fileRef = DF9D0E89B814FD558C0A03CB /* ConnectFlowView.swift */; };
		3139E5D1B91CCAD0DF7B082F /* RootTabView.swift in Sources */ = {isa = PBXBuildFile; fileRef = 16A67B01FA77C05717991E37 /* RootTabView.swift */; };
		4A632DAA4A204A3B1895EE11 /* agent-vscode.png in Resources */ = {isa = PBXBuildFile; fileRef = 2856CC3CE02D862C486B495A /* agent-vscode.png */; };
		4AEDC090C422B825D22DAB9A /* ConversationStore.swift in Sources */ = {isa = PBXBuildFile; fileRef = 97C9DB6533B760A3ED679723 /* ConversationStore.swift */; };
		4B93311EB1D4E57AD4EFFAE4 /* JSONFileStore.swift in Sources */ = {isa = PBXBuildFile; fileRef = 5ED5A3BFB2B112F342D7F244 /* JSONFileStore.swift */; };
		530E653C39D0A0103CDD6D9E /* AppGroupCache.swift in Sources */ = {isa = PBXBuildFile; fileRef = 662F77F68847FCD3D1555C97 /* AppGroupCache.swift */; };
		55AD1363C0F52426D54D032D /* CompanionApp.swift in Sources */ = {isa = PBXBuildFile; fileRef = E5AFCB5FF453AA69903FC666 /* CompanionApp.swift */; };
		55ED3C044EED519BD2F5E236 /* AppRouter.swift in Sources */ = {isa = PBXBuildFile; fileRef = 8F2D99D6FC3BBAEA7BBB4377 /* AppRouter.swift */; };
		5FE8C9785C697026D15BCDE8 /* DemoView.swift in Sources */ = {isa = PBXBuildFile; fileRef = 989306766B1ED48EB7EF7A00 /* DemoView.swift */; };
		653506D5B5B8468A7E91F1EB /* Stores.swift in Sources */ = {isa = PBXBuildFile; fileRef = 577E6F8848446B47EA914860 /* Stores.swift */; };
		67B76C43DEBEB404BC71B115 /* AgentLogsView.swift in Sources */ = {isa = PBXBuildFile; fileRef = AD9392DB3081F0376202563D /* AgentLogsView.swift */; };
		7FCDC44AB94F26BDBFC10638 /* NotesView.swift in Sources */ = {isa = PBXBuildFile; fileRef = 75D9CEB3C8428B662C6D8FDA /* NotesView.swift */; };
		8203D5C8E27A07CCA8A80CA4 /* FoundationModels.framework in Frameworks */ = {isa = PBXBuildFile; fileRef = 5F39E1FCBF696C55142140DC /* FoundationModels.framework */; settings = {ATTRIBUTES = (Weak, ); }; };
		82C002BB8A77FBCC3C1F21F1 /* NotesStore.swift in Sources */ = {isa = PBXBuildFile; fileRef = 0ACADDDFB3E8168E10965A22 /* NotesStore.swift */; };
		8791789AFFA7ADEA3856FD3F /* DashboardView.swift in Sources */ = {isa = PBXBuildFile; fileRef = 4A8607336CA377C7808F0A44 /* DashboardView.swift */; };
		895632B1F3DC7257766878BA /* WelcomeView.swift in Sources */ = {isa = PBXBuildFile; fileRef = 92946470387A0FC606BDBF2B /* WelcomeView.swift */; };
		8D9A0BCD628E3B2A3E641290 /* AgentListView.swift in Sources */ = {isa = PBXBuildFile; fileRef = D5438EF22279E9DB76674AE2 /* AgentListView.swift */; };
		92DC98D7E394C60ED12FBDBA /* LocalStore.swift in Sources */ = {isa = PBXBuildFile; fileRef = A0025197E0D983F81144F468 /* LocalStore.swift */; };
		9A60B782EEA5AE1A90A470CC /* NotificationService.swift in Sources */ = {isa = PBXBuildFile; fileRef = 9FB9C264096018D7F1530EB0 /* NotificationService.swift */; };
		A5E8EF7CEBC0B76750929D63 /* AppGroupCache.swift in Sources */ = {isa = PBXBuildFile; fileRef = 662F77F68847FCD3D1555C97 /* AppGroupCache.swift */; };
		AE7144B76C392F294F28C282 /* SettingsView.swift in Sources */ = {isa = PBXBuildFile; fileRef = D27DA3B07FBBD1CDD34870E3 /* SettingsView.swift */; };
		B054781A5CE5190EA5C50A29 /* agent-codex.png in Resources */ = {isa = PBXBuildFile; fileRef = 7B3DA47E07E508898039DB89 /* agent-codex.png */; };
		B87084239BB62CDDF5387361 /* NotificationService.appex in Embed Foundation Extensions */ = {isa = PBXBuildFile; fileRef = ED52275E7367F2AB4E383199 /* NotificationService.appex */; settings = {ATTRIBUTES = (RemoveHeadersOnCopy, ); }; };
		BEAD612E3C4A8403349E54D1 /* PrivacyInfo.xcprivacy in Resources */ = {isa = PBXBuildFile; fileRef = F70D6E9B6728EEC747E125F4 /* PrivacyInfo.xcprivacy */; };
		BFC889543E4CBE92A36E2B75 /* MacControlView.swift in Sources */ = {isa = PBXBuildFile; fileRef = C5B9DE90A2213084C9D99462 /* MacControlView.swift */; };
		BFFC28F060F2A7CCC2B4A6AC /* EmptyStateView.swift in Sources */ = {isa = PBXBuildFile; fileRef = 53232581AADB8C337671BB09 /* EmptyStateView.swift */; };
		C454F8A9D858B87680B15C02 /* DoomCoderCore in Frameworks */ = {isa = PBXBuildFile; productRef = C8C6B66E763641B3CB2A309A /* DoomCoderCore */; };
		C82290D0589BA1DAF39B2912 /* SyncDiagnosticsView.swift in Sources */ = {isa = PBXBuildFile; fileRef = E3DBB7B59C4C0990457EDC2B /* SyncDiagnosticsView.swift */; };
		D0BB7E1FE80FDC66B216818A /* SharedToolUI.swift in Sources */ = {isa = PBXBuildFile; fileRef = F5E5EA84FEC8E064AC203824 /* SharedToolUI.swift */; };
		D636B6479C595F7C776E1639 /* Assets.xcassets in Resources */ = {isa = PBXBuildFile; fileRef = A001013B397C1A86AA65F66F /* Assets.xcassets */; };
		DC712F2C916F559E832D5968 /* agent-cursor.png in Resources */ = {isa = PBXBuildFile; fileRef = F2A6A15B1B99782A1B051D4F /* agent-cursor.png */; };
		DCF5CC9FFFF6E45EC75D8108 /* agent-windsurf.png in Resources */ = {isa = PBXBuildFile; fileRef = D42A950F8FBAE606B73CCCC8 /* agent-windsurf.png */; };
		DE3BC7A18DE362080C7EFCCA /* AppDelegate.swift in Sources */ = {isa = PBXBuildFile; fileRef = C1FD10F71AB58F8526779A2D /* AppDelegate.swift */; };
		E026D85627FC6B3EAFCC4E04 /* PrivacyInfo.xcprivacy in Resources */ = {isa = PBXBuildFile; fileRef = 243D6369BF4BE9F7FDB95F20 /* PrivacyInfo.xcprivacy */; };
		EAF537463ECA255310544B62 /* agent-copilot-cli.png in Resources */ = {isa = PBXBuildFile; fileRef = 6778F62A3224B31F7E6AD001 /* agent-copilot-cli.png */; };
		EC9C04C07674F3D17024BCD2 /* CompanionSyncEngine.swift in Sources */ = {isa = PBXBuildFile; fileRef = 12088E8E80C4EE1E3F689855 /* CompanionSyncEngine.swift */; };
		F6299C97BC5B1466FF4F60E0 /* PromptsView.swift in Sources */ = {isa = PBXBuildFile; fileRef = 50439D8C1B55D096C946D56C /* PromptsView.swift */; };
		F738F859CF61C3122A1598E4 /* AgentIconFetcher.swift in Sources */ = {isa = PBXBuildFile; fileRef = 84F0362D4080511605EBD81F /* AgentIconFetcher.swift */; };
/* End PBXBuildFile section */

/* Begin PBXContainerItemProxy section */
		6B7B422AAA670D380F1BB140 /* PBXContainerItemProxy */ = {
			isa = PBXContainerItemProxy;
			containerPortal = 5DB0BDACEEF368302BE93D32 /* Project object */;
			proxyType = 1;
			remoteGlobalIDString = 600AA6DF4FC227DACD8A3A97;
			remoteInfo = NotificationService;
		};
/* End PBXContainerItemProxy section */

/* Begin PBXCopyFilesBuildPhase section */
		7F7957ED0A9CB0C51FAD44B2 /* Embed Foundation Extensions */ = {
			isa = PBXCopyFilesBuildPhase;
			buildActionMask = 2147483647;
			dstPath = "";
			dstSubfolderSpec = 13;
			files = (
				B87084239BB62CDDF5387361 /* NotificationService.appex in Embed Foundation Extensions */,
			);
			name = "Embed Foundation Extensions";
			runOnlyForDeploymentPostprocessing = 0;
		};
/* End PBXCopyFilesBuildPhase section */

/* Begin PBXFileReference section */
		014D67966B06D26C6810D338 /* NotificationPermissionCenter.swift */ = {isa = PBXFileReference; lastKnownFileType = sourcecode.swift; path = NotificationPermissionCenter.swift; sourceTree = "<group>"; };
		06502C320EF789295E113F9F /* NoteReminderScheduler.swift */ = {isa = PBXFileReference; lastKnownFileType = sourcecode.swift; path = NoteReminderScheduler.swift; sourceTree = "<group>"; };
		0ACADDDFB3E8168E10965A22 /* NotesStore.swift */ = {isa = PBXFileReference; lastKnownFileType = sourcecode.swift; path = NotesStore.swift; sourceTree = "<group>"; };
		12088E8E80C4EE1E3F689855 /* CompanionSyncEngine.swift */ = {isa = PBXFileReference; lastKnownFileType = sourcecode.swift; path = CompanionSyncEngine.swift; sourceTree = "<group>"; };
		15BA134FFD25DB4659BAE24C /* MacReachabilityBanner.swift */ = {isa = PBXFileReference; lastKnownFileType = sourcecode.swift; path = MacReachabilityBanner.swift; sourceTree = "<group>"; };
		16A67B01FA77C05717991E37 /* RootTabView.swift */ = {isa = PBXFileReference; lastKnownFileType = sourcecode.swift; path = RootTabView.swift; sourceTree = "<group>"; };
		1C662A3110C402306A4D04C5 /* DoomCoderCore */ = {isa = PBXFileReference; lastKnownFileType = folder; name = DoomCoderCore; path = ../Packages/DoomCoderCore; sourceTree = SOURCE_ROOT; };
		243D6369BF4BE9F7FDB95F20 /* PrivacyInfo.xcprivacy */ = {isa = PBXFileReference; path = PrivacyInfo.xcprivacy; sourceTree = "<group>"; };
		2856CC3CE02D862C486B495A /* agent-vscode.png */ = {isa = PBXFileReference; lastKnownFileType = image.png; path = "agent-vscode.png"; sourceTree = "<group>"; };
		470093697F24E3D64AA4301B /* agent-claude.png */ = {isa = PBXFileReference; lastKnownFileType = image.png; path = "agent-claude.png"; sourceTree = "<group>"; };
		4A8607336CA377C7808F0A44 /* DashboardView.swift */ = {isa = PBXFileReference; lastKnownFileType = sourcecode.swift; path = DashboardView.swift; sourceTree = "<group>"; };
		50439D8C1B55D096C946D56C /* PromptsView.swift */ = {isa = PBXFileReference; lastKnownFileType = sourcecode.swift; path = PromptsView.swift; sourceTree = "<group>"; };
		53232581AADB8C337671BB09 /* EmptyStateView.swift */ = {isa = PBXFileReference; lastKnownFileType = sourcecode.swift; path = EmptyStateView.swift; sourceTree = "<group>"; };
		577E6F8848446B47EA914860 /* Stores.swift */ = {isa = PBXFileReference; lastKnownFileType = sourcecode.swift; path = Stores.swift; sourceTree = "<group>"; };
		5ED5A3BFB2B112F342D7F244 /* JSONFileStore.swift */ = {isa = PBXFileReference; lastKnownFileType = sourcecode.swift; path = JSONFileStore.swift; sourceTree = "<group>"; };
		5F39E1FCBF696C55142140DC /* FoundationModels.framework */ = {isa = PBXFileReference; lastKnownFileType = wrapper.framework; name = FoundationModels.framework; path = System/Library/Frameworks/FoundationModels.framework; sourceTree = SDKROOT; };
		662F77F68847FCD3D1555C97 /* AppGroupCache.swift */ = {isa = PBXFileReference; lastKnownFileType = sourcecode.swift; path = AppGroupCache.swift; sourceTree = "<group>"; };
		6778F62A3224B31F7E6AD001 /* agent-copilot-cli.png */ = {isa = PBXFileReference; lastKnownFileType = image.png; path = "agent-copilot-cli.png"; sourceTree = "<group>"; };
		75D9CEB3C8428B662C6D8FDA /* NotesView.swift */ = {isa = PBXFileReference; lastKnownFileType = sourcecode.swift; path = NotesView.swift; sourceTree = "<group>"; };
		7B3DA47E07E508898039DB89 /* agent-codex.png */ = {isa = PBXFileReference; lastKnownFileType = image.png; path = "agent-codex.png"; sourceTree = "<group>"; };
		84F0362D4080511605EBD81F /* AgentIconFetcher.swift */ = {isa = PBXFileReference; lastKnownFileType = sourcecode.swift; path = AgentIconFetcher.swift; sourceTree = "<group>"; };
		8522051EBB94D0FAC89D4D85 /* PromptStore.swift */ = {isa = PBXFileReference; lastKnownFileType = sourcecode.swift; path = PromptStore.swift; sourceTree = "<group>"; };
		8F2D99D6FC3BBAEA7BBB4377 /* AppRouter.swift */ = {isa = PBXFileReference; lastKnownFileType = sourcecode.swift; path = AppRouter.swift; sourceTree = "<group>"; };
		92946470387A0FC606BDBF2B /* WelcomeView.swift */ = {isa = PBXFileReference; lastKnownFileType = sourcecode.swift; path = WelcomeView.swift; sourceTree = "<group>"; };
		97C9DB6533B760A3ED679723 /* ConversationStore.swift */ = {isa = PBXFileReference; lastKnownFileType = sourcecode.swift; path = ConversationStore.swift; sourceTree = "<group>"; };
		989306766B1ED48EB7EF7A00 /* DemoView.swift */ = {isa = PBXFileReference; lastKnownFileType = sourcecode.swift; path = DemoView.swift; sourceTree = "<group>"; };
		9FB9C264096018D7F1530EB0 /* NotificationService.swift */ = {isa = PBXFileReference; lastKnownFileType = sourcecode.swift; path = NotificationService.swift; sourceTree = "<group>"; };
		A001013B397C1A86AA65F66F /* Assets.xcassets */ = {isa = PBXFileReference; lastKnownFileType = folder.assetcatalog; path = Assets.xcassets; sourceTree = "<group>"; };
		A0025197E0D983F81144F468 /* LocalStore.swift */ = {isa = PBXFileReference; lastKnownFileType = sourcecode.swift; path = LocalStore.swift; sourceTree = "<group>"; };
		AD9392DB3081F0376202563D /* AgentLogsView.swift */ = {isa = PBXFileReference; lastKnownFileType = sourcecode.swift; path = AgentLogsView.swift; sourceTree = "<group>"; };
		B4CCC40290EB871ECB7D9D14 /* DoomCoderCompanion.app */ = {isa = PBXFileReference; includeInIndex = 0; lastKnownFileType = wrapper.application; path = DoomCoderCompanion.app; sourceTree = BUILT_PRODUCTS_DIR; };
		C1FD10F71AB58F8526779A2D /* AppDelegate.swift */ = {isa = PBXFileReference; lastKnownFileType = sourcecode.swift; path = AppDelegate.swift; sourceTree = "<group>"; };
		C5B9DE90A2213084C9D99462 /* MacControlView.swift */ = {isa = PBXFileReference; lastKnownFileType = sourcecode.swift; path = MacControlView.swift; sourceTree = "<group>"; };
		D27DA3B07FBBD1CDD34870E3 /* SettingsView.swift */ = {isa = PBXFileReference; lastKnownFileType = sourcecode.swift; path = SettingsView.swift; sourceTree = "<group>"; };
		D42A950F8FBAE606B73CCCC8 /* agent-windsurf.png */ = {isa = PBXFileReference; lastKnownFileType = image.png; path = "agent-windsurf.png"; sourceTree = "<group>"; };
		D5438EF22279E9DB76674AE2 /* AgentListView.swift */ = {isa = PBXFileReference; lastKnownFileType = sourcecode.swift; path = AgentListView.swift; sourceTree = "<group>"; };
		D8DEE8563E810CC992559FA8 /* Haptics.swift */ = {isa = PBXFileReference; lastKnownFileType = sourcecode.swift; path = Haptics.swift; sourceTree = "<group>"; };
		DF9D0E89B814FD558C0A03CB /* ConnectFlowView.swift */ = {isa = PBXFileReference; lastKnownFileType = sourcecode.swift; path = ConnectFlowView.swift; sourceTree = "<group>"; };
		E3DBB7B59C4C0990457EDC2B /* SyncDiagnosticsView.swift */ = {isa = PBXFileReference; lastKnownFileType = sourcecode.swift; path = SyncDiagnosticsView.swift; sourceTree = "<group>"; };
		E5AFCB5FF453AA69903FC666 /* CompanionApp.swift */ = {isa = PBXFileReference; lastKnownFileType = sourcecode.swift; path = CompanionApp.swift; sourceTree = "<group>"; };
		ED52275E7367F2AB4E383199 /* NotificationService.appex */ = {isa = PBXFileReference; includeInIndex = 0; lastKnownFileType = "wrapper.app-extension"; path = NotificationService.appex; sourceTree = BUILT_PRODUCTS_DIR; };
		F2A6A15B1B99782A1B051D4F /* agent-cursor.png */ = {isa = PBXFileReference; lastKnownFileType = image.png; path = "agent-cursor.png"; sourceTree = "<group>"; };
		F5E5EA84FEC8E064AC203824 /* SharedToolUI.swift */ = {isa = PBXFileReference; lastKnownFileType = sourcecode.swift; path = SharedToolUI.swift; sourceTree = "<group>"; };
		F70D6E9B6728EEC747E125F4 /* PrivacyInfo.xcprivacy */ = {isa = PBXFileReference; path = PrivacyInfo.xcprivacy; sourceTree = "<group>"; };
/* End PBXFileReference section */

/* Begin PBXFrameworksBuildPhase section */
		3FF653494E92A1302B8E8EDE /* Frameworks */ = {
			isa = PBXFrameworksBuildPhase;
			buildActionMask = 2147483647;
			files = (
				13080AA8AC50EB8EC7B7CE3F /* DoomCoderCore in Frameworks */,
				8203D5C8E27A07CCA8A80CA4 /* FoundationModels.framework in Frameworks */,
			);
			runOnlyForDeploymentPostprocessing = 0;
		};
		E4B407D28D1F9817DFDE0E8A /* Frameworks */ = {
			isa = PBXFrameworksBuildPhase;
			buildActionMask = 2147483647;
			files = (
				C454F8A9D858B87680B15C02 /* DoomCoderCore in Frameworks */,
			);
			runOnlyForDeploymentPostprocessing = 0;
		};
/* End PBXFrameworksBuildPhase section */

/* Begin PBXGroup section */
		0B6CAC8EED9A67581D85FD42 /* Resources */ = {
			isa = PBXGroup;
			children = (
				A001013B397C1A86AA65F66F /* Assets.xcassets */,
				243D6369BF4BE9F7FDB95F20 /* PrivacyInfo.xcprivacy */,
			);
			path = Resources;
			sourceTree = "<group>";
		};
		15E5E5FA5AA003A06BD185E8 /* agent-icons */ = {
			isa = PBXGroup;
			children = (
				470093697F24E3D64AA4301B /* agent-claude.png */,
				7B3DA47E07E508898039DB89 /* agent-codex.png */,
				6778F62A3224B31F7E6AD001 /* agent-copilot-cli.png */,
				F2A6A15B1B99782A1B051D4F /* agent-cursor.png */,
				2856CC3CE02D862C486B495A /* agent-vscode.png */,
				D42A950F8FBAE606B73CCCC8 /* agent-windsurf.png */,
			);
			path = "agent-icons";
			sourceTree = "<group>";
		};
		27F209A4B595551810DF511E /* App */ = {
			isa = PBXGroup;
			children = (
				C1FD10F71AB58F8526779A2D /* AppDelegate.swift */,
				8F2D99D6FC3BBAEA7BBB4377 /* AppRouter.swift */,
				E5AFCB5FF453AA69903FC666 /* CompanionApp.swift */,
			);
			path = App;
			sourceTree = "<group>";
		};
		489681630C03E02902A9CF4F /* Sync */ = {
			isa = PBXGroup;
			children = (
				84F0362D4080511605EBD81F /* AgentIconFetcher.swift */,
				12088E8E80C4EE1E3F689855 /* CompanionSyncEngine.swift */,
			);
			path = Sync;
			sourceTree = "<group>";
		};
		48AE771CCA9CD86CD0B1A833 /* Tools */ = {
			isa = PBXGroup;
			children = (
				AAC3F52D36D353A9A05B1384 /* Stores */,
				DD308AAF8F3392AE7FDF1DA6 /* Views */,
			);
			path = Tools;
			sourceTree = "<group>";
		};
		55A68F968B1EF6ED13C07442 /* Stores */ = {
			isa = PBXGroup;
			children = (
				A0025197E0D983F81144F468 /* LocalStore.swift */,
				014D67966B06D26C6810D338 /* NotificationPermissionCenter.swift */,
				577E6F8848446B47EA914860 /* Stores.swift */,
			);
			path = Stores;
			sourceTree = "<group>";
		};
		56ABB5C5A56B66E3F46A7CC9 /* UI */ = {
			isa = PBXGroup;
			children = (
				D5438EF22279E9DB76674AE2 /* AgentListView.swift */,
				AD9392DB3081F0376202563D /* AgentLogsView.swift */,
				DF9D0E89B814FD558C0A03CB /* ConnectFlowView.swift */,
				989306766B1ED48EB7EF7A00 /* DemoView.swift */,
				53232581AADB8C337671BB09 /* EmptyStateView.swift */,
				D8DEE8563E810CC992559FA8 /* Haptics.swift */,
				C5B9DE90A2213084C9D99462 /* MacControlView.swift */,
				15BA134FFD25DB4659BAE24C /* MacReachabilityBanner.swift */,
				16A67B01FA77C05717991E37 /* RootTabView.swift */,
				D27DA3B07FBBD1CDD34870E3 /* SettingsView.swift */,
				E3DBB7B59C4C0990457EDC2B /* SyncDiagnosticsView.swift */,
				92946470387A0FC606BDBF2B /* WelcomeView.swift */,
			);
			path = UI;
			sourceTree = "<group>";
		};
		6A2F6CDDE4E9A8D29D1C3F71 = {
			isa = PBXGroup;
			children = (
				E7BDC654EB7A7B8A4B5DF6EF /* DoomCoderCompanion */,
				7D0960EF81C31CAEDD2AAFA0 /* NotificationService */,
				EFDB511A7CB2F0D6945D059D /* Packages */,
				F12A2E1EB0FDDF7A0DC344D6 /* SharedCache */,
				E6FB28F76B0E3F29FEF29017 /* Frameworks */,
				B137F1E190C475B8D7351A1E /* Products */,
			);
			sourceTree = "<group>";
		};
		7D0960EF81C31CAEDD2AAFA0 /* NotificationService */ = {
			isa = PBXGroup;
			children = (
				8A79C473BC391B79685456EA /* Resources */,
				9FB9C264096018D7F1530EB0 /* NotificationService.swift */,
				F70D6E9B6728EEC747E125F4 /* PrivacyInfo.xcprivacy */,
			);
			path = NotificationService;
			sourceTree = "<group>";
		};
		8A79C473BC391B79685456EA /* Resources */ = {
			isa = PBXGroup;
			children = (
				15E5E5FA5AA003A06BD185E8 /* agent-icons */,
			);
			path = Resources;
			sourceTree = "<group>";
		};
		AAC3F52D36D353A9A05B1384 /* Stores */ = {
			isa = PBXGroup;
			children = (
				97C9DB6533B760A3ED679723 /* ConversationStore.swift */,
				5ED5A3BFB2B112F342D7F244 /* JSONFileStore.swift */,
				06502C320EF789295E113F9F /* NoteReminderScheduler.swift */,
				0ACADDDFB3E8168E10965A22 /* NotesStore.swift */,
				8522051EBB94D0FAC89D4D85 /* PromptStore.swift */,
			);
			path = Stores;
			sourceTree = "<group>";
		};
		B137F1E190C475B8D7351A1E /* Products */ = {
			isa = PBXGroup;
			children = (
				B4CCC40290EB871ECB7D9D14 /* DoomCoderCompanion.app */,
				ED52275E7367F2AB4E383199 /* NotificationService.appex */,
			);
			name = Products;
			sourceTree = "<group>";
		};
		DD308AAF8F3392AE7FDF1DA6 /* Views */ = {
			isa = PBXGroup;
			children = (
				4A8607336CA377C7808F0A44 /* DashboardView.swift */,
				75D9CEB3C8428B662C6D8FDA /* NotesView.swift */,
				50439D8C1B55D096C946D56C /* PromptsView.swift */,
				F5E5EA84FEC8E064AC203824 /* SharedToolUI.swift */,
			);
			path = Views;
			sourceTree = "<group>";
		};
		E6FB28F76B0E3F29FEF29017 /* Frameworks */ = {
			isa = PBXGroup;
			children = (
				5F39E1FCBF696C55142140DC /* FoundationModels.framework */,
			);
			name = Frameworks;
			sourceTree = "<group>";
		};
		E7BDC654EB7A7B8A4B5DF6EF /* DoomCoderCompanion */ = {
			isa = PBXGroup;
			children = (
				27F209A4B595551810DF511E /* App */,
				0B6CAC8EED9A67581D85FD42 /* Resources */,
				55A68F968B1EF6ED13C07442 /* Stores */,
				489681630C03E02902A9CF4F /* Sync */,
				48AE771CCA9CD86CD0B1A833 /* Tools */,
				56ABB5C5A56B66E3F46A7CC9 /* UI */,
			);
			path = DoomCoderCompanion;
			sourceTree = "<group>";
		};
		EFDB511A7CB2F0D6945D059D /* Packages */ = {
			isa = PBXGroup;
			children = (
				1C662A3110C402306A4D04C5 /* DoomCoderCore */,
			);
			name = Packages;
			sourceTree = "<group>";
		};
		F12A2E1EB0FDDF7A0DC344D6 /* SharedCache */ = {
			isa = PBXGroup;
			children = (
				662F77F68847FCD3D1555C97 /* AppGroupCache.swift */,
			);
			path = SharedCache;
			sourceTree = "<group>";
		};
/* End PBXGroup section */

/* Begin PBXNativeTarget section */
		600AA6DF4FC227DACD8A3A97 /* NotificationService */ = {
			isa = PBXNativeTarget;
			buildConfigurationList = 9E24D8CBB1330300A76E5EDE /* Build configuration list for PBXNativeTarget "NotificationService" */;
			buildPhases = (
				0289F8ACA19552DF556E2DC8 /* Sources */,
				265EA63450CB361EA702E5FD /* Resources */,
				E4B407D28D1F9817DFDE0E8A /* Frameworks */,
			);
			buildRules = (
			);
			dependencies = (
			);
			name = NotificationService;
			packageProductDependencies = (
				C8C6B66E763641B3CB2A309A /* DoomCoderCore */,
			);
			productName = NotificationService;
			productReference = ED52275E7367F2AB4E383199 /* NotificationService.appex */;
			productType = "com.apple.product-type.app-extension";
		};
		A0BC412897681E06A3545048 /* DoomCoderCompanion */ = {
			isa = PBXNativeTarget;
			buildConfigurationList = 64AE8A723725518B1B5A30E4 /* Build configuration list for PBXNativeTarget "DoomCoderCompanion" */;
			buildPhases = (
				7B2052A444961CBD3E79F5C6 /* Sources */,
				069A59A057D5870A5829E106 /* Resources */,
				3FF653494E92A1302B8E8EDE /* Frameworks */,
				7F7957ED0A9CB0C51FAD44B2 /* Embed Foundation Extensions */,
			);
			buildRules = (
			);
			dependencies = (
				A26847CF7EA6F78BDA449D86 /* PBXTargetDependency */,
			);
			name = DoomCoderCompanion;
			packageProductDependencies = (
				9B4038EC43DC5D6E9E65F27D /* DoomCoderCore */,
			);
			productName = DoomCoderCompanion;
			productReference = B4CCC40290EB871ECB7D9D14 /* DoomCoderCompanion.app */;
			productType = "com.apple.product-type.application";
		};
/* End PBXNativeTarget section */

/* Begin PBXProject section */
		5DB0BDACEEF368302BE93D32 /* Project object */ = {
			isa = PBXProject;
			attributes = {
				BuildIndependentTargetsInParallel = YES;
				LastUpgradeCheck = 1430;
				TargetAttributes = {
					600AA6DF4FC227DACD8A3A97 = {
						DevelopmentTeam = A9P2388PHM;
						ProvisioningStyle = Automatic;
					};
					A0BC412897681E06A3545048 = {
						DevelopmentTeam = A9P2388PHM;
						ProvisioningStyle = Automatic;
					};
				};
			};
			buildConfigurationList = DC80DAA0E4B233AEA3F8D54D /* Build configuration list for PBXProject "DoomCoderCompanion" */;
			developmentRegion = en;
			hasScannedForEncodings = 0;
			knownRegions = (
				Base,
				en,
			);
			mainGroup = 6A2F6CDDE4E9A8D29D1C3F71;
			minimizedProjectReferenceProxies = 1;
			packageReferences = (
				F00EC00B286FA2A975C1962A /* XCLocalSwiftPackageReference "../Packages/DoomCoderCore" */,
			);
			preferredProjectObjectVersion = 77;
			productRefGroup = B137F1E190C475B8D7351A1E /* Products */;
			projectDirPath = "";
			projectRoot = "";
			targets = (
				A0BC412897681E06A3545048 /* DoomCoderCompanion */,
				600AA6DF4FC227DACD8A3A97 /* NotificationService */,
			);
		};
/* End PBXProject section */

/* Begin PBXResourcesBuildPhase section */
		069A59A057D5870A5829E106 /* Resources */ = {
			isa = PBXResourcesBuildPhase;
			buildActionMask = 2147483647;
			files = (
				D636B6479C595F7C776E1639 /* Assets.xcassets in Resources */,
				E026D85627FC6B3EAFCC4E04 /* PrivacyInfo.xcprivacy in Resources */,
			);
			runOnlyForDeploymentPostprocessing = 0;
		};
		265EA63450CB361EA702E5FD /* Resources */ = {
			isa = PBXResourcesBuildPhase;
			buildActionMask = 2147483647;
			files = (
				BEAD612E3C4A8403349E54D1 /* PrivacyInfo.xcprivacy in Resources */,
				0172B88065D3C0FAED0CEEF4 /* agent-claude.png in Resources */,
				B054781A5CE5190EA5C50A29 /* agent-codex.png in Resources */,
				EAF537463ECA255310544B62 /* agent-copilot-cli.png in Resources */,
				DC712F2C916F559E832D5968 /* agent-cursor.png in Resources */,
				4A632DAA4A204A3B1895EE11 /* agent-vscode.png in Resources */,
				DCF5CC9FFFF6E45EC75D8108 /* agent-windsurf.png in Resources */,
			);
			runOnlyForDeploymentPostprocessing = 0;
		};
/* End PBXResourcesBuildPhase section */

/* Begin PBXSourcesBuildPhase section */
		0289F8ACA19552DF556E2DC8 /* Sources */ = {
			isa = PBXSourcesBuildPhase;
			buildActionMask = 2147483647;
			files = (
				A5E8EF7CEBC0B76750929D63 /* AppGroupCache.swift in Sources */,
				9A60B782EEA5AE1A90A470CC /* NotificationService.swift in Sources */,
			);
			runOnlyForDeploymentPostprocessing = 0;
		};
		7B2052A444961CBD3E79F5C6 /* Sources */ = {
			isa = PBXSourcesBuildPhase;
			buildActionMask = 2147483647;
			files = (
				F738F859CF61C3122A1598E4 /* AgentIconFetcher.swift in Sources */,
				8D9A0BCD628E3B2A3E641290 /* AgentListView.swift in Sources */,
				67B76C43DEBEB404BC71B115 /* AgentLogsView.swift in Sources */,
				DE3BC7A18DE362080C7EFCCA /* AppDelegate.swift in Sources */,
				530E653C39D0A0103CDD6D9E /* AppGroupCache.swift in Sources */,
				55ED3C044EED519BD2F5E236 /* AppRouter.swift in Sources */,
				55AD1363C0F52426D54D032D /* CompanionApp.swift in Sources */,
				EC9C04C07674F3D17024BCD2 /* CompanionSyncEngine.swift in Sources */,
				2CFB101619C31E228A00B21E /* ConnectFlowView.swift in Sources */,
				4AEDC090C422B825D22DAB9A /* ConversationStore.swift in Sources */,
				8791789AFFA7ADEA3856FD3F /* DashboardView.swift in Sources */,
				5FE8C9785C697026D15BCDE8 /* DemoView.swift in Sources */,
				BFFC28F060F2A7CCC2B4A6AC /* EmptyStateView.swift in Sources */,
				2203CEAF31C04E97C2F12EA6 /* Haptics.swift in Sources */,
				4B93311EB1D4E57AD4EFFAE4 /* JSONFileStore.swift in Sources */,
				92DC98D7E394C60ED12FBDBA /* LocalStore.swift in Sources */,
				BFC889543E4CBE92A36E2B75 /* MacControlView.swift in Sources */,
				1B52116D11655D1CABC1D3AE /* MacReachabilityBanner.swift in Sources */,
				0F1D20AD22DF41A54B9332A6 /* NoteReminderScheduler.swift in Sources */,
				82C002BB8A77FBCC3C1F21F1 /* NotesStore.swift in Sources */,
				7FCDC44AB94F26BDBFC10638 /* NotesView.swift in Sources */,
				14866413498DF0A081940CC8 /* NotificationPermissionCenter.swift in Sources */,
				21194123A25BC048EAA1FEF6 /* PromptStore.swift in Sources */,
				F6299C97BC5B1466FF4F60E0 /* PromptsView.swift in Sources */,
				3139E5D1B91CCAD0DF7B082F /* RootTabView.swift in Sources */,
				AE7144B76C392F294F28C282 /* SettingsView.swift in Sources */,
				D0BB7E1FE80FDC66B216818A /* SharedToolUI.swift in Sources */,
				653506D5B5B8468A7E91F1EB /* Stores.swift in Sources */,
				C82290D0589BA1DAF39B2912 /* SyncDiagnosticsView.swift in Sources */,
				895632B1F3DC7257766878BA /* WelcomeView.swift in Sources */,
			);
			runOnlyForDeploymentPostprocessing = 0;
		};
/* End PBXSourcesBuildPhase section */

/* Begin PBXTargetDependency section */
		A26847CF7EA6F78BDA449D86 /* PBXTargetDependency */ = {
			isa = PBXTargetDependency;
			target = 600AA6DF4FC227DACD8A3A97 /* NotificationService */;
			targetProxy = 6B7B422AAA670D380F1BB140 /* PBXContainerItemProxy */;
		};
/* End PBXTargetDependency section */

/* Begin XCBuildConfiguration section */
		23D55A6FF6BA650F56D697E2 /* Debug */ = {
			isa = XCBuildConfiguration;
			buildSettings = {
				ASSETCATALOG_COMPILER_APPICON_NAME = AppIcon;
				CODE_SIGN_ENTITLEMENTS = DoomCoderCompanion/Resources/DoomCoderCompanion.entitlements;
				CODE_SIGN_IDENTITY = "iPhone Developer";
				INFOPLIST_FILE = DoomCoderCompanion/Resources/Info.plist;
				INFOPLIST_KEY_UILaunchScreen_Generation = YES;
				LD_RUNPATH_SEARCH_PATHS = (
					"$(inherited)",
					"@executable_path/Frameworks",
				);
				PRODUCT_BUNDLE_IDENTIFIER = com.doomcoder.app.companion;
				SDKROOT = iphoneos;
				TARGETED_DEVICE_FAMILY = "1,2";
			};
			name = Debug;
		};
		4F03EB235531227032B757AC /* Debug */ = {
			isa = XCBuildConfiguration;
			buildSettings = {
				CODE_SIGN_ENTITLEMENTS = NotificationService/NotificationService.entitlements;
				INFOPLIST_FILE = NotificationService/Info.plist;
				LD_RUNPATH_SEARCH_PATHS = (
					"$(inherited)",
					"@executable_path/Frameworks",
					"@executable_path/../../Frameworks",
				);
				PRODUCT_BUNDLE_IDENTIFIER = com.doomcoder.app.companion.NotificationService;
				SDKROOT = iphoneos;
				TARGETED_DEVICE_FAMILY = "1,2";
			};
			name = Debug;
		};
		5EDA8B3F768D55EE794875F2 /* Release */ = {
			isa = XCBuildConfiguration;
			buildSettings = {
				ALWAYS_SEARCH_USER_PATHS = NO;
				CLANG_ANALYZER_NONNULL = YES;
				CLANG_ANALYZER_NUMBER_OBJECT_CONVERSION = YES_AGGRESSIVE;
				CLANG_CXX_LANGUAGE_STANDARD = "gnu++14";
				CLANG_CXX_LIBRARY = "libc++";
				CLANG_ENABLE_MODULES = YES;
				CLANG_ENABLE_OBJC_ARC = YES;
				CLANG_ENABLE_OBJC_WEAK = YES;
				CLANG_WARN_BLOCK_CAPTURE_AUTORELEASING = YES;
				CLANG_WARN_BOOL_CONVERSION = YES;
				CLANG_WARN_COMMA = YES;
				CLANG_WARN_CONSTANT_CONVERSION = YES;
				CLANG_WARN_DEPRECATED_OBJC_IMPLEMENTATIONS = YES;
				CLANG_WARN_DIRECT_OBJC_ISA_USAGE = YES_ERROR;
				CLANG_WARN_DOCUMENTATION_COMMENTS = YES;
				CLANG_WARN_EMPTY_BODY = YES;
				CLANG_WARN_ENUM_CONVERSION = YES;
				CLANG_WARN_INFINITE_RECURSION = YES;
				CLANG_WARN_INT_CONVERSION = YES;
				CLANG_WARN_NON_LITERAL_NULL_CONVERSION = YES;
				CLANG_WARN_OBJC_IMPLICIT_RETAIN_SELF = YES;
				CLANG_WARN_OBJC_LITERAL_CONVERSION = YES;
				CLANG_WARN_OBJC_ROOT_CLASS = YES_ERROR;
				CLANG_WARN_QUOTED_INCLUDE_IN_FRAMEWORK_HEADER = YES;
				CLANG_WARN_RANGE_LOOP_ANALYSIS = YES;
				CLANG_WARN_STRICT_PROTOTYPES = YES;
				CLANG_WARN_SUSPICIOUS_MOVE = YES;
				CLANG_WARN_UNGUARDED_AVAILABILITY = YES_AGGRESSIVE;
				CLANG_WARN_UNREACHABLE_CODE = YES;
				CLANG_WARN__DUPLICATE_METHOD_MATCH = YES;
				CODE_SIGN_STYLE = Automatic;
				COPY_PHASE_STRIP = NO;
				CURRENT_PROJECT_VERSION = 12;
				DEBUG_INFORMATION_FORMAT = "dwarf-with-dsym";
				DEVELOPMENT_TEAM = A9P2388PHM;
				ENABLE_NS_ASSERTIONS = NO;
				ENABLE_STRICT_OBJC_MSGSEND = YES;
				ENABLE_USER_SCRIPT_SANDBOXING = YES;
				GCC_C_LANGUAGE_STANDARD = gnu11;
				GCC_NO_COMMON_BLOCKS = YES;
				GCC_WARN_64_TO_32_BIT_CONVERSION = YES;
				GCC_WARN_ABOUT_RETURN_TYPE = YES_ERROR;
				GCC_WARN_UNDECLARED_SELECTOR = YES;
				GCC_WARN_UNINITIALIZED_AUTOS = YES_AGGRESSIVE;
				GCC_WARN_UNUSED_FUNCTION = YES;
				GCC_WARN_UNUSED_VARIABLE = YES;
				IPHONEOS_DEPLOYMENT_TARGET = 26.0;
				MARKETING_VERSION = 2.7.0;
				MTL_ENABLE_DEBUG_INFO = NO;
				MTL_FAST_MATH = YES;
				OTHER_LDFLAGS = "$(inherited) -ObjC";
				PRODUCT_NAME = "$(TARGET_NAME)";
				SDKROOT = iphoneos;
				SWIFT_COMPILATION_MODE = wholemodule;
				SWIFT_OPTIMIZATION_LEVEL = "-O";
				SWIFT_STRICT_CONCURRENCY = complete;
				SWIFT_VERSION = 6.2;
			};
			name = Release;
		};
		86A51960145E2E366AADAE6D /* Release */ = {
			isa = XCBuildConfiguration;
			buildSettings = {
				ASSETCATALOG_COMPILER_APPICON_NAME = AppIcon;
				CODE_SIGN_ENTITLEMENTS = DoomCoderCompanion/Resources/DoomCoderCompanion.Release.entitlements;
				CODE_SIGN_IDENTITY = "iPhone Developer";
				INFOPLIST_FILE = DoomCoderCompanion/Resources/Info.plist;
				INFOPLIST_KEY_UILaunchScreen_Generation = YES;
				LD_RUNPATH_SEARCH_PATHS = (
					"$(inherited)",
					"@executable_path/Frameworks",
				);
				PRODUCT_BUNDLE_IDENTIFIER = com.doomcoder.app.companion;
				PROVISIONING_PROFILE_SPECIFIER = "DoomCoder Companion AppStore";
				SDKROOT = iphoneos;
				TARGETED_DEVICE_FAMILY = "1,2";
			};
			name = Release;
		};
		9B1E9E8345E42F5DB541BC77 /* Debug */ = {
			isa = XCBuildConfiguration;
			buildSettings = {
				ALWAYS_SEARCH_USER_PATHS = NO;
				CLANG_ANALYZER_NONNULL = YES;
				CLANG_ANALYZER_NUMBER_OBJECT_CONVERSION = YES_AGGRESSIVE;
				CLANG_CXX_LANGUAGE_STANDARD = "gnu++14";
				CLANG_CXX_LIBRARY = "libc++";
				CLANG_ENABLE_MODULES = YES;
				CLANG_ENABLE_OBJC_ARC = YES;
				CLANG_ENABLE_OBJC_WEAK = YES;
				CLANG_WARN_BLOCK_CAPTURE_AUTORELEASING = YES;
				CLANG_WARN_BOOL_CONVERSION = YES;
				CLANG_WARN_COMMA = YES;
				CLANG_WARN_CONSTANT_CONVERSION = YES;
				CLANG_WARN_DEPRECATED_OBJC_IMPLEMENTATIONS = YES;
				CLANG_WARN_DIRECT_OBJC_ISA_USAGE = YES_ERROR;
				CLANG_WARN_DOCUMENTATION_COMMENTS = YES;
				CLANG_WARN_EMPTY_BODY = YES;
				CLANG_WARN_ENUM_CONVERSION = YES;
				CLANG_WARN_INFINITE_RECURSION = YES;
				CLANG_WARN_INT_CONVERSION = YES;
				CLANG_WARN_NON_LITERAL_NULL_CONVERSION = YES;
				CLANG_WARN_OBJC_IMPLICIT_RETAIN_SELF = YES;
				CLANG_WARN_OBJC_LITERAL_CONVERSION = YES;
				CLANG_WARN_OBJC_ROOT_CLASS = YES_ERROR;
				CLANG_WARN_QUOTED_INCLUDE_IN_FRAMEWORK_HEADER = YES;
				CLANG_WARN_RANGE_LOOP_ANALYSIS = YES;
				CLANG_WARN_STRICT_PROTOTYPES = YES;
				CLANG_WARN_SUSPICIOUS_MOVE = YES;
				CLANG_WARN_UNGUARDED_AVAILABILITY = YES_AGGRESSIVE;
				CLANG_WARN_UNREACHABLE_CODE = YES;
				CLANG_WARN__DUPLICATE_METHOD_MATCH = YES;
				CODE_SIGN_STYLE = Automatic;
				COPY_PHASE_STRIP = NO;
				CURRENT_PROJECT_VERSION = 12;
				DEBUG_INFORMATION_FORMAT = dwarf;
				DEVELOPMENT_TEAM = A9P2388PHM;
				ENABLE_STRICT_OBJC_MSGSEND = YES;
				ENABLE_TESTABILITY = YES;
				ENABLE_USER_SCRIPT_SANDBOXING = YES;
				GCC_C_LANGUAGE_STANDARD = gnu11;
				GCC_DYNAMIC_NO_PIC = NO;
				GCC_NO_COMMON_BLOCKS = YES;
				GCC_OPTIMIZATION_LEVEL = 0;
				GCC_PREPROCESSOR_DEFINITIONS = (
					"$(inherited)",
					"DEBUG=1",
				);
				GCC_WARN_64_TO_32_BIT_CONVERSION = YES;
				GCC_WARN_ABOUT_RETURN_TYPE = YES_ERROR;
				GCC_WARN_UNDECLARED_SELECTOR = YES;
				GCC_WARN_UNINITIALIZED_AUTOS = YES_AGGRESSIVE;
				GCC_WARN_UNUSED_FUNCTION = YES;
				GCC_WARN_UNUSED_VARIABLE = YES;
				IPHONEOS_DEPLOYMENT_TARGET = 26.0;
				MARKETING_VERSION = 2.7.0;
				MTL_ENABLE_DEBUG_INFO = INCLUDE_SOURCE;
				MTL_FAST_MATH = YES;
				ONLY_ACTIVE_ARCH = YES;
				OTHER_LDFLAGS = "$(inherited) -ObjC";
				PRODUCT_NAME = "$(TARGET_NAME)";
				SDKROOT = iphoneos;
				SWIFT_ACTIVE_COMPILATION_CONDITIONS = DEBUG;
				SWIFT_OPTIMIZATION_LEVEL = "-Onone";
				SWIFT_STRICT_CONCURRENCY = complete;
				SWIFT_VERSION = 6.2;
			};
			name = Debug;
		};
		D75980304031608AF50B3FA5 /* Release */ = {
			isa = XCBuildConfiguration;
			buildSettings = {
				CODE_SIGN_ENTITLEMENTS = NotificationService/NotificationService.entitlements;
				INFOPLIST_FILE = NotificationService/Info.plist;
				LD_RUNPATH_SEARCH_PATHS = (
					"$(inherited)",
					"@executable_path/Frameworks",
					"@executable_path/../../Frameworks",
				);
				PRODUCT_BUNDLE_IDENTIFIER = com.doomcoder.app.companion.NotificationService;
				PROVISIONING_PROFILE_SPECIFIER = "DoomCoder Companion NS AppStore";
				SDKROOT = iphoneos;
				TARGETED_DEVICE_FAMILY = "1,2";
			};
			name = Release;
		};
/* End XCBuildConfiguration section */

/* Begin XCConfigurationList section */
		64AE8A723725518B1B5A30E4 /* Build configuration list for PBXNativeTarget "DoomCoderCompanion" */ = {
			isa = XCConfigurationList;
			buildConfigurations = (
				23D55A6FF6BA650F56D697E2 /* Debug */,
				86A51960145E2E366AADAE6D /* Release */,
			);
			defaultConfigurationIsVisible = 0;
			defaultConfigurationName = Debug;
		};
		9E24D8CBB1330300A76E5EDE /* Build configuration list for PBXNativeTarget "NotificationService" */ = {
			isa = XCConfigurationList;
			buildConfigurations = (
				4F03EB235531227032B757AC /* Debug */,
				D75980304031608AF50B3FA5 /* Release */,
			);
			defaultConfigurationIsVisible = 0;
			defaultConfigurationName = Debug;
		};
		DC80DAA0E4B233AEA3F8D54D /* Build configuration list for PBXProject "DoomCoderCompanion" */ = {
			isa = XCConfigurationList;
			buildConfigurations = (
				9B1E9E8345E42F5DB541BC77 /* Debug */,
				5EDA8B3F768D55EE794875F2 /* Release */,
			);
			defaultConfigurationIsVisible = 0;
			defaultConfigurationName = Debug;
		};
/* End XCConfigurationList section */

/* Begin XCLocalSwiftPackageReference section */
		F00EC00B286FA2A975C1962A /* XCLocalSwiftPackageReference "../Packages/DoomCoderCore" */ = {
			isa = XCLocalSwiftPackageReference;
			relativePath = ../Packages/DoomCoderCore;
		};
/* End XCLocalSwiftPackageReference section */

/* Begin XCSwiftPackageProductDependency section */
		9B4038EC43DC5D6E9E65F27D /* DoomCoderCore */ = {
			isa = XCSwiftPackageProductDependency;
			productName = DoomCoderCore;
		};
		C8C6B66E763641B3CB2A309A /* DoomCoderCore */ = {
			isa = XCSwiftPackageProductDependency;
			productName = DoomCoderCore;
		};
/* End XCSwiftPackageProductDependency section */
	};
	rootObject = 5DB0BDACEEF368302BE93D32 /* Project object */;
}
