// !$*UTF8*$!
{
	archiveVersion = 1;
	classes = {
	};
	objectVersion = 77;
	objects = {

/* Begin PBXBuildFile section */
		0886526DBDC2303DF16C3D5C /* NSEDebugView.swift in Sources */ = {isa = PBXBuildFile; fileRef = FBE088471B3BCCBCE53DAE3D /* NSEDebugView.swift */; };
		13080AA8AC50EB8EC7B7CE3F /* DoomCoderCore in Frameworks */ = {isa = PBXBuildFile; productRef = 9B4038EC43DC5D6E9E65F27D /* DoomCoderCore */; };
		3139E5D1B91CCAD0DF7B082F /* RootTabView.swift in Sources */ = {isa = PBXBuildFile; fileRef = 16A67B01FA77C05717991E37 /* RootTabView.swift */; };
		3A4B25C5A59BB9FD1A9801E8 /* HomeView.swift in Sources */ = {isa = PBXBuildFile; fileRef = F4DA4FB5F5754B7516043CF0 /* HomeView.swift */; };
		438A5661C9584975973C0077 /* SessionsView.swift in Sources */ = {isa = PBXBuildFile; fileRef = F97B277B605875975558BFB9 /* SessionsView.swift */; };
		531C33F75F065869AB0EF32F /* AppGroupCache.swift in Sources */ = {isa = PBXBuildFile; fileRef = 076AFE9C18006213F0E13AD4 /* AppGroupCache.swift */; };
		55AD1363C0F52426D54D032D /* CompanionApp.swift in Sources */ = {isa = PBXBuildFile; fileRef = E5AFCB5FF453AA69903FC666 /* CompanionApp.swift */; };
		60725F7FDC1EC230D702557A /* AppGroupCache.swift in Sources */ = {isa = PBXBuildFile; fileRef = 076AFE9C18006213F0E13AD4 /* AppGroupCache.swift */; };
		653506D5B5B8468A7E91F1EB /* Stores.swift in Sources */ = {isa = PBXBuildFile; fileRef = 577E6F8848446B47EA914860 /* Stores.swift */; };
		79164E3CF2DF6556EB4912E6 /* WakeOnLAN.swift in Sources */ = {isa = PBXBuildFile; fileRef = 87BA8E9E1C9C2C7D33A63159 /* WakeOnLAN.swift */; };
		8A3A3870B8803279FB2D8830 /* LogsView.swift in Sources */ = {isa = PBXBuildFile; fileRef = B9D9D643A8FD265E614D1CD0 /* LogsView.swift */; };
		9A60B782EEA5AE1A90A470CC /* NotificationService.swift in Sources */ = {isa = PBXBuildFile; fileRef = 9FB9C264096018D7F1530EB0 /* NotificationService.swift */; };
		AE7144B76C392F294F28C282 /* SettingsView.swift in Sources */ = {isa = PBXBuildFile; fileRef = D27DA3B07FBBD1CDD34870E3 /* SettingsView.swift */; };
		AF7FB6DD1454B0DE8AB4E39D /* OnboardingView.swift in Sources */ = {isa = PBXBuildFile; fileRef = FC5FB1F4B6C27ADE20EC787A /* OnboardingView.swift */; };
		B87084239BB62CDDF5387361 /* NotificationService.appex in Embed Foundation Extensions */ = {isa = PBXBuildFile; fileRef = ED52275E7367F2AB4E383199 /* NotificationService.appex */; settings = {ATTRIBUTES = (RemoveHeadersOnCopy, ); }; };
		BF92E0FA81291D820E0FCD34 /* LocalNotificationPoster.swift in Sources */ = {isa = PBXBuildFile; fileRef = 59A0776F05A0DA4111FFB797 /* LocalNotificationPoster.swift */; };
		C454F8A9D858B87680B15C02 /* DoomCoderCore in Frameworks */ = {isa = PBXBuildFile; productRef = C8C6B66E763641B3CB2A309A /* DoomCoderCore */; };
		D636B6479C595F7C776E1639 /* Assets.xcassets in Resources */ = {isa = PBXBuildFile; fileRef = A001013B397C1A86AA65F66F /* Assets.xcassets */; };
		DE3BC7A18DE362080C7EFCCA /* AppDelegate.swift in Sources */ = {isa = PBXBuildFile; fileRef = C1FD10F71AB58F8526779A2D /* AppDelegate.swift */; };
		EC9C04C07674F3D17024BCD2 /* CompanionSyncEngine.swift in Sources */ = {isa = PBXBuildFile; fileRef = 12088E8E80C4EE1E3F689855 /* CompanionSyncEngine.swift */; };
		F5016A2A71790FAD23811A18 /* CommandPublisher.swift in Sources */ = {isa = PBXBuildFile; fileRef = 852D78AD5E7AC9974A3291E5 /* CommandPublisher.swift */; };
		F738F859CF61C3122A1598E4 /* AgentIconFetcher.swift in Sources */ = {isa = PBXBuildFile; fileRef = 84F0362D4080511605EBD81F /* AgentIconFetcher.swift */; };
		A1B2C3D4E5F60011223344AA /* LiveActivityManager.swift in Sources */ = {isa = PBXBuildFile; fileRef = A1B2C3D4E5F60011223344BB /* LiveActivityManager.swift */; };
		FA83690CFB244BC0C6EE91ED /* BackgroundRefresh.swift in Sources */ = {isa = PBXBuildFile; fileRef = DA7841884D6F604D75A0B585 /* BackgroundRefresh.swift */; };
/* End PBXBuildFile section */

/* Begin PBXContainerItemProxy section */
		6B7B422AAA670D380F1BB140 /* PBXContainerItemProxy */ = {
			isa = PBXContainerItemProxy;
			containerPortal = 5DB0BDACEEF368302BE93D32 /* Project object */;
			proxyType = 1;
			remoteGlobalIDString = 600AA6DF4FC227DACD8A3A97;
			remoteInfo = NotificationService;
		};
/* End PBXContainerItemProxy section */

/* Begin PBXCopyFilesBuildPhase section */
		7F7957ED0A9CB0C51FAD44B2 /* Embed Foundation Extensions */ = {
			isa = PBXCopyFilesBuildPhase;
			buildActionMask = 2147483647;
			dstPath = "";
			dstSubfolderSpec = 13;
			files = (
				B87084239BB62CDDF5387361 /* NotificationService.appex in Embed Foundation Extensions */,
			);
			name = "Embed Foundation Extensions";
			runOnlyForDeploymentPostprocessing = 0;
		};
/* End PBXCopyFilesBuildPhase section */

/* Begin PBXFileReference section */
		076AFE9C18006213F0E13AD4 /* AppGroupCache.swift */ = {isa = PBXFileReference; lastKnownFileType = sourcecode.swift; path = AppGroupCache.swift; sourceTree = "<group>"; };
		12088E8E80C4EE1E3F689855 /* CompanionSyncEngine.swift */ = {isa = PBXFileReference; lastKnownFileType = sourcecode.swift; path = CompanionSyncEngine.swift; sourceTree = "<group>"; };
		16A67B01FA77C05717991E37 /* RootTabView.swift */ = {isa = PBXFileReference; lastKnownFileType = sourcecode.swift; path = RootTabView.swift; sourceTree = "<group>"; };
		1C662A3110C402306A4D04C5 /* DoomCoderCore */ = {isa = PBXFileReference; lastKnownFileType = folder; name = DoomCoderCore; path = ../Packages/DoomCoderCore; sourceTree = SOURCE_ROOT; };
		577E6F8848446B47EA914860 /* Stores.swift */ = {isa = PBXFileReference; lastKnownFileType = sourcecode.swift; path = Stores.swift; sourceTree = "<group>"; };
		59A0776F05A0DA4111FFB797 /* LocalNotificationPoster.swift */ = {isa = PBXFileReference; lastKnownFileType = sourcecode.swift; path = LocalNotificationPoster.swift; sourceTree = "<group>"; };
		84F0362D4080511605EBD81F /* AgentIconFetcher.swift */ = {isa = PBXFileReference; lastKnownFileType = sourcecode.swift; path = AgentIconFetcher.swift; sourceTree = "<group>"; };
		852D78AD5E7AC9974A3291E5 /* CommandPublisher.swift */ = {isa = PBXFileReference; lastKnownFileType = sourcecode.swift; path = CommandPublisher.swift; sourceTree = "<group>"; };
		87BA8E9E1C9C2C7D33A63159 /* WakeOnLAN.swift */ = {isa = PBXFileReference; lastKnownFileType = sourcecode.swift; path = WakeOnLAN.swift; sourceTree = "<group>"; };
		A1B2C3D4E5F60011223344BB /* LiveActivityManager.swift */ = {isa = PBXFileReference; lastKnownFileType = sourcecode.swift; path = LiveActivityManager.swift; sourceTree = "<group>"; };
		9FB9C264096018D7F1530EB0 /* NotificationService.swift */ = {isa = PBXFileReference; lastKnownFileType = sourcecode.swift; path = NotificationService.swift; sourceTree = "<group>"; };
		A001013B397C1A86AA65F66F /* Assets.xcassets */ = {isa = PBXFileReference; lastKnownFileType = folder.assetcatalog; path = Assets.xcassets; sourceTree = "<group>"; };
		B4CCC40290EB871ECB7D9D14 /* DoomCoderCompanion.app */ = {isa = PBXFileReference; includeInIndex = 0; lastKnownFileType = wrapper.application; path = DoomCoderCompanion.app; sourceTree = BUILT_PRODUCTS_DIR; };
		B9D9D643A8FD265E614D1CD0 /* LogsView.swift */ = {isa = PBXFileReference; lastKnownFileType = sourcecode.swift; path = LogsView.swift; sourceTree = "<group>"; };
		C1FD10F71AB58F8526779A2D /* AppDelegate.swift */ = {isa = PBXFileReference; lastKnownFileType = sourcecode.swift; path = AppDelegate.swift; sourceTree = "<group>"; };
		D27DA3B07FBBD1CDD34870E3 /* SettingsView.swift */ = {isa = PBXFileReference; lastKnownFileType = sourcecode.swift; path = SettingsView.swift; sourceTree = "<group>"; };
		DA7841884D6F604D75A0B585 /* BackgroundRefresh.swift */ = {isa = PBXFileReference; lastKnownFileType = sourcecode.swift; path = BackgroundRefresh.swift; sourceTree = "<group>"; };
		E5AFCB5FF453AA69903FC666 /* CompanionApp.swift */ = {isa = PBXFileReference; lastKnownFileType = sourcecode.swift; path = CompanionApp.swift; sourceTree = "<group>"; };
		ED52275E7367F2AB4E383199 /* NotificationService.appex */ = {isa = PBXFileReference; includeInIndex = 0; lastKnownFileType = "wrapper.app-extension"; path = NotificationService.appex; sourceTree = BUILT_PRODUCTS_DIR; };
		F4DA4FB5F5754B7516043CF0 /* HomeView.swift */ = {isa = PBXFileReference; lastKnownFileType = sourcecode.swift; path = HomeView.swift; sourceTree = "<group>"; };
		F97B277B605875975558BFB9 /* SessionsView.swift */ = {isa = PBXFileReference; lastKnownFileType = sourcecode.swift; path = SessionsView.swift; sourceTree = "<group>"; };
		FBE088471B3BCCBCE53DAE3D /* NSEDebugView.swift */ = {isa = PBXFileReference; lastKnownFileType = sourcecode.swift; path = NSEDebugView.swift; sourceTree = "<group>"; };
		FC5FB1F4B6C27ADE20EC787A /* OnboardingView.swift */ = {isa = PBXFileReference; lastKnownFileType = sourcecode.swift; path = OnboardingView.swift; sourceTree = "<group>"; };
/* End PBXFileReference section */

/* Begin PBXFrameworksBuildPhase section */
		3FF653494E92A1302B8E8EDE /* Frameworks */ = {
			isa = PBXFrameworksBuildPhase;
			buildActionMask = 2147483647;
			files = (
				13080AA8AC50EB8EC7B7CE3F /* DoomCoderCore in Frameworks */,
			);
			runOnlyForDeploymentPostprocessing = 0;
		};
		E4B407D28D1F9817DFDE0E8A /* Frameworks */ = {
			isa = PBXFrameworksBuildPhase;
			buildActionMask = 2147483647;
			files = (
				C454F8A9D858B87680B15C02 /* DoomCoderCore in Frameworks */,
			);
			runOnlyForDeploymentPostprocessing = 0;
		};
/* End PBXFrameworksBuildPhase section */

/* Begin PBXGroup section */
		0B6CAC8EED9A67581D85FD42 /* Resources */ = {
			isa = PBXGroup;
			children = (
				A001013B397C1A86AA65F66F /* Assets.xcassets */,
			);
			path = Resources;
			sourceTree = "<group>";
		};
		27F209A4B595551810DF511E /* App */ = {
			isa = PBXGroup;
			children = (
				C1FD10F71AB58F8526779A2D /* AppDelegate.swift */,
				E5AFCB5FF453AA69903FC666 /* CompanionApp.swift */,
			);
			path = App;
			sourceTree = "<group>";
		};
		489681630C03E02902A9CF4F /* Sync */ = {
			isa = PBXGroup;
			children = (
				84F0362D4080511605EBD81F /* AgentIconFetcher.swift */,
				DA7841884D6F604D75A0B585 /* BackgroundRefresh.swift */,
				852D78AD5E7AC9974A3291E5 /* CommandPublisher.swift */,
				12088E8E80C4EE1E3F689855 /* CompanionSyncEngine.swift */,
				A1B2C3D4E5F60011223344BB /* LiveActivityManager.swift */,
				59A0776F05A0DA4111FFB797 /* LocalNotificationPoster.swift */,
				87BA8E9E1C9C2C7D33A63159 /* WakeOnLAN.swift */,
			);
			path = Sync;
			sourceTree = "<group>";
		};
		55A68F968B1EF6ED13C07442 /* Stores */ = {
			isa = PBXGroup;
			children = (
				577E6F8848446B47EA914860 /* Stores.swift */,
			);
			path = Stores;
			sourceTree = "<group>";
		};
		56ABB5C5A56B66E3F46A7CC9 /* UI */ = {
			isa = PBXGroup;
			children = (
				F4DA4FB5F5754B7516043CF0 /* HomeView.swift */,
				B9D9D643A8FD265E614D1CD0 /* LogsView.swift */,
				FBE088471B3BCCBCE53DAE3D /* NSEDebugView.swift */,
				FC5FB1F4B6C27ADE20EC787A /* OnboardingView.swift */,
				16A67B01FA77C05717991E37 /* RootTabView.swift */,
				F97B277B605875975558BFB9 /* SessionsView.swift */,
				D27DA3B07FBBD1CDD34870E3 /* SettingsView.swift */,
			);
			path = UI;
			sourceTree = "<group>";
		};
		6A2F6CDDE4E9A8D29D1C3F71 = {
			isa = PBXGroup;
			children = (
				E7BDC654EB7A7B8A4B5DF6EF /* DoomCoderCompanion */,
				7D0960EF81C31CAEDD2AAFA0 /* NotificationService */,
				EFDB511A7CB2F0D6945D059D /* Packages */,
				F12A2E1EB0FDDF7A0DC344D6 /* SharedCache */,
				B137F1E190C475B8D7351A1E /* Products */,
			);
			sourceTree = "<group>";
		};
		7D0960EF81C31CAEDD2AAFA0 /* NotificationService */ = {
			isa = PBXGroup;
			children = (
				9FB9C264096018D7F1530EB0 /* NotificationService.swift */,
			);
			path = NotificationService;
			sourceTree = "<group>";
		};
		B137F1E190C475B8D7351A1E /* Products */ = {
			isa = PBXGroup;
			children = (
				B4CCC40290EB871ECB7D9D14 /* DoomCoderCompanion.app */,
				ED52275E7367F2AB4E383199 /* NotificationService.appex */,
			);
			name = Products;
			sourceTree = "<group>";
		};
		C8B022EC1C66F830C5DBFB06 /* SharedCache */ = {
			isa = PBXGroup;
			children = (
				076AFE9C18006213F0E13AD4 /* AppGroupCache.swift */,
			);
			name = SharedCache;
			path = DoomCoderCompanion/SharedCache;
			sourceTree = "<group>";
		};
		E7BDC654EB7A7B8A4B5DF6EF /* DoomCoderCompanion */ = {
			isa = PBXGroup;
			children = (
				27F209A4B595551810DF511E /* App */,
				0B6CAC8EED9A67581D85FD42 /* Resources */,
				C8B022EC1C66F830C5DBFB06 /* SharedCache */,
				55A68F968B1EF6ED13C07442 /* Stores */,
				489681630C03E02902A9CF4F /* Sync */,
				56ABB5C5A56B66E3F46A7CC9 /* UI */,
			);
			path = DoomCoderCompanion;
			sourceTree = "<group>";
		};
		EFDB511A7CB2F0D6945D059D /* Packages */ = {
			isa = PBXGroup;
			children = (
				1C662A3110C402306A4D04C5 /* DoomCoderCore */,
			);
			name = Packages;
			sourceTree = "<group>";
		};
		F12A2E1EB0FDDF7A0DC344D6 /* SharedCache */ = {
			isa = PBXGroup;
			children = (
				C8B022EC1C66F830C5DBFB06 /* SharedCache */,
			);
			name = SharedCache;
			sourceTree = "<group>";
		};
/* End PBXGroup section */

/* Begin PBXNativeTarget section */
		600AA6DF4FC227DACD8A3A97 /* NotificationService */ = {
			isa = PBXNativeTarget;
			buildConfigurationList = 9E24D8CBB1330300A76E5EDE /* Build configuration list for PBXNativeTarget "NotificationService" */;
			buildPhases = (
				0289F8ACA19552DF556E2DC8 /* Sources */,
				E4B407D28D1F9817DFDE0E8A /* Frameworks */,
			);
			buildRules = (
			);
			dependencies = (
			);
			name = NotificationService;
			packageProductDependencies = (
				C8C6B66E763641B3CB2A309A /* DoomCoderCore */,
			);
			productName = NotificationService;
			productReference = ED52275E7367F2AB4E383199 /* NotificationService.appex */;
			productType = "com.apple.product-type.app-extension";
		};
		A0BC412897681E06A3545048 /* DoomCoderCompanion */ = {
			isa = PBXNativeTarget;
			buildConfigurationList = 64AE8A723725518B1B5A30E4 /* Build configuration list for PBXNativeTarget "DoomCoderCompanion" */;
			buildPhases = (
				7B2052A444961CBD3E79F5C6 /* Sources */,
				069A59A057D5870A5829E106 /* Resources */,
				3FF653494E92A1302B8E8EDE /* Frameworks */,
				7F7957ED0A9CB0C51FAD44B2 /* Embed Foundation Extensions */,
			);
			buildRules = (
			);
			dependencies = (
				A26847CF7EA6F78BDA449D86 /* PBXTargetDependency */,
			);
			name = DoomCoderCompanion;
			packageProductDependencies = (
				9B4038EC43DC5D6E9E65F27D /* DoomCoderCore */,
			);
			productName = DoomCoderCompanion;
			productReference = B4CCC40290EB871ECB7D9D14 /* DoomCoderCompanion.app */;
			productType = "com.apple.product-type.application";
		};
/* End PBXNativeTarget section */

/* Begin PBXProject section */
		5DB0BDACEEF368302BE93D32 /* Project object */ = {
			isa = PBXProject;
			attributes = {
				BuildIndependentTargetsInParallel = YES;
				LastUpgradeCheck = 1430;
				TargetAttributes = {
					600AA6DF4FC227DACD8A3A97 = {
						DevelopmentTeam = A9P2388PHM;
						ProvisioningStyle = Automatic;
					};
					A0BC412897681E06A3545048 = {
						DevelopmentTeam = A9P2388PHM;
						ProvisioningStyle = Automatic;
					};
				};
			};
			buildConfigurationList = DC80DAA0E4B233AEA3F8D54D /* Build configuration list for PBXProject "DoomCoderCompanion" */;
			developmentRegion = en;
			hasScannedForEncodings = 0;
			knownRegions = (
				Base,
				en,
			);
			mainGroup = 6A2F6CDDE4E9A8D29D1C3F71;
			minimizedProjectReferenceProxies = 1;
			packageReferences = (
				F00EC00B286FA2A975C1962A /* XCLocalSwiftPackageReference "../Packages/DoomCoderCore" */,
			);
			preferredProjectObjectVersion = 77;
			productRefGroup = B137F1E190C475B8D7351A1E /* Products */;
			projectDirPath = "";
			projectRoot = "";
			targets = (
				A0BC412897681E06A3545048 /* DoomCoderCompanion */,
				600AA6DF4FC227DACD8A3A97 /* NotificationService */,
			);
		};
/* End PBXProject section */

/* Begin PBXResourcesBuildPhase section */
		069A59A057D5870A5829E106 /* Resources */ = {
			isa = PBXResourcesBuildPhase;
			buildActionMask = 2147483647;
			files = (
				D636B6479C595F7C776E1639 /* Assets.xcassets in Resources */,
			);
			runOnlyForDeploymentPostprocessing = 0;
		};
/* End PBXResourcesBuildPhase section */

/* Begin PBXSourcesBuildPhase section */
		0289F8ACA19552DF556E2DC8 /* Sources */ = {
			isa = PBXSourcesBuildPhase;
			buildActionMask = 2147483647;
			files = (
				60725F7FDC1EC230D702557A /* AppGroupCache.swift in Sources */,
				9A60B782EEA5AE1A90A470CC /* NotificationService.swift in Sources */,
			);
			runOnlyForDeploymentPostprocessing = 0;
		};
		7B2052A444961CBD3E79F5C6 /* Sources */ = {
			isa = PBXSourcesBuildPhase;
			buildActionMask = 2147483647;
			files = (
				F738F859CF61C3122A1598E4 /* AgentIconFetcher.swift in Sources */,
				DE3BC7A18DE362080C7EFCCA /* AppDelegate.swift in Sources */,
				531C33F75F065869AB0EF32F /* AppGroupCache.swift in Sources */,
				FA83690CFB244BC0C6EE91ED /* BackgroundRefresh.swift in Sources */,
				F5016A2A71790FAD23811A18 /* CommandPublisher.swift in Sources */,
				55AD1363C0F52426D54D032D /* CompanionApp.swift in Sources */,
				EC9C04C07674F3D17024BCD2 /* CompanionSyncEngine.swift in Sources */,
				A1B2C3D4E5F60011223344AA /* LiveActivityManager.swift in Sources */,
				3A4B25C5A59BB9FD1A9801E8 /* HomeView.swift in Sources */,
				BF92E0FA81291D820E0FCD34 /* LocalNotificationPoster.swift in Sources */,
				8A3A3870B8803279FB2D8830 /* LogsView.swift in Sources */,
				0886526DBDC2303DF16C3D5C /* NSEDebugView.swift in Sources */,
				AF7FB6DD1454B0DE8AB4E39D /* OnboardingView.swift in Sources */,
				3139E5D1B91CCAD0DF7B082F /* RootTabView.swift in Sources */,
				438A5661C9584975973C0077 /* SessionsView.swift in Sources */,
				AE7144B76C392F294F28C282 /* SettingsView.swift in Sources */,
				653506D5B5B8468A7E91F1EB /* Stores.swift in Sources */,
				79164E3CF2DF6556EB4912E6 /* WakeOnLAN.swift in Sources */,
			);
			runOnlyForDeploymentPostprocessing = 0;
		};
/* End PBXSourcesBuildPhase section */

/* Begin PBXTargetDependency section */
		A26847CF7EA6F78BDA449D86 /* PBXTargetDependency */ = {
			isa = PBXTargetDependency;
			target = 600AA6DF4FC227DACD8A3A97 /* NotificationService */;
			targetProxy = 6B7B422AAA670D380F1BB140 /* PBXContainerItemProxy */;
		};
/* End PBXTargetDependency section */

/* Begin XCBuildConfiguration section */
		23D55A6FF6BA650F56D697E2 /* Debug */ = {
			isa = XCBuildConfiguration;
			buildSettings = {
				ASSETCATALOG_COMPILER_APPICON_NAME = AppIcon;
				CODE_SIGN_ENTITLEMENTS = DoomCoderCompanion/Resources/DoomCoderCompanion.entitlements;
				CODE_SIGN_IDENTITY = "iPhone Developer";
				INFOPLIST_FILE = DoomCoderCompanion/Resources/Info.plist;
				INFOPLIST_KEY_UILaunchScreen_Generation = YES;
				LD_RUNPATH_SEARCH_PATHS = (
					"$(inherited)",
					"@executable_path/Frameworks",
				);
				PRODUCT_BUNDLE_IDENTIFIER = com.doomcoder.app.companion;
				SDKROOT = iphoneos;
				TARGETED_DEVICE_FAMILY = "1,2";
			};
			name = Debug;
		};
		4F03EB235531227032B757AC /* Debug */ = {
			isa = XCBuildConfiguration;
			buildSettings = {
				CODE_SIGN_ENTITLEMENTS = NotificationService/NotificationService.entitlements;
				INFOPLIST_FILE = NotificationService/Info.plist;
				LD_RUNPATH_SEARCH_PATHS = (
					"$(inherited)",
					"@executable_path/Frameworks",
					"@executable_path/../../Frameworks",
				);
				PRODUCT_BUNDLE_IDENTIFIER = com.doomcoder.app.companion.NotificationService;
				SDKROOT = iphoneos;
				TARGETED_DEVICE_FAMILY = "1,2";
			};
			name = Debug;
		};
		5EDA8B3F768D55EE794875F2 /* Release */ = {
			isa = XCBuildConfiguration;
			buildSettings = {
				ALWAYS_SEARCH_USER_PATHS = NO;
				CLANG_ANALYZER_NONNULL = YES;
				CLANG_ANALYZER_NUMBER_OBJECT_CONVERSION = YES_AGGRESSIVE;
				CLANG_CXX_LANGUAGE_STANDARD = "gnu++14";
				CLANG_CXX_LIBRARY = "libc++";
				CLANG_ENABLE_MODULES = YES;
				CLANG_ENABLE_OBJC_ARC = YES;
				CLANG_ENABLE_OBJC_WEAK = YES;
				CLANG_WARN_BLOCK_CAPTURE_AUTORELEASING = YES;
				CLANG_WARN_BOOL_CONVERSION = YES;
				CLANG_WARN_COMMA = YES;
				CLANG_WARN_CONSTANT_CONVERSION = YES;
				CLANG_WARN_DEPRECATED_OBJC_IMPLEMENTATIONS = YES;
				CLANG_WARN_DIRECT_OBJC_ISA_USAGE = YES_ERROR;
				CLANG_WARN_DOCUMENTATION_COMMENTS = YES;
				CLANG_WARN_EMPTY_BODY = YES;
				CLANG_WARN_ENUM_CONVERSION = YES;
				CLANG_WARN_INFINITE_RECURSION = YES;
				CLANG_WARN_INT_CONVERSION = YES;
				CLANG_WARN_NON_LITERAL_NULL_CONVERSION = YES;
				CLANG_WARN_OBJC_IMPLICIT_RETAIN_SELF = YES;
				CLANG_WARN_OBJC_LITERAL_CONVERSION = YES;
				CLANG_WARN_OBJC_ROOT_CLASS = YES_ERROR;
				CLANG_WARN_QUOTED_INCLUDE_IN_FRAMEWORK_HEADER = YES;
				CLANG_WARN_RANGE_LOOP_ANALYSIS = YES;
				CLANG_WARN_STRICT_PROTOTYPES = YES;
				CLANG_WARN_SUSPICIOUS_MOVE = YES;
				CLANG_WARN_UNGUARDED_AVAILABILITY = YES_AGGRESSIVE;
				CLANG_WARN_UNREACHABLE_CODE = YES;
				CLANG_WARN__DUPLICATE_METHOD_MATCH = YES;
				CODE_SIGN_STYLE = Automatic;
				COPY_PHASE_STRIP = NO;
				CURRENT_PROJECT_VERSION = 2000;
				DEBUG_INFORMATION_FORMAT = "dwarf-with-dsym";
				DEVELOPMENT_TEAM = A9P2388PHM;
				ENABLE_NS_ASSERTIONS = NO;
				ENABLE_STRICT_OBJC_MSGSEND = YES;
				ENABLE_USER_SCRIPT_SANDBOXING = NO;
				GCC_C_LANGUAGE_STANDARD = gnu11;
				GCC_NO_COMMON_BLOCKS = YES;
				GCC_WARN_64_TO_32_BIT_CONVERSION = YES;
				GCC_WARN_ABOUT_RETURN_TYPE = YES_ERROR;
				GCC_WARN_UNDECLARED_SELECTOR = YES;
				GCC_WARN_UNINITIALIZED_AUTOS = YES_AGGRESSIVE;
				GCC_WARN_UNUSED_FUNCTION = YES;
				GCC_WARN_UNUSED_VARIABLE = YES;
				IPHONEOS_DEPLOYMENT_TARGET = 26.0;
				MARKETING_VERSION = 2.0.0;
				MTL_ENABLE_DEBUG_INFO = NO;
				MTL_FAST_MATH = YES;
				OTHER_LDFLAGS = "$(inherited) -ObjC";
				PRODUCT_NAME = "$(TARGET_NAME)";
				SDKROOT = iphoneos;
				SWIFT_COMPILATION_MODE = wholemodule;
				SWIFT_OPTIMIZATION_LEVEL = "-O";
				SWIFT_STRICT_CONCURRENCY = complete;
				SWIFT_VERSION = 6.0;
			};
			name = Release;
		};
		86A51960145E2E366AADAE6D /* Release */ = {
			isa = XCBuildConfiguration;
			buildSettings = {
				ASSETCATALOG_COMPILER_APPICON_NAME = AppIcon;
				CODE_SIGN_ENTITLEMENTS = DoomCoderCompanion/Resources/DoomCoderCompanion.entitlements;
				CODE_SIGN_IDENTITY = "iPhone Developer";
				INFOPLIST_FILE = DoomCoderCompanion/Resources/Info.plist;
				INFOPLIST_KEY_UILaunchScreen_Generation = YES;
				LD_RUNPATH_SEARCH_PATHS = (
					"$(inherited)",
					"@executable_path/Frameworks",
				);
				PRODUCT_BUNDLE_IDENTIFIER = com.doomcoder.app.companion;
				SDKROOT = iphoneos;
				TARGETED_DEVICE_FAMILY = "1,2";
			};
			name = Release;
		};
		9B1E9E8345E42F5DB541BC77 /* Debug */ = {
			isa = XCBuildConfiguration;
			buildSettings = {
				ALWAYS_SEARCH_USER_PATHS = NO;
				CLANG_ANALYZER_NONNULL = YES;
				CLANG_ANALYZER_NUMBER_OBJECT_CONVERSION = YES_AGGRESSIVE;
				CLANG_CXX_LANGUAGE_STANDARD = "gnu++14";
				CLANG_CXX_LIBRARY = "libc++";
				CLANG_ENABLE_MODULES = YES;
				CLANG_ENABLE_OBJC_ARC = YES;
				CLANG_ENABLE_OBJC_WEAK = YES;
				CLANG_WARN_BLOCK_CAPTURE_AUTORELEASING = YES;
				CLANG_WARN_BOOL_CONVERSION = YES;
				CLANG_WARN_COMMA = YES;
				CLANG_WARN_CONSTANT_CONVERSION = YES;
				CLANG_WARN_DEPRECATED_OBJC_IMPLEMENTATIONS = YES;
				CLANG_WARN_DIRECT_OBJC_ISA_USAGE = YES_ERROR;
				CLANG_WARN_DOCUMENTATION_COMMENTS = YES;
				CLANG_WARN_EMPTY_BODY = YES;
				CLANG_WARN_ENUM_CONVERSION = YES;
				CLANG_WARN_INFINITE_RECURSION = YES;
				CLANG_WARN_INT_CONVERSION = YES;
				CLANG_WARN_NON_LITERAL_NULL_CONVERSION = YES;
				CLANG_WARN_OBJC_IMPLICIT_RETAIN_SELF = YES;
				CLANG_WARN_OBJC_LITERAL_CONVERSION = YES;
				CLANG_WARN_OBJC_ROOT_CLASS = YES_ERROR;
				CLANG_WARN_QUOTED_INCLUDE_IN_FRAMEWORK_HEADER = YES;
				CLANG_WARN_RANGE_LOOP_ANALYSIS = YES;
				CLANG_WARN_STRICT_PROTOTYPES = YES;
				CLANG_WARN_SUSPICIOUS_MOVE = YES;
				CLANG_WARN_UNGUARDED_AVAILABILITY = YES_AGGRESSIVE;
				CLANG_WARN_UNREACHABLE_CODE = YES;
				CLANG_WARN__DUPLICATE_METHOD_MATCH = YES;
				CODE_SIGN_STYLE = Automatic;
				COPY_PHASE_STRIP = NO;
				CURRENT_PROJECT_VERSION = 2000;
				DEBUG_INFORMATION_FORMAT = dwarf;
				DEVELOPMENT_TEAM = A9P2388PHM;
				ENABLE_STRICT_OBJC_MSGSEND = YES;
				ENABLE_TESTABILITY = YES;
				ENABLE_USER_SCRIPT_SANDBOXING = NO;
				GCC_C_LANGUAGE_STANDARD = gnu11;
				GCC_DYNAMIC_NO_PIC = NO;
				GCC_NO_COMMON_BLOCKS = YES;
				GCC_OPTIMIZATION_LEVEL = 0;
				GCC_PREPROCESSOR_DEFINITIONS = (
					"$(inherited)",
					"DEBUG=1",
				);
				GCC_WARN_64_TO_32_BIT_CONVERSION = YES;
				GCC_WARN_ABOUT_RETURN_TYPE = YES_ERROR;
				GCC_WARN_UNDECLARED_SELECTOR = YES;
				GCC_WARN_UNINITIALIZED_AUTOS = YES_AGGRESSIVE;
				GCC_WARN_UNUSED_FUNCTION = YES;
				GCC_WARN_UNUSED_VARIABLE = YES;
				IPHONEOS_DEPLOYMENT_TARGET = 26.0;
				MARKETING_VERSION = 2.0.0;
				MTL_ENABLE_DEBUG_INFO = INCLUDE_SOURCE;
				MTL_FAST_MATH = YES;
				ONLY_ACTIVE_ARCH = YES;
				OTHER_LDFLAGS = "$(inherited) -ObjC";
				PRODUCT_NAME = "$(TARGET_NAME)";
				SDKROOT = iphoneos;
				SWIFT_ACTIVE_COMPILATION_CONDITIONS = DEBUG;
				SWIFT_OPTIMIZATION_LEVEL = "-Onone";
				SWIFT_STRICT_CONCURRENCY = complete;
				SWIFT_VERSION = 6.0;
			};
			name = Debug;
		};
		D75980304031608AF50B3FA5 /* Release */ = {
			isa = XCBuildConfiguration;
			buildSettings = {
				CODE_SIGN_ENTITLEMENTS = NotificationService/NotificationService.entitlements;
				INFOPLIST_FILE = NotificationService/Info.plist;
				LD_RUNPATH_SEARCH_PATHS = (
					"$(inherited)",
					"@executable_path/Frameworks",
					"@executable_path/../../Frameworks",
				);
				PRODUCT_BUNDLE_IDENTIFIER = com.doomcoder.app.companion.NotificationService;
				SDKROOT = iphoneos;
				TARGETED_DEVICE_FAMILY = "1,2";
			};
			name = Release;
		};
/* End XCBuildConfiguration section */

/* Begin XCConfigurationList section */
		64AE8A723725518B1B5A30E4 /* Build configuration list for PBXNativeTarget "DoomCoderCompanion" */ = {
			isa = XCConfigurationList;
			buildConfigurations = (
				23D55A6FF6BA650F56D697E2 /* Debug */,
				86A51960145E2E366AADAE6D /* Release */,
			);
			defaultConfigurationIsVisible = 0;
			defaultConfigurationName = Debug;
		};
		9E24D8CBB1330300A76E5EDE /* Build configuration list for PBXNativeTarget "NotificationService" */ = {
			isa = XCConfigurationList;
			buildConfigurations = (
				4F03EB235531227032B757AC /* Debug */,
				D75980304031608AF50B3FA5 /* Release */,
			);
			defaultConfigurationIsVisible = 0;
			defaultConfigurationName = Debug;
		};
		DC80DAA0E4B233AEA3F8D54D /* Build configuration list for PBXProject "DoomCoderCompanion" */ = {
			isa = XCConfigurationList;
			buildConfigurations = (
				9B1E9E8345E42F5DB541BC77 /* Debug */,
				5EDA8B3F768D55EE794875F2 /* Release */,
			);
			defaultConfigurationIsVisible = 0;
			defaultConfigurationName = Debug;
		};
/* End XCConfigurationList section */

/* Begin XCLocalSwiftPackageReference section */
		F00EC00B286FA2A975C1962A /* XCLocalSwiftPackageReference "../Packages/DoomCoderCore" */ = {
			isa = XCLocalSwiftPackageReference;
			relativePath = ../Packages/DoomCoderCore;
		};
/* End XCLocalSwiftPackageReference section */

/* Begin XCSwiftPackageProductDependency section */
		9B4038EC43DC5D6E9E65F27D /* DoomCoderCore */ = {
			isa = XCSwiftPackageProductDependency;
			productName = DoomCoderCore;
		};
		C8C6B66E763641B3CB2A309A /* DoomCoderCore */ = {
			isa = XCSwiftPackageProductDependency;
			productName = DoomCoderCore;
		};
/* End XCSwiftPackageProductDependency section */
	};
	rootObject = 5DB0BDACEEF368302BE93D32 /* Project object */;
}
