// !$*UTF8*$!
{
	archiveVersion = 1;
	classes = {
	};
	objectVersion = 77;
	objects = {

/* Begin PBXBuildFile section */
		DC0000000000002000000002 /* DoomCoderApp.swift in Sources */ = {isa = PBXBuildFile; fileRef = DC0000000000001000000002 /* DoomCoderApp.swift */; };
		DC0000000000002000000003 /* SleepManager.swift in Sources */ = {isa = PBXBuildFile; fileRef = DC0000000000001000000003 /* SleepManager.swift */; };
		DC0000000000002000000004 /* MenuBarView.swift in Sources */ = {isa = PBXBuildFile; fileRef = DC0000000000001000000004 /* MenuBarView.swift */; };
		DC0000000000002000000005 /* AboutView.swift in Sources */ = {isa = PBXBuildFile; fileRef = DC0000000000001000000005 /* AboutView.swift */; };
		DC0000000000002000000007 /* Assets.xcassets in Resources */ = {isa = PBXBuildFile; fileRef = DC0000000000001000000007 /* Assets.xcassets */; };
		DC0000000000002000000009 /* CheckForUpdatesViewModel.swift in Sources */ = {isa = PBXBuildFile; fileRef = DC0000000000001000000009 /* CheckForUpdatesViewModel.swift */; };
		DC0000000000002000000010 /* Sparkle in Frameworks */ = {isa = PBXBuildFile; productRef = DC0000000000009000000002 /* Sparkle */; };
		DC0000000000002000000012 /* NotificationManager.swift in Sources */ = {isa = PBXBuildFile; fileRef = DC0000000000001000000012 /* NotificationManager.swift */; };
		DC0000000000002000000014 /* SettingsView.swift in Sources */ = {isa = PBXBuildFile; fileRef = DC0000000000001000000014 /* SettingsView.swift */; };
		DC0000000000002000000017 /* AgentEvent.swift in Sources */ = {isa = PBXBuildFile; fileRef = DC0000000000001000000017 /* AgentEvent.swift */; };
		DC0000000000002000000018 /* AgentSession.swift in Sources */ = {isa = PBXBuildFile; fileRef = DC0000000000001000000018 /* AgentSession.swift */; };
		DC0000000000002000000019 /* SocketServer.swift in Sources */ = {isa = PBXBuildFile; fileRef = DC0000000000001000000019 /* SocketServer.swift */; };
		DC0000000000002000000020 /* AgentStatusManager.swift in Sources */ = {isa = PBXBuildFile; fileRef = DC0000000000001000000020 /* AgentStatusManager.swift */; };
		DC0000000000002000000021 /* HookInstaller.swift in Sources */ = {isa = PBXBuildFile; fileRef = DC0000000000001000000021 /* HookInstaller.swift */; };
		DC0000000000002000000022 /* HookRuntime.swift in Sources */ = {isa = PBXBuildFile; fileRef = DC0000000000001000000022 /* HookRuntime.swift */; };
DC0000000000002000000099 /* HookRoundTripTest.swift in Sources */ = {isa = PBXBuildFile; fileRef = DC0000000000001000000099 /* HookRoundTripTest.swift */; };
DC0000000000002000000100 /* RunningAgentScanner.swift in Sources */ = {isa = PBXBuildFile; fileRef = DC0000000000001000000100 /* RunningAgentScanner.swift */; };
DC0000000000002000000101 /* InstallAnywherePane.swift in Sources */ = {isa = PBXBuildFile; fileRef = DC0000000000001000000101 /* InstallAnywherePane.swift */; };
		DC0000000000002000000024 /* MCPRuntime.swift in Sources */ = {isa = PBXBuildFile; fileRef = DC0000000000001000000024 /* MCPRuntime.swift */; };
		DC0000000000002000000025 /* MCPInstaller.swift in Sources */ = {isa = PBXBuildFile; fileRef = DC0000000000001000000025 /* MCPInstaller.swift */; };
		DC0000000000002000000026 /* IPhoneRelay.swift in Sources */ = {isa = PBXBuildFile; fileRef = DC0000000000001000000026 /* IPhoneRelay.swift */; };
		DC0000000000002000000028 /* LegacyDefaults.swift in Sources */ = {isa = PBXBuildFile; fileRef = DC0000000000001000000028 /* LegacyDefaults.swift */; };
		DC0000000000002000000029 /* StatusBadge.swift in Sources */ = {isa = PBXBuildFile; fileRef = DC0000000000001000000029 /* StatusBadge.swift */; };
		DC0000000000002000000031 /* AgentTrackingView.swift in Sources */ = {isa = PBXBuildFile; fileRef = DC0000000000001000000031 /* AgentTrackingView.swift */; };
		DC0000000000002000000032 /* AgentTrackingSidebar.swift in Sources */ = {isa = PBXBuildFile; fileRef = DC0000000000001000000032 /* AgentTrackingSidebar.swift */; };
		DC0000000000002000000033 /* DetailPanes.swift in Sources */ = {isa = PBXBuildFile; fileRef = DC0000000000001000000033 /* DetailPanes.swift */; };
		DC0000000000002000000034 /* SetupSheets.swift in Sources */ = {isa = PBXBuildFile; fileRef = DC0000000000001000000034 /* SetupSheets.swift */; };
/* End PBXBuildFile section */

/* Begin PBXFileReference section */
		DC0000000000001000000001 /* DoomCoder.app */ = {isa = PBXFileReference; explicitFileType = wrapper.application; includeInIndex = 0; path = DoomCoder.app; sourceTree = BUILT_PRODUCTS_DIR; };
		DC0000000000001000000002 /* DoomCoderApp.swift */ = {isa = PBXFileReference; lastKnownFileType = sourcecode.swift; path = DoomCoderApp.swift; sourceTree = "<group>"; };
		DC0000000000001000000003 /* SleepManager.swift */ = {isa = PBXFileReference; lastKnownFileType = sourcecode.swift; path = SleepManager.swift; sourceTree = "<group>"; };
		DC0000000000001000000004 /* MenuBarView.swift */ = {isa = PBXFileReference; lastKnownFileType = sourcecode.swift; path = MenuBarView.swift; sourceTree = "<group>"; };
		DC0000000000001000000005 /* AboutView.swift */ = {isa = PBXFileReference; lastKnownFileType = sourcecode.swift; path = AboutView.swift; sourceTree = "<group>"; };
		DC0000000000001000000006 /* Info.plist */ = {isa = PBXFileReference; lastKnownFileType = text.plist.xml; path = Info.plist; sourceTree = "<group>"; };
		DC0000000000001000000007 /* Assets.xcassets */ = {isa = PBXFileReference; lastKnownFileType = folder.assetcatalog; path = Assets.xcassets; sourceTree = "<group>"; };
		DC0000000000001000000008 /* DoomCoder.entitlements */ = {isa = PBXFileReference; lastKnownFileType = text.plist.entitlements; path = DoomCoder.entitlements; sourceTree = "<group>"; };
		DC0000000000001000000009 /* CheckForUpdatesViewModel.swift */ = {isa = PBXFileReference; lastKnownFileType = sourcecode.swift; path = CheckForUpdatesViewModel.swift; sourceTree = "<group>"; };
		DC0000000000001000000012 /* NotificationManager.swift */ = {isa = PBXFileReference; lastKnownFileType = sourcecode.swift; path = NotificationManager.swift; sourceTree = "<group>"; };
		DC0000000000001000000014 /* SettingsView.swift */ = {isa = PBXFileReference; lastKnownFileType = sourcecode.swift; path = SettingsView.swift; sourceTree = "<group>"; };
		DC0000000000001000000017 /* AgentEvent.swift */ = {isa = PBXFileReference; lastKnownFileType = sourcecode.swift; path = AgentEvent.swift; sourceTree = "<group>"; };
		DC0000000000001000000018 /* AgentSession.swift */ = {isa = PBXFileReference; lastKnownFileType = sourcecode.swift; path = AgentSession.swift; sourceTree = "<group>"; };
		DC0000000000001000000019 /* SocketServer.swift */ = {isa = PBXFileReference; lastKnownFileType = sourcecode.swift; path = SocketServer.swift; sourceTree = "<group>"; };
		DC0000000000001000000020 /* AgentStatusManager.swift */ = {isa = PBXFileReference; lastKnownFileType = sourcecode.swift; path = AgentStatusManager.swift; sourceTree = "<group>"; };
		DC0000000000001000000021 /* HookInstaller.swift */ = {isa = PBXFileReference; lastKnownFileType = sourcecode.swift; path = HookInstaller.swift; sourceTree = "<group>"; };
		DC0000000000001000000022 /* HookRuntime.swift */ = {isa = PBXFileReference; lastKnownFileType = sourcecode.swift; path = HookRuntime.swift; sourceTree = "<group>"; };
DC0000000000001000000099 /* HookRoundTripTest.swift */ = {isa = PBXFileReference; lastKnownFileType = sourcecode.swift; path = HookRoundTripTest.swift; sourceTree = "<group>"; };
DC0000000000001000000100 /* RunningAgentScanner.swift */ = {isa = PBXFileReference; lastKnownFileType = sourcecode.swift; path = RunningAgentScanner.swift; sourceTree = "<group>"; };
DC0000000000001000000101 /* InstallAnywherePane.swift */ = {isa = PBXFileReference; lastKnownFileType = sourcecode.swift; path = InstallAnywherePane.swift; sourceTree = "<group>"; };
		DC0000000000001000000024 /* MCPRuntime.swift */ = {isa = PBXFileReference; lastKnownFileType = sourcecode.swift; path = MCPRuntime.swift; sourceTree = "<group>"; };
		DC0000000000001000000025 /* MCPInstaller.swift */ = {isa = PBXFileReference; lastKnownFileType = sourcecode.swift; path = MCPInstaller.swift; sourceTree = "<group>"; };
		DC0000000000001000000026 /* IPhoneRelay.swift */ = {isa = PBXFileReference; lastKnownFileType = sourcecode.swift; path = IPhoneRelay.swift; sourceTree = "<group>"; };
		DC0000000000001000000028 /* LegacyDefaults.swift */ = {isa = PBXFileReference; lastKnownFileType = sourcecode.swift; path = LegacyDefaults.swift; sourceTree = "<group>"; };
		DC0000000000001000000029 /* StatusBadge.swift */ = {isa = PBXFileReference; lastKnownFileType = sourcecode.swift; path = StatusBadge.swift; sourceTree = "<group>"; };
		DC0000000000001000000031 /* AgentTrackingView.swift */ = {isa = PBXFileReference; lastKnownFileType = sourcecode.swift; path = AgentTrackingView.swift; sourceTree = "<group>"; };
		DC0000000000001000000032 /* AgentTrackingSidebar.swift */ = {isa = PBXFileReference; lastKnownFileType = sourcecode.swift; path = AgentTrackingSidebar.swift; sourceTree = "<group>"; };
		DC0000000000001000000033 /* DetailPanes.swift */ = {isa = PBXFileReference; lastKnownFileType = sourcecode.swift; path = DetailPanes.swift; sourceTree = "<group>"; };
		DC0000000000001000000034 /* SetupSheets.swift */ = {isa = PBXFileReference; lastKnownFileType = sourcecode.swift; path = SetupSheets.swift; sourceTree = "<group>"; };
/* End PBXFileReference section */

/* Begin PBXFrameworksBuildPhase section */
		DC0000000000004000000003 /* Frameworks */ = {
			isa = PBXFrameworksBuildPhase;
			buildActionMask = 2147483647;
			files = (
				DC0000000000002000000010 /* Sparkle in Frameworks */,
			);
			runOnlyForDeploymentPostprocessing = 0;
		};
/* End PBXFrameworksBuildPhase section */

/* Begin PBXGroup section */
		DC0000000000003000000001 = {
			isa = PBXGroup;
			children = (
				DC0000000000003000000002 /* DoomCoder */,
				DC0000000000003000000003 /* Products */,
			);
			sourceTree = "<group>";
		};
		DC0000000000003000000002 /* DoomCoder */ = {
			isa = PBXGroup;
			children = (
				DC0000000000001000000002 /* DoomCoderApp.swift */,
				DC0000000000001000000003 /* SleepManager.swift */,
				DC0000000000001000000004 /* MenuBarView.swift */,
				DC0000000000001000000005 /* AboutView.swift */,
				DC0000000000001000000009 /* CheckForUpdatesViewModel.swift */,
				DC0000000000001000000012 /* NotificationManager.swift */,
				DC0000000000001000000014 /* SettingsView.swift */,
				DC0000000000001000000017 /* AgentEvent.swift */,
				DC0000000000001000000018 /* AgentSession.swift */,
				DC0000000000001000000019 /* SocketServer.swift */,
				DC0000000000001000000020 /* AgentStatusManager.swift */,
				DC0000000000001000000021 /* HookInstaller.swift */,
				DC0000000000001000000022 /* HookRuntime.swift */,
DC0000000000001000000099 /* HookRoundTripTest.swift */,
DC0000000000001000000100 /* RunningAgentScanner.swift */,
				DC0000000000001000000024 /* MCPRuntime.swift */,
				DC0000000000001000000025 /* MCPInstaller.swift */,
				DC0000000000001000000026 /* IPhoneRelay.swift */,
				DC0000000000003000000004 /* Migration */,
				DC0000000000003000000005 /* Design */,
				DC0000000000003000000007 /* AgentTracking */,
				DC0000000000001000000007 /* Assets.xcassets */,
				DC0000000000001000000006 /* Info.plist */,
				DC0000000000001000000008 /* DoomCoder.entitlements */,
			);
			path = DoomCoder;
			sourceTree = "<group>";
		};
		DC0000000000003000000004 /* Migration */ = {
			isa = PBXGroup;
			children = (
				DC0000000000001000000028 /* LegacyDefaults.swift */,
			);
			path = Migration;
			sourceTree = "<group>";
		};
		DC0000000000003000000005 /* Design */ = {
			isa = PBXGroup;
			children = (
				DC0000000000001000000029 /* StatusBadge.swift */,
			);
			path = Design;
			sourceTree = "<group>";
		};
		DC0000000000003000000007 /* AgentTracking */ = {
			isa = PBXGroup;
			children = (
				DC0000000000001000000031 /* AgentTrackingView.swift */,
				DC0000000000001000000032 /* AgentTrackingSidebar.swift */,
				DC0000000000001000000033 /* DetailPanes.swift */,
				DC0000000000001000000034 /* SetupSheets.swift */,
				DC0000000000001000000101 /* InstallAnywherePane.swift */,
			);
			path = AgentTracking;
			sourceTree = "<group>";
		};
		DC0000000000003000000003 /* Products */ = {
			isa = PBXGroup;
			children = (
				DC0000000000001000000001 /* DoomCoder.app */,
			);
			name = Products;
			sourceTree = "<group>";
		};
/* End PBXGroup section */

/* Begin PBXNativeTarget section */
		DC0000000000007000000001 /* DoomCoder */ = {
			isa = PBXNativeTarget;
			buildConfigurationList = DC0000000000006000000002 /* Build configuration list for PBXNativeTarget "DoomCoder" */;
			buildPhases = (
				DC0000000000004000000003 /* Frameworks */,
				DC0000000000004000000001 /* Sources */,
				DC0000000000004000000002 /* Resources */,
			);
			buildRules = (
			);
			dependencies = (
			);
			name = DoomCoder;
			packageProductDependencies = (
				DC0000000000009000000002 /* Sparkle */,
			);
			productName = DoomCoder;
			productReference = DC0000000000001000000001 /* DoomCoder.app */;
			productType = "com.apple.product-type.application";
		};
/* End PBXNativeTarget section */

/* Begin PBXProject section */
		DC0000000000008000000001 /* Project object */ = {
			isa = PBXProject;
			attributes = {
				BuildIndependentTargetsInParallel = 1;
				LastSwiftUpdateCheck = 2640;
				LastUpgradeCheck = 2640;
				TargetAttributes = {
					DC0000000000007000000001 = {
						CreatedOnToolsVersion = 26.4;
					};
				};
			};
			buildConfigurationList = DC0000000000006000000001 /* Build configuration list for PBXProject "DoomCoder" */;
			compatibilityVersion = "Xcode 14.0";
			developmentRegion = en;
			hasScannedForEncodings = 0;
			knownRegions = (
				en,
				Base,
			);
			mainGroup = DC0000000000003000000001;
			packageReferences = (
				DC0000000000009000000001 /* XCRemoteSwiftPackageReference "Sparkle" */,
			);
			productRefGroup = DC0000000000003000000003 /* Products */;
			projectDirPath = "";
			projectRoot = "";
			targets = (
				DC0000000000007000000001 /* DoomCoder */,
			);
		};
/* End PBXProject section */

/* Begin PBXResourcesBuildPhase section */
		DC0000000000004000000002 /* Resources */ = {
			isa = PBXResourcesBuildPhase;
			buildActionMask = 2147483647;
			files = (
				DC0000000000002000000007 /* Assets.xcassets in Resources */,
			);
			runOnlyForDeploymentPostprocessing = 0;
		};
/* End PBXResourcesBuildPhase section */

/* Begin PBXSourcesBuildPhase section */
		DC0000000000004000000001 /* Sources */ = {
			isa = PBXSourcesBuildPhase;
			buildActionMask = 2147483647;
			files = (
				DC0000000000002000000002 /* DoomCoderApp.swift in Sources */,
				DC0000000000002000000003 /* SleepManager.swift in Sources */,
				DC0000000000002000000004 /* MenuBarView.swift in Sources */,
				DC0000000000002000000005 /* AboutView.swift in Sources */,
				DC0000000000002000000009 /* CheckForUpdatesViewModel.swift in Sources */,
				DC0000000000002000000012 /* NotificationManager.swift in Sources */,
				DC0000000000002000000014 /* SettingsView.swift in Sources */,
				DC0000000000002000000017 /* AgentEvent.swift in Sources */,
				DC0000000000002000000018 /* AgentSession.swift in Sources */,
				DC0000000000002000000019 /* SocketServer.swift in Sources */,
				DC0000000000002000000020 /* AgentStatusManager.swift in Sources */,
				DC0000000000002000000021 /* HookInstaller.swift in Sources */,
				DC0000000000002000000022 /* HookRuntime.swift in Sources */,
DC0000000000002000000099 /* HookRoundTripTest.swift in Sources */,
DC0000000000002000000100 /* RunningAgentScanner.swift in Sources */,
				DC0000000000002000000024 /* MCPRuntime.swift in Sources */,
				DC0000000000002000000025 /* MCPInstaller.swift in Sources */,
				DC0000000000002000000026 /* IPhoneRelay.swift in Sources */,
				DC0000000000002000000028 /* LegacyDefaults.swift in Sources */,
				DC0000000000002000000029 /* StatusBadge.swift in Sources */,
				DC0000000000002000000031 /* AgentTrackingView.swift in Sources */,
				DC0000000000002000000032 /* AgentTrackingSidebar.swift in Sources */,
				DC0000000000002000000033 /* DetailPanes.swift in Sources */,
				DC0000000000002000000034 /* SetupSheets.swift in Sources */,
				DC0000000000002000000101 /* InstallAnywherePane.swift in Sources */,
			);
			runOnlyForDeploymentPostprocessing = 0;
		};
/* End PBXSourcesBuildPhase section */

/* Begin XCBuildConfiguration section */
		DC0000000000005000000001 /* Debug */ = {
			isa = XCBuildConfiguration;
			buildSettings = {
				ALWAYS_SEARCH_USER_PATHS = NO;
				ASSETCATALOG_COMPILER_GENERATE_SWIFT_ASSET_SYMBOL_EXTENSIONS = YES;
				CLANG_ANALYZER_NONNULL = YES;
				CLANG_ANALYZER_NUMBER_OBJECT_CONVERSION = YES_AGGRESSIVE;
				CLANG_CXX_LANGUAGE_STANDARD = "gnu++20";
				CLANG_ENABLE_MODULES = YES;
				CLANG_ENABLE_OBJC_ARC = YES;
				CLANG_ENABLE_OBJC_WEAK = YES;
				CLANG_WARN_BLOCK_CAPTURE_AUTORELEASING = YES;
				CLANG_WARN_BOOL_CONVERSION = YES;
				CLANG_WARN_COMMA = YES;
				CLANG_WARN_CONSTANT_CONVERSION = YES;
				CLANG_WARN_DEPRECATED_OBJC_IMPLEMENTATIONS = YES;
				CLANG_WARN_DIRECT_OBJC_ISA_USAGE = YES_ERROR;
				CLANG_WARN_DOCUMENTATION_COMMENTS = YES;
				CLANG_WARN_EMPTY_BODY = YES;
				CLANG_WARN_ENUM_CONVERSION = YES;
				CLANG_WARN_INFINITE_RECURSION = YES;
				CLANG_WARN_INT_CONVERSION = YES;
				CLANG_WARN_NON_LITERAL_NULL_CONVERSION = YES;
				CLANG_WARN_OBJC_IMPLICIT_RETAIN_CYCLE = YES;
				CLANG_WARN_OBJC_LITERAL_CONVERSION = YES;
				CLANG_WARN_OBJC_ROOT_CLASS = YES_ERROR;
				CLANG_WARN_QUOTED_INCLUDE_IN_FRAMEWORK_HEADER = YES;
				CLANG_WARN_RANGE_LOOP_ANALYSIS = YES;
				CLANG_WARN_STRICT_PROTOTYPES = YES;
				CLANG_WARN_SUSPICIOUS_MOVE = YES;
				CLANG_WARN_UNGUARDED_AVAILABILITY = YES_AGGRESSIVE;
				CLANG_WARN_UNREACHABLE_CODE = YES;
				CLANG_WARN__DUPLICATE_METHOD_MATCH = YES;
				COPY_PHASE_STRIP = NO;
				DEBUG_INFORMATION_FORMAT = dwarf;
				ENABLE_STRICT_OBJC_MSGSEND = YES;
				ENABLE_TESTABILITY = YES;
				ENABLE_USER_SCRIPT_SANDBOXING = YES;
				GCC_C_LANGUAGE_STANDARD = gnu17;
				GCC_DYNAMIC_NO_PIC = NO;
				GCC_NO_COMMON_BLOCKS = YES;
				GCC_OPTIMIZATION_LEVEL = 0;
				GCC_PREPROCESSOR_DEFINITIONS = (
					"DEBUG=1",
					"$(inherited)",
				);
				GCC_WARN_64_TO_32_BIT_CONVERSION = YES;
				GCC_WARN_ABOUT_RETURN_TYPE = YES_ERROR;
				GCC_WARN_UNDECLARED_SELECTOR = YES;
				GCC_WARN_UNINITIALIZED_AUTOS = YES_AGGRESSIVE;
				GCC_WARN_UNUSED_FUNCTION = YES;
				GCC_WARN_UNUSED_VARIABLE = YES;
				LOCALIZATION_PREFERS_STRING_CATALOGS = YES;
				MACOSX_DEPLOYMENT_TARGET = 26.0;
				MTL_ENABLE_DEBUG_INFO = INCLUDE_SOURCE;
				MTL_FAST_MATH = YES;
				ONLY_ACTIVE_ARCH = YES;
				SDKROOT = macosx;
				SWIFT_ACTIVE_COMPILATION_CONDITIONS = "DEBUG $(inherited)";
				SWIFT_OPTIMIZATION_LEVEL = "-Onone";
			};
			name = Debug;
		};
		DC0000000000005000000002 /* Release */ = {
			isa = XCBuildConfiguration;
			buildSettings = {
				ALWAYS_SEARCH_USER_PATHS = NO;
				ASSETCATALOG_COMPILER_GENERATE_SWIFT_ASSET_SYMBOL_EXTENSIONS = YES;
				CLANG_ANALYZER_NONNULL = YES;
				CLANG_ANALYZER_NUMBER_OBJECT_CONVERSION = YES_AGGRESSIVE;
				CLANG_CXX_LANGUAGE_STANDARD = "gnu++20";
				CLANG_ENABLE_MODULES = YES;
				CLANG_ENABLE_OBJC_ARC = YES;
				CLANG_ENABLE_OBJC_WEAK = YES;
				CLANG_WARN_BLOCK_CAPTURE_AUTORELEASING = YES;
				CLANG_WARN_BOOL_CONVERSION = YES;
				CLANG_WARN_COMMA = YES;
				CLANG_WARN_CONSTANT_CONVERSION = YES;
				CLANG_WARN_DEPRECATED_OBJC_IMPLEMENTATIONS = YES;
				CLANG_WARN_DIRECT_OBJC_ISA_USAGE = YES_ERROR;
				CLANG_WARN_DOCUMENTATION_COMMENTS = YES;
				CLANG_WARN_EMPTY_BODY = YES;
				CLANG_WARN_ENUM_CONVERSION = YES;
				CLANG_WARN_INFINITE_RECURSION = YES;
				CLANG_WARN_INT_CONVERSION = YES;
				CLANG_WARN_NON_LITERAL_NULL_CONVERSION = YES;
				CLANG_WARN_OBJC_IMPLICIT_RETAIN_CYCLE = YES;
				CLANG_WARN_OBJC_LITERAL_CONVERSION = YES;
				CLANG_WARN_OBJC_ROOT_CLASS = YES_ERROR;
				CLANG_WARN_QUOTED_INCLUDE_IN_FRAMEWORK_HEADER = YES;
				CLANG_WARN_RANGE_LOOP_ANALYSIS = YES;
				CLANG_WARN_STRICT_PROTOTYPES = YES;
				CLANG_WARN_SUSPICIOUS_MOVE = YES;
				CLANG_WARN_UNGUARDED_AVAILABILITY = YES_AGGRESSIVE;
				CLANG_WARN_UNREACHABLE_CODE = YES;
				CLANG_WARN__DUPLICATE_METHOD_MATCH = YES;
				COPY_PHASE_STRIP = NO;
				DEBUG_INFORMATION_FORMAT = "dwarf-with-dsym";
				ENABLE_NS_ASSERTIONS = NO;
				ENABLE_STRICT_OBJC_MSGSEND = YES;
				ENABLE_USER_SCRIPT_SANDBOXING = YES;
				GCC_C_LANGUAGE_STANDARD = gnu17;
				GCC_NO_COMMON_BLOCKS = YES;
				GCC_WARN_64_TO_32_BIT_CONVERSION = YES;
				GCC_WARN_ABOUT_RETURN_TYPE = YES_ERROR;
				GCC_WARN_UNDECLARED_SELECTOR = YES;
				GCC_WARN_UNINITIALIZED_AUTOS = YES_AGGRESSIVE;
				GCC_WARN_UNUSED_FUNCTION = YES;
				GCC_WARN_UNUSED_VARIABLE = YES;
				LOCALIZATION_PREFERS_STRING_CATALOGS = YES;
				MACOSX_DEPLOYMENT_TARGET = 26.0;
				MTL_FAST_MATH = YES;
				SDKROOT = macosx;
				SWIFT_COMPILATION_MODE = wholemodule;
				SWIFT_OPTIMIZATION_LEVEL = "-O";
			};
			name = Release;
		};
		DC0000000000005000000003 /* Debug */ = {
			isa = XCBuildConfiguration;
			buildSettings = {
				ASSETCATALOG_COMPILER_APPICON_NAME = AppIcon;
				CODE_SIGN_ENTITLEMENTS = DoomCoder/DoomCoder.entitlements;
				CODE_SIGN_STYLE = Automatic;
				COMBINE_HIDPI_IMAGES = YES;
				CURRENT_PROJECT_VERSION = 1;
				DEVELOPMENT_TEAM = "";
				ENABLE_HARDENED_RUNTIME = YES;
				GENERATE_INFOPLIST_FILE = NO;
				INFOPLIST_FILE = DoomCoder/Info.plist;
				LD_RUNPATH_SEARCH_PATHS = (
					"$(inherited)",
					"@executable_path/../Frameworks",
				);
				MARKETING_VERSION = 0.8.0;
				PRODUCT_BUNDLE_IDENTIFIER = com.doomcoder.app;
				PRODUCT_NAME = "$(TARGET_NAME)";
				SWIFT_EMIT_LOC_STRINGS = YES;
				SWIFT_VERSION = 6.0;
			};
			name = Debug;
		};
		DC0000000000005000000004 /* Release */ = {
			isa = XCBuildConfiguration;
			buildSettings = {
				ASSETCATALOG_COMPILER_APPICON_NAME = AppIcon;
				CODE_SIGN_ENTITLEMENTS = DoomCoder/DoomCoder.entitlements;
				CODE_SIGN_STYLE = Automatic;
				COMBINE_HIDPI_IMAGES = YES;
				CURRENT_PROJECT_VERSION = 1;
				DEVELOPMENT_TEAM = "";
				ENABLE_HARDENED_RUNTIME = YES;
				GENERATE_INFOPLIST_FILE = NO;
				INFOPLIST_FILE = DoomCoder/Info.plist;
				LD_RUNPATH_SEARCH_PATHS = (
					"$(inherited)",
					"@executable_path/../Frameworks",
				);
				MARKETING_VERSION = 0.8.0;
				PRODUCT_BUNDLE_IDENTIFIER = com.doomcoder.app;
				PRODUCT_NAME = "$(TARGET_NAME)";
				SWIFT_EMIT_LOC_STRINGS = YES;
				SWIFT_VERSION = 6.0;
			};
			name = Release;
		};
/* End XCBuildConfiguration section */

/* Begin XCConfigurationList section */
		DC0000000000006000000001 /* Build configuration list for PBXProject "DoomCoder" */ = {
			isa = XCConfigurationList;
			buildConfigurations = (
				DC0000000000005000000001 /* Debug */,
				DC0000000000005000000002 /* Release */,
			);
			defaultConfigurationIsVisible = 0;
			defaultConfigurationName = Release;
		};
		DC0000000000006000000002 /* Build configuration list for PBXNativeTarget "DoomCoder" */ = {
			isa = XCConfigurationList;
			buildConfigurations = (
				DC0000000000005000000003 /* Debug */,
				DC0000000000005000000004 /* Release */,
			);
			defaultConfigurationIsVisible = 0;
			defaultConfigurationName = Release;
		};
/* End XCConfigurationList section */

/* Begin XCRemoteSwiftPackageReference section */
		DC0000000000009000000001 /* XCRemoteSwiftPackageReference "Sparkle" */ = {
			isa = XCRemoteSwiftPackageReference;
			repositoryURL = "https://github.com/sparkle-project/Sparkle";
			requirement = {
				kind = upToNextMajorVersion;
				minimumVersion = 2.0.0;
			};
		};
/* End XCRemoteSwiftPackageReference section */

/* Begin XCSwiftPackageProductDependency section */
		DC0000000000009000000002 /* Sparkle */ = {
			isa = XCSwiftPackageProductDependency;
			package = DC0000000000009000000001 /* XCRemoteSwiftPackageReference "Sparkle" */;
			productName = Sparkle;
		};
/* End XCSwiftPackageProductDependency section */

	};
	rootObject = DC0000000000008000000001 /* Project object */;
}
