// !$*UTF8*$!
{
	archiveVersion = 1;
	classes = {
	};
	objectVersion = 77;
	objects = {

/* Begin PBXBuildFile section */
		086A75645B1059FF8E2AF2CA /* CloudKitPusher.swift in Sources */ = {isa = PBXBuildFile; fileRef = 87477377B262B2B2BA39729A /* CloudKitPusher.swift */; };
		DC0000000000001000000060 /* FoundationModels.framework in Frameworks */ = {isa = PBXBuildFile; fileRef = DC0000000000005000000060 /* FoundationModels.framework */; settings = {ATTRIBUTES = (Weak, ); }; };
		1C76E5FECBDED303B300FB6A /* CloudKitPusherDelegate.swift in Sources */ = {isa = PBXBuildFile; fileRef = CF9FDE1DC4D56B4433A07055 /* CloudKitPusherDelegate.swift */; };
		581BCAD520D6B5F4E8AE92B9 /* CloudKitPusherLifecycle.swift in Sources */ = {isa = PBXBuildFile; fileRef = AA3A8884C2E1245780700D4E /* CloudKitPusherLifecycle.swift */; };
		75DA2F57E2420F9EC7D0C65C /* DoomCoderCore in Frameworks */ = {isa = PBXBuildFile; productRef = 1E5CD75DFC788EE9A2743B1C /* DoomCoderCore */; };
		DC0000000000002000000123 /* HelpTip.swift in Sources */ = {isa = PBXBuildFile; fileRef = DC0000000000001000000123 /* HelpTip.swift */; };
		DC0000000000002000000002 /* DoomCoderApp.swift in Sources */ = {isa = PBXBuildFile; fileRef = DC0000000000001000000002 /* DoomCoderApp.swift */; };
		DC0000000000002000000003 /* SleepManager.swift in Sources */ = {isa = PBXBuildFile; fileRef = DC0000000000001000000003 /* SleepManager.swift */; };
		DC0000000000002000000052 /* ToolsWindow.swift in Sources */ = {isa = PBXBuildFile; fileRef = DC0000000000001000000052 /* ToolsWindow.swift */; };
		DC0000000000002000000005 /* AboutView.swift in Sources */ = {isa = PBXBuildFile; fileRef = DC0000000000001000000005 /* AboutView.swift */; };
		DC0000000000002000000F01 /* GlassCard.swift in Sources */ = {isa = PBXBuildFile; fileRef = DC0000000000001000000F01 /* GlassCard.swift */; };
		DC0000000000002000000F02 /* GlassButtonStyle.swift in Sources */ = {isa = PBXBuildFile; fileRef = DC0000000000001000000F02 /* GlassButtonStyle.swift */; };
		DC0000000000002000000F03 /* AppRouter.swift in Sources */ = {isa = PBXBuildFile; fileRef = DC0000000000001000000F03 /* AppRouter.swift */; };
		DC0000000000002000000F04 /* SymbolCatalog.swift in Sources */ = {isa = PBXBuildFile; fileRef = DC0000000000001000000F04 /* SymbolCatalog.swift */; };
		DC0000000000002000000F05 /* WhatsNewHost.swift in Sources */ = {isa = PBXBuildFile; fileRef = DC0000000000001000000F05 /* WhatsNewHost.swift */; };
		DC0000000000002000000F06 /* RainbowIdleGlow.swift in Sources */ = {isa = PBXBuildFile; fileRef = DC0000000000001000000F06 /* RainbowIdleGlow.swift */; };
		DC0000000000002000000007 /* Assets.xcassets in Resources */ = {isa = PBXBuildFile; fileRef = DC0000000000001000000007 /* Assets.xcassets */; };
		DC0000000000002000000009 /* CheckForUpdatesViewModel.swift in Sources */ = {isa = PBXBuildFile; fileRef = DC0000000000001000000009 /* CheckForUpdatesViewModel.swift */; };
		DC0000000000002000000010 /* Sparkle in Frameworks */ = {isa = PBXBuildFile; productRef = DC0000000000009000000002 /* Sparkle */; };
		DC0000000000002000000014 /* ConfigureSettingsPane.swift in Sources */ = {isa = PBXBuildFile; fileRef = DC0000000000001000000014 /* ConfigureSettingsPane.swift */; };
		DC0000000000002000000020 /* HookEnvelope.swift in Sources */ = {isa = PBXBuildFile; fileRef = DC0000000000001000000020 /* HookEnvelope.swift */; };
		DC0000000000002000000021 /* PauseFlag.swift in Sources */ = {isa = PBXBuildFile; fileRef = DC0000000000001000000021 /* PauseFlag.swift */; };
		DC0000000000002000000022 /* AgentDetector.swift in Sources */ = {isa = PBXBuildFile; fileRef = DC0000000000001000000022 /* AgentDetector.swift */; };
		DC0000000000002000000023 /* EventStore.swift in Sources */ = {isa = PBXBuildFile; fileRef = DC0000000000001000000023 /* EventStore.swift */; };
		DC0000000000002000000025 /* HookSocketListener.swift in Sources */ = {isa = PBXBuildFile; fileRef = DC0000000000001000000025 /* HookSocketListener.swift */; };
		DC0000000000002000000027 /* NotificationDispatcher.swift in Sources */ = {isa = PBXBuildFile; fileRef = DC0000000000001000000027 /* NotificationDispatcher.swift */; };
		DC0000000000002000000800 /* SleepStateNotifier.swift in Sources */ = {isa = PBXBuildFile; fileRef = DC0000000000001000000800 /* SleepStateNotifier.swift */; };
		DC0000000000002000000028 /* AgentTrackingManager.swift in Sources */ = {isa = PBXBuildFile; fileRef = DC0000000000001000000028 /* AgentTrackingManager.swift */; };
		DC0000000000002000000030 /* TrackAgentsPopover.swift in Sources */ = {isa = PBXBuildFile; fileRef = DC0000000000001000000030 /* TrackAgentsPopover.swift */; };
		DC0000000000002000000031 /* WhatsNewSheet.swift in Sources */ = {isa = PBXBuildFile; fileRef = DC0000000000001000000031 /* WhatsNewSheet.swift */; };
		DC0000000000002000000032 /* AgentInstallerV2.swift in Sources */ = {isa = PBXBuildFile; fileRef = DC0000000000001000000032 /* AgentInstallerV2.swift */; };
		DC0000000000002000000033 /* ChannelStore.swift in Sources */ = {isa = PBXBuildFile; fileRef = DC0000000000001000000033 /* ChannelStore.swift */; };
		DC0000000000002000000201 /* AgentNotificationPrefs.swift in Sources */ = {isa = PBXBuildFile; fileRef = DC0000000000001000000201 /* AgentNotificationPrefs.swift */; };
		DC0000000000002000000202 /* AgentNotificationCatalog.swift in Sources */ = {isa = PBXBuildFile; fileRef = DC0000000000001000000202 /* AgentNotificationCatalog.swift */; };
		DC0000000000002000000203 /* NotifyAboutCard.swift in Sources */ = {isa = PBXBuildFile; fileRef = DC0000000000001000000203 /* NotifyAboutCard.swift */; };
		DC0000000000002000000034 /* AgentIconProvider.swift in Sources */ = {isa = PBXBuildFile; fileRef = DC0000000000001000000034 /* AgentIconProvider.swift */; };
		DC0000000000002000000122 /* AgentIconView.swift in Sources */ = {isa = PBXBuildFile; fileRef = DC0000000000001000000122 /* AgentIconView.swift */; };
		DC0000000000002000000035 /* DeepLink.swift in Sources */ = {isa = PBXBuildFile; fileRef = DC0000000000001000000035 /* DeepLink.swift */; };
		DC0000000000002000000036 /* ChannelTester.swift in Sources */ = {isa = PBXBuildFile; fileRef = DC0000000000001000000036 /* ChannelTester.swift */; };
		DC0000000000002000000038 /* MigrationManager.swift in Sources */ = {isa = PBXBuildFile; fileRef = DC0000000000001000000038 /* MigrationManager.swift */; };
		DC0000000000002000000039 /* ConfigureAgentsWindowV2.swift in Sources */ = {isa = PBXBuildFile; fileRef = DC0000000000001000000039 /* ConfigureAgentsWindowV2.swift */; };
		DC0000000000002000000041 /* TrackingStore.swift in Sources */ = {isa = PBXBuildFile; fileRef = DC0000000000001000000041 /* TrackingStore.swift */; };
		DC0000000000002000000042 /* LogsView.swift in Sources */ = {isa = PBXBuildFile; fileRef = DC0000000000001000000042 /* LogsView.swift */; };
		DC0000000000002000000043 /* HookConfigBackend.swift in Sources */ = {isa = PBXBuildFile; fileRef = DC0000000000001000000043 /* HookConfigBackend.swift */; };
		DC0000000000002000000044 /* AgentEventNormalizer.swift in Sources */ = {isa = PBXBuildFile; fileRef = DC0000000000001000000044 /* AgentEventNormalizer.swift */; };
		DC0000000000002000000045 /* LiveEventsStore.swift in Sources */ = {isa = PBXBuildFile; fileRef = DC0000000000001000000045 /* LiveEventsStore.swift */; };
		DC0000000000002000000046 /* UIAnimations.swift in Sources */ = {isa = PBXBuildFile; fileRef = DC0000000000001000000046 /* UIAnimations.swift */; };
		DC0000000000002000000047 /* FloatingPanelController.swift in Sources */ = {isa = PBXBuildFile; fileRef = DC0000000000001000000047 /* FloatingPanelController.swift */; };
		DC0000000000002000000048 /* StatusItemController.swift in Sources */ = {isa = PBXBuildFile; fileRef = DC0000000000001000000048 /* StatusItemController.swift */; };
		DC0000000000002000000049 /* GlobalHotkey.swift in Sources */ = {isa = PBXBuildFile; fileRef = DC0000000000001000000049 /* GlobalHotkey.swift */; };
		DC0000000000002000000050 /* AccessibilityPermission.swift in Sources */ = {isa = PBXBuildFile; fileRef = DC0000000000001000000050 /* AccessibilityPermission.swift */; };
		DC0000000000002000000051 /* PanelRootView.swift in Sources */ = {isa = PBXBuildFile; fileRef = DC0000000000001000000051 /* PanelRootView.swift */; };
		DC0000000000002000000100 /* PIDLiveness.swift in Sources */ = {isa = PBXBuildFile; fileRef = DC0000000000001000000100 /* PIDLiveness.swift */; };
		DC0000000000002000000101 /* RateLimiter.swift in Sources */ = {isa = PBXBuildFile; fileRef = DC0000000000001000000101 /* RateLimiter.swift */; };
		DC0000000000002000000102 /* IconDownloader.swift in Sources */ = {isa = PBXBuildFile; fileRef = DC0000000000001000000102 /* IconDownloader.swift */; };
		DC0000000000002000000103 /* PrivacyInfo.xcprivacy in Resources */ = {isa = PBXBuildFile; fileRef = DC0000000000001000000103 /* PrivacyInfo.xcprivacy */; };
		DC0000000000002000000104 /* PayloadRendererView.swift in Sources */ = {isa = PBXBuildFile; fileRef = DC0000000000001000000104 /* PayloadRendererView.swift */; };
		DC0000000000002000000110 /* AgentProcessMonitor.swift in Sources */ = {isa = PBXBuildFile; fileRef = DC0000000000001000000110 /* AgentProcessMonitor.swift */; };
		DC0000000000002000000111 /* PIDWatcher.swift in Sources */ = {isa = PBXBuildFile; fileRef = DC0000000000001000000111 /* PIDWatcher.swift */; };
		DC0000000000002000000120 /* AgentCapabilities.swift in Sources */ = {isa = PBXBuildFile; fileRef = DC0000000000001000000120 /* AgentCapabilities.swift */; };
		DC0000000000002000000121 /* CopilotPermissionsReader.swift in Sources */ = {isa = PBXBuildFile; fileRef = DC0000000000001000000121 /* CopilotPermissionsReader.swift */; };
		DC0000000000002000000701 /* ApprovalArbiter.swift in Sources */ = {isa = PBXBuildFile; fileRef = DC0000000000001000000701 /* ApprovalArbiter.swift */; };
/* End PBXBuildFile section */

/* Begin PBXFileReference section */
		10BE8A907052E381A9766A37 /* DoomCoder.Release.entitlements */ = {isa = PBXFileReference; includeInIndex = 1; lastKnownFileType = text.plist.entitlements; path = DoomCoder.Release.entitlements; sourceTree = "<group>"; };
		DC0000000000005000000060 /* FoundationModels.framework */ = {isa = PBXFileReference; lastKnownFileType = wrapper.framework; name = FoundationModels.framework; path = System/Library/Frameworks/FoundationModels.framework; sourceTree = SDKROOT; };
		87477377B262B2B2BA39729A /* CloudKitPusher.swift */ = {isa = PBXFileReference; includeInIndex = 1; lastKnownFileType = sourcecode.swift; path = CloudKitPusher.swift; sourceTree = "<group>"; };
		AA3A8884C2E1245780700D4E /* CloudKitPusherLifecycle.swift */ = {isa = PBXFileReference; includeInIndex = 1; lastKnownFileType = sourcecode.swift; path = CloudKitPusherLifecycle.swift; sourceTree = "<group>"; };
		CF9FDE1DC4D56B4433A07055 /* CloudKitPusherDelegate.swift */ = {isa = PBXFileReference; includeInIndex = 1; lastKnownFileType = sourcecode.swift; path = CloudKitPusherDelegate.swift; sourceTree = "<group>"; };
		DC0000000000001000000001 /* DoomCoder.app */ = {isa = PBXFileReference; explicitFileType = wrapper.application; includeInIndex = 0; path = DoomCoder.app; sourceTree = BUILT_PRODUCTS_DIR; };
		DC0000000000001000000123 /* HelpTip.swift */ = {isa = PBXFileReference; lastKnownFileType = sourcecode.swift; path = HelpTip.swift; sourceTree = "<group>"; };
		DC0000000000001000000002 /* DoomCoderApp.swift */ = {isa = PBXFileReference; lastKnownFileType = sourcecode.swift; path = DoomCoderApp.swift; sourceTree = "<group>"; };
		DC0000000000001000000003 /* SleepManager.swift */ = {isa = PBXFileReference; lastKnownFileType = sourcecode.swift; path = SleepManager.swift; sourceTree = "<group>"; };
		DC0000000000001000000052 /* ToolsWindow.swift */ = {isa = PBXFileReference; lastKnownFileType = sourcecode.swift; path = ToolsWindow.swift; sourceTree = "<group>"; };
		DC0000000000001000000005 /* AboutView.swift */ = {isa = PBXFileReference; lastKnownFileType = sourcecode.swift; path = AboutView.swift; sourceTree = "<group>"; };
		DC0000000000001000000F01 /* GlassCard.swift */ = {isa = PBXFileReference; lastKnownFileType = sourcecode.swift; path = GlassCard.swift; sourceTree = "<group>"; };
		DC0000000000001000000F02 /* GlassButtonStyle.swift */ = {isa = PBXFileReference; lastKnownFileType = sourcecode.swift; path = GlassButtonStyle.swift; sourceTree = "<group>"; };
		DC0000000000001000000F03 /* AppRouter.swift */ = {isa = PBXFileReference; lastKnownFileType = sourcecode.swift; path = AppRouter.swift; sourceTree = "<group>"; };
		DC0000000000001000000F04 /* SymbolCatalog.swift */ = {isa = PBXFileReference; lastKnownFileType = sourcecode.swift; path = SymbolCatalog.swift; sourceTree = "<group>"; };
		DC0000000000001000000F05 /* WhatsNewHost.swift */ = {isa = PBXFileReference; lastKnownFileType = sourcecode.swift; path = WhatsNewHost.swift; sourceTree = "<group>"; };
		DC0000000000001000000F06 /* RainbowIdleGlow.swift */ = {isa = PBXFileReference; lastKnownFileType = sourcecode.swift; path = RainbowIdleGlow.swift; sourceTree = "<group>"; };
		DC0000000000001000000006 /* Info.plist */ = {isa = PBXFileReference; lastKnownFileType = text.plist.xml; path = Info.plist; sourceTree = "<group>"; };
		DC0000000000001000000007 /* Assets.xcassets */ = {isa = PBXFileReference; lastKnownFileType = folder.assetcatalog; path = Assets.xcassets; sourceTree = "<group>"; };
		DC0000000000001000000008 /* DoomCoder.entitlements */ = {isa = PBXFileReference; lastKnownFileType = text.plist.entitlements; path = DoomCoder.entitlements; sourceTree = "<group>"; };
		DC0000000000001000000009 /* CheckForUpdatesViewModel.swift */ = {isa = PBXFileReference; lastKnownFileType = sourcecode.swift; path = CheckForUpdatesViewModel.swift; sourceTree = "<group>"; };
		DC0000000000001000000014 /* ConfigureSettingsPane.swift */ = {isa = PBXFileReference; lastKnownFileType = sourcecode.swift; path = ConfigureSettingsPane.swift; sourceTree = "<group>"; };
		DC0000000000001000000020 /* HookEnvelope.swift */ = {isa = PBXFileReference; lastKnownFileType = sourcecode.swift; path = HookEnvelope.swift; sourceTree = "<group>"; };
		DC0000000000001000000021 /* PauseFlag.swift */ = {isa = PBXFileReference; lastKnownFileType = sourcecode.swift; path = PauseFlag.swift; sourceTree = "<group>"; };
		DC0000000000001000000022 /* AgentDetector.swift */ = {isa = PBXFileReference; lastKnownFileType = sourcecode.swift; path = AgentDetector.swift; sourceTree = "<group>"; };
		DC0000000000001000000023 /* EventStore.swift */ = {isa = PBXFileReference; lastKnownFileType = sourcecode.swift; path = EventStore.swift; sourceTree = "<group>"; };
		DC0000000000001000000025 /* HookSocketListener.swift */ = {isa = PBXFileReference; lastKnownFileType = sourcecode.swift; path = HookSocketListener.swift; sourceTree = "<group>"; };
		DC0000000000001000000027 /* NotificationDispatcher.swift */ = {isa = PBXFileReference; lastKnownFileType = sourcecode.swift; path = NotificationDispatcher.swift; sourceTree = "<group>"; };
		DC0000000000001000000800 /* SleepStateNotifier.swift */ = {isa = PBXFileReference; lastKnownFileType = sourcecode.swift; path = SleepStateNotifier.swift; sourceTree = "<group>"; };
		DC0000000000001000000028 /* AgentTrackingManager.swift */ = {isa = PBXFileReference; lastKnownFileType = sourcecode.swift; path = AgentTrackingManager.swift; sourceTree = "<group>"; };
		DC0000000000001000000030 /* TrackAgentsPopover.swift */ = {isa = PBXFileReference; lastKnownFileType = sourcecode.swift; path = TrackAgentsPopover.swift; sourceTree = "<group>"; };
		DC0000000000001000000031 /* WhatsNewSheet.swift */ = {isa = PBXFileReference; lastKnownFileType = sourcecode.swift; path = WhatsNewSheet.swift; sourceTree = "<group>"; };
		DC0000000000001000000032 /* AgentInstallerV2.swift */ = {isa = PBXFileReference; lastKnownFileType = sourcecode.swift; path = AgentInstallerV2.swift; sourceTree = "<group>"; };
		DC0000000000001000000033 /* ChannelStore.swift */ = {isa = PBXFileReference; lastKnownFileType = sourcecode.swift; path = ChannelStore.swift; sourceTree = "<group>"; };
		DC0000000000001000000201 /* AgentNotificationPrefs.swift */ = {isa = PBXFileReference; lastKnownFileType = sourcecode.swift; path = AgentNotificationPrefs.swift; sourceTree = "<group>"; };
		DC0000000000001000000202 /* AgentNotificationCatalog.swift */ = {isa = PBXFileReference; lastKnownFileType = sourcecode.swift; path = AgentNotificationCatalog.swift; sourceTree = "<group>"; };
		DC0000000000001000000203 /* NotifyAboutCard.swift */ = {isa = PBXFileReference; lastKnownFileType = sourcecode.swift; path = NotifyAboutCard.swift; sourceTree = "<group>"; };
		DC0000000000001000000034 /* AgentIconProvider.swift */ = {isa = PBXFileReference; lastKnownFileType = sourcecode.swift; path = AgentIconProvider.swift; sourceTree = "<group>"; };
		DC0000000000001000000122 /* AgentIconView.swift */ = {isa = PBXFileReference; lastKnownFileType = sourcecode.swift; path = AgentIconView.swift; sourceTree = "<group>"; };
		DC0000000000001000000035 /* DeepLink.swift */ = {isa = PBXFileReference; lastKnownFileType = sourcecode.swift; path = DeepLink.swift; sourceTree = "<group>"; };
		DC0000000000001000000036 /* ChannelTester.swift */ = {isa = PBXFileReference; lastKnownFileType = sourcecode.swift; path = ChannelTester.swift; sourceTree = "<group>"; };
		DC0000000000001000000038 /* MigrationManager.swift */ = {isa = PBXFileReference; lastKnownFileType = sourcecode.swift; path = MigrationManager.swift; sourceTree = "<group>"; };
		DC0000000000001000000039 /* ConfigureAgentsWindowV2.swift */ = {isa = PBXFileReference; lastKnownFileType = sourcecode.swift; path = ConfigureAgentsWindowV2.swift; sourceTree = "<group>"; };
		DC0000000000001000000041 /* TrackingStore.swift */ = {isa = PBXFileReference; lastKnownFileType = sourcecode.swift; path = TrackingStore.swift; sourceTree = "<group>"; };
		DC0000000000001000000042 /* LogsView.swift */ = {isa = PBXFileReference; lastKnownFileType = sourcecode.swift; path = LogsView.swift; sourceTree = "<group>"; };
		DC0000000000001000000043 /* HookConfigBackend.swift */ = {isa = PBXFileReference; lastKnownFileType = sourcecode.swift; path = HookConfigBackend.swift; sourceTree = "<group>"; };
		DC0000000000001000000044 /* AgentEventNormalizer.swift */ = {isa = PBXFileReference; lastKnownFileType = sourcecode.swift; path = AgentEventNormalizer.swift; sourceTree = "<group>"; };
		DC0000000000001000000045 /* LiveEventsStore.swift */ = {isa = PBXFileReference; lastKnownFileType = sourcecode.swift; path = LiveEventsStore.swift; sourceTree = "<group>"; };
		DC0000000000001000000046 /* UIAnimations.swift */ = {isa = PBXFileReference; lastKnownFileType = sourcecode.swift; path = UIAnimations.swift; sourceTree = "<group>"; };
		DC0000000000001000000047 /* FloatingPanelController.swift */ = {isa = PBXFileReference; lastKnownFileType = sourcecode.swift; path = FloatingPanelController.swift; sourceTree = "<group>"; };
		DC0000000000001000000048 /* StatusItemController.swift */ = {isa = PBXFileReference; lastKnownFileType = sourcecode.swift; path = StatusItemController.swift; sourceTree = "<group>"; };
		DC0000000000001000000049 /* GlobalHotkey.swift */ = {isa = PBXFileReference; lastKnownFileType = sourcecode.swift; path = GlobalHotkey.swift; sourceTree = "<group>"; };
		DC0000000000001000000050 /* AccessibilityPermission.swift */ = {isa = PBXFileReference; lastKnownFileType = sourcecode.swift; path = AccessibilityPermission.swift; sourceTree = "<group>"; };
		DC0000000000001000000051 /* PanelRootView.swift */ = {isa = PBXFileReference; lastKnownFileType = sourcecode.swift; path = PanelRootView.swift; sourceTree = "<group>"; };
		DC0000000000001000000100 /* PIDLiveness.swift */ = {isa = PBXFileReference; lastKnownFileType = sourcecode.swift; path = PIDLiveness.swift; sourceTree = "<group>"; };
		DC0000000000001000000101 /* RateLimiter.swift */ = {isa = PBXFileReference; lastKnownFileType = sourcecode.swift; path = RateLimiter.swift; sourceTree = "<group>"; };
		DC0000000000001000000102 /* IconDownloader.swift */ = {isa = PBXFileReference; lastKnownFileType = sourcecode.swift; path = IconDownloader.swift; sourceTree = "<group>"; };
		DC0000000000001000000103 /* PrivacyInfo.xcprivacy */ = {isa = PBXFileReference; lastKnownFileType = text.plist.xml; path = PrivacyInfo.xcprivacy; sourceTree = "<group>"; };
		DC0000000000001000000104 /* PayloadRendererView.swift */ = {isa = PBXFileReference; lastKnownFileType = sourcecode.swift; path = PayloadRendererView.swift; sourceTree = "<group>"; };
		DC0000000000001000000110 /* AgentProcessMonitor.swift */ = {isa = PBXFileReference; lastKnownFileType = sourcecode.swift; path = AgentProcessMonitor.swift; sourceTree = "<group>"; };
		DC0000000000001000000111 /* PIDWatcher.swift */ = {isa = PBXFileReference; lastKnownFileType = sourcecode.swift; path = PIDWatcher.swift; sourceTree = "<group>"; };
		DC0000000000001000000120 /* AgentCapabilities.swift */ = {isa = PBXFileReference; lastKnownFileType = sourcecode.swift; path = AgentCapabilities.swift; sourceTree = "<group>"; };
		DC0000000000001000000121 /* CopilotPermissionsReader.swift */ = {isa = PBXFileReference; lastKnownFileType = sourcecode.swift; path = CopilotPermissionsReader.swift; sourceTree = "<group>"; };
		DC0000000000001000000701 /* ApprovalArbiter.swift */ = {isa = PBXFileReference; lastKnownFileType = sourcecode.swift; path = ApprovalArbiter.swift; sourceTree = "<group>"; };
/* End PBXFileReference section */

/* Begin PBXFrameworksBuildPhase section */
		DC0000000000004000000003 /* Frameworks */ = {
			isa = PBXFrameworksBuildPhase;
			buildActionMask = 2147483647;
			files = (
				DC0000000000002000000010 /* Sparkle in Frameworks */,
				75DA2F57E2420F9EC7D0C65C /* DoomCoderCore in Frameworks */,
				DC0000000000001000000060 /* FoundationModels.framework in Frameworks */,
			);
			runOnlyForDeploymentPostprocessing = 0;
		};
/* End PBXFrameworksBuildPhase section */

/* Begin PBXGroup section */
		DC0000000000003000000001 = {
			isa = PBXGroup;
			children = (
				DC0000000000003000000002 /* DoomCoder */,
				DC0000000000003000000003 /* Products */,
			);
			sourceTree = "<group>";
		};
		DC0000000000003000000002 /* DoomCoder */ = {
			isa = PBXGroup;
			children = (
				DC0000000000001000000123 /* HelpTip.swift */,
				DC0000000000001000000002 /* DoomCoderApp.swift */,
				DC0000000000001000000F01 /* GlassCard.swift */,
				DC0000000000001000000F02 /* GlassButtonStyle.swift */,
				DC0000000000001000000F03 /* AppRouter.swift */,
				DC0000000000001000000F04 /* SymbolCatalog.swift */,
				DC0000000000001000000F05 /* WhatsNewHost.swift */,
				DC0000000000001000000F06 /* RainbowIdleGlow.swift */,
				DC0000000000001000000003 /* SleepManager.swift */,
				DC0000000000001000000052 /* ToolsWindow.swift */,
				DC0000000000001000000005 /* AboutView.swift */,
				DC0000000000001000000009 /* CheckForUpdatesViewModel.swift */,
				DC0000000000001000000014 /* ConfigureSettingsPane.swift */,
				DC0000000000001000000047 /* FloatingPanelController.swift */,
				DC0000000000001000000048 /* StatusItemController.swift */,
				DC0000000000001000000049 /* GlobalHotkey.swift */,
				DC0000000000001000000050 /* AccessibilityPermission.swift */,
				DC0000000000001000000051 /* PanelRootView.swift */,
				DC0000000000003000000004 /* AgentTracking */,
				DC0000000000001000000007 /* Assets.xcassets */,
				DC0000000000001000000006 /* Info.plist */,
				DC0000000000001000000008 /* DoomCoder.entitlements */,
				DC0000000000001000000103 /* PrivacyInfo.xcprivacy */,
				10BE8A907052E381A9766A37 /* DoomCoder.Release.entitlements */,
			);
			path = DoomCoder;
			sourceTree = "<group>";
		};
		DC0000000000003000000003 /* Products */ = {
			isa = PBXGroup;
			children = (
				DC0000000000001000000001 /* DoomCoder.app */,
			);
			name = Products;
			sourceTree = "<group>";
		};
		DC0000000000003000000004 /* AgentTracking */ = {
			isa = PBXGroup;
			children = (
				DC0000000000001000000020 /* HookEnvelope.swift */,
				DC0000000000001000000021 /* PauseFlag.swift */,
				DC0000000000001000000022 /* AgentDetector.swift */,
				DC0000000000001000000023 /* EventStore.swift */,
				DC0000000000001000000025 /* HookSocketListener.swift */,
				DC0000000000001000000032 /* AgentInstallerV2.swift */,
				DC0000000000001000000027 /* NotificationDispatcher.swift */,
				DC0000000000001000000800 /* SleepStateNotifier.swift */,
				DC0000000000001000000028 /* AgentTrackingManager.swift */,
				DC0000000000001000000039 /* ConfigureAgentsWindowV2.swift */,
				DC0000000000001000000030 /* TrackAgentsPopover.swift */,
				DC0000000000001000000031 /* WhatsNewSheet.swift */,
				DC0000000000001000000033 /* ChannelStore.swift */,
				DC0000000000001000000201 /* AgentNotificationPrefs.swift */,
				DC0000000000001000000202 /* AgentNotificationCatalog.swift */,
				DC0000000000001000000203 /* NotifyAboutCard.swift */,
				DC0000000000001000000034 /* AgentIconProvider.swift */,
				DC0000000000001000000122 /* AgentIconView.swift */,
				DC0000000000001000000035 /* DeepLink.swift */,
				DC0000000000001000000036 /* ChannelTester.swift */,
				DC0000000000001000000038 /* MigrationManager.swift */,
				DC0000000000001000000041 /* TrackingStore.swift */,
				DC0000000000001000000042 /* LogsView.swift */,
				DC0000000000001000000043 /* HookConfigBackend.swift */,
				DC0000000000001000000044 /* AgentEventNormalizer.swift */,
				DC0000000000001000000045 /* LiveEventsStore.swift */,
				DC0000000000001000000046 /* UIAnimations.swift */,
				DC0000000000001000000104 /* PayloadRendererView.swift */,
				DC0000000000001000000100 /* PIDLiveness.swift */,
				DC0000000000001000000110 /* AgentProcessMonitor.swift */,
				DC0000000000001000000111 /* PIDWatcher.swift */,
				DC0000000000001000000101 /* RateLimiter.swift */,
				DC0000000000001000000102 /* IconDownloader.swift */,
				87477377B262B2B2BA39729A /* CloudKitPusher.swift */,
				CF9FDE1DC4D56B4433A07055 /* CloudKitPusherDelegate.swift */,
				AA3A8884C2E1245780700D4E /* CloudKitPusherLifecycle.swift */,
				DC0000000000001000000120 /* AgentCapabilities.swift */,
				DC0000000000001000000121 /* CopilotPermissionsReader.swift */,
				DC0000000000001000000701 /* ApprovalArbiter.swift */,
			);
			path = AgentTracking;
			sourceTree = "<group>";
		};
/* End PBXGroup section */

/* Begin PBXNativeTarget section */
		DC0000000000007000000001 /* DoomCoder */ = {
			isa = PBXNativeTarget;
			buildConfigurationList = DC0000000000006000000002 /* Build configuration list for PBXNativeTarget "DoomCoder" */;
			buildPhases = (
				DC0000000000004000000003 /* Frameworks */,
				DC0000000000004000000001 /* Sources */,
				DC0000000000004000000002 /* Resources */,
				DC0000000000004000000010 /* Build dc-hook helper */,
			);
			buildRules = (
			);
			dependencies = (
			);
			name = DoomCoder;
			packageProductDependencies = (
				DC0000000000009000000002 /* Sparkle */,
				1E5CD75DFC788EE9A2743B1C /* DoomCoderCore */,
			);
			productName = DoomCoder;
			productReference = DC0000000000001000000001 /* DoomCoder.app */;
			productType = "com.apple.product-type.application";
		};
/* End PBXNativeTarget section */

/* Begin PBXProject section */
		DC0000000000008000000001 /* Project object */ = {
			isa = PBXProject;
			attributes = {
				BuildIndependentTargetsInParallel = 1;
				LastSwiftUpdateCheck = 2640;
				LastUpgradeCheck = 2640;
				TargetAttributes = {
					DC0000000000007000000001 = {
						CreatedOnToolsVersion = 26.4;
					};
				};
			};
			buildConfigurationList = DC0000000000006000000001 /* Build configuration list for PBXProject "DoomCoder" */;
			compatibilityVersion = "Xcode 14.0";
			developmentRegion = en;
			hasScannedForEncodings = 0;
			knownRegions = (
				en,
				Base,
			);
			mainGroup = DC0000000000003000000001;
			packageReferences = (
				DC0000000000009000000001 /* XCRemoteSwiftPackageReference "Sparkle" */,
				696C60BA0AF966AA4466243F /* XCLocalSwiftPackageReference "DoomCoderCore" */,
			);
			productRefGroup = DC0000000000003000000003 /* Products */;
			projectDirPath = "";
			projectRoot = "";
			targets = (
				DC0000000000007000000001 /* DoomCoder */,
			);
		};
/* End PBXProject section */

/* Begin PBXResourcesBuildPhase section */
		DC0000000000004000000002 /* Resources */ = {
			isa = PBXResourcesBuildPhase;
			buildActionMask = 2147483647;
			files = (
				DC0000000000002000000007 /* Assets.xcassets in Resources */,
				DC0000000000002000000103 /* PrivacyInfo.xcprivacy in Resources */,
			);
			runOnlyForDeploymentPostprocessing = 0;
		};
/* End PBXResourcesBuildPhase section */

/* Begin PBXShellScriptBuildPhase section */
		DC0000000000004000000010 /* Build dc-hook helper */ = {
			isa = PBXShellScriptBuildPhase;
			alwaysOutOfDate = 1;
			buildActionMask = 2147483647;
			files = (
			);
			inputFileListPaths = (
			);
			inputPaths = (
				"$(SRCROOT)/dc-hook/main.swift",
			);
			name = "Build dc-hook helper";
			outputFileListPaths = (
			);
			outputPaths = (
				"$(BUILT_PRODUCTS_DIR)/$(CONTENTS_FOLDER_PATH)/Resources/dc-hook",
			);
			runOnlyForDeploymentPostprocessing = 0;
			shellPath = /bin/sh;
			shellScript = "set -e\nRES_DIR=\"$BUILT_PRODUCTS_DIR/$CONTENTS_FOLDER_PATH/Resources\"\nmkdir -p \"$RES_DIR\"\nOUT=\"$RES_DIR/dc-hook\"\nxcrun swiftc -O -target \"$(uname -m)-apple-macos$MACOSX_DEPLOYMENT_TARGET\" \"$SRCROOT/dc-hook/main.swift\" -o \"$OUT\"\n# Audit 2026-06: removed `|| true` after the codesign call. The\n# trailing `|| true` was swallowing codesign failures silently;\n# in Debug without a signing identity, the variable is empty and the\n# block is skipped, so the previous behaviour is preserved. With a\n# signing identity, a codesign failure now propagates as a build\n# error (which is what we want — a half-signed helper would silently\n# break agent invocations).\nif [ -n \"$EXPANDED_CODE_SIGN_IDENTITY\" ]; then\n  codesign --force --sign \"$EXPANDED_CODE_SIGN_IDENTITY\" --options=runtime \"$OUT\"\nfi\n";
		};
/* End PBXShellScriptBuildPhase section */

/* Begin PBXSourcesBuildPhase section */
		DC0000000000004000000001 /* Sources */ = {
			isa = PBXSourcesBuildPhase;
			buildActionMask = 2147483647;
			files = (
				DC0000000000002000000123 /* HelpTip.swift in Sources */,
				DC0000000000002000000002 /* DoomCoderApp.swift in Sources */,
				DC0000000000002000000003 /* SleepManager.swift in Sources */,
				DC0000000000002000000052 /* ToolsWindow.swift in Sources */,
				DC0000000000002000000005 /* AboutView.swift in Sources */,
				DC0000000000002000000F01 /* GlassCard.swift in Sources */,
				DC0000000000002000000F02 /* GlassButtonStyle.swift in Sources */,
				DC0000000000002000000F03 /* AppRouter.swift in Sources */,
				DC0000000000002000000F04 /* SymbolCatalog.swift in Sources */,
				DC0000000000002000000F05 /* WhatsNewHost.swift in Sources */,
				DC0000000000002000000F06 /* RainbowIdleGlow.swift in Sources */,
				DC0000000000002000000009 /* CheckForUpdatesViewModel.swift in Sources */,
				DC0000000000002000000014 /* ConfigureSettingsPane.swift in Sources */,
				DC0000000000002000000020 /* HookEnvelope.swift in Sources */,
				DC0000000000002000000021 /* PauseFlag.swift in Sources */,
				DC0000000000002000000022 /* AgentDetector.swift in Sources */,
				DC0000000000002000000023 /* EventStore.swift in Sources */,
				DC0000000000002000000025 /* HookSocketListener.swift in Sources */,
				DC0000000000002000000032 /* AgentInstallerV2.swift in Sources */,
				DC0000000000002000000027 /* NotificationDispatcher.swift in Sources */,
				DC0000000000002000000800 /* SleepStateNotifier.swift in Sources */,
				DC0000000000002000000028 /* AgentTrackingManager.swift in Sources */,
				DC0000000000002000000039 /* ConfigureAgentsWindowV2.swift in Sources */,
				DC0000000000002000000030 /* TrackAgentsPopover.swift in Sources */,
				DC0000000000002000000031 /* WhatsNewSheet.swift in Sources */,
				DC0000000000002000000033 /* ChannelStore.swift in Sources */,
				DC0000000000002000000201 /* AgentNotificationPrefs.swift in Sources */,
				DC0000000000002000000202 /* AgentNotificationCatalog.swift in Sources */,
				DC0000000000002000000203 /* NotifyAboutCard.swift in Sources */,
				DC0000000000002000000034 /* AgentIconProvider.swift in Sources */,
				DC0000000000002000000122 /* AgentIconView.swift in Sources */,
				DC0000000000002000000035 /* DeepLink.swift in Sources */,
				DC0000000000002000000036 /* ChannelTester.swift in Sources */,
				DC0000000000002000000038 /* MigrationManager.swift in Sources */,
				DC0000000000002000000041 /* TrackingStore.swift in Sources */,
				DC0000000000002000000042 /* LogsView.swift in Sources */,
				DC0000000000002000000043 /* HookConfigBackend.swift in Sources */,
				DC0000000000002000000044 /* AgentEventNormalizer.swift in Sources */,
				DC0000000000002000000045 /* LiveEventsStore.swift in Sources */,
				DC0000000000002000000046 /* UIAnimations.swift in Sources */,
				DC0000000000002000000104 /* PayloadRendererView.swift in Sources */,
				DC0000000000002000000047 /* FloatingPanelController.swift in Sources */,
				DC0000000000002000000048 /* StatusItemController.swift in Sources */,
				DC0000000000002000000049 /* GlobalHotkey.swift in Sources */,
				DC0000000000002000000050 /* AccessibilityPermission.swift in Sources */,
				DC0000000000002000000051 /* PanelRootView.swift in Sources */,
				DC0000000000002000000100 /* PIDLiveness.swift in Sources */,
				DC0000000000002000000110 /* AgentProcessMonitor.swift in Sources */,
				DC0000000000002000000111 /* PIDWatcher.swift in Sources */,
				DC0000000000002000000101 /* RateLimiter.swift in Sources */,
				DC0000000000002000000102 /* IconDownloader.swift in Sources */,
				086A75645B1059FF8E2AF2CA /* CloudKitPusher.swift in Sources */,
				1C76E5FECBDED303B300FB6A /* CloudKitPusherDelegate.swift in Sources */,
				581BCAD520D6B5F4E8AE92B9 /* CloudKitPusherLifecycle.swift in Sources */,
				DC0000000000002000000120 /* AgentCapabilities.swift in Sources */,
				DC0000000000002000000121 /* CopilotPermissionsReader.swift in Sources */,
				DC0000000000002000000701 /* ApprovalArbiter.swift in Sources */,
			);
			runOnlyForDeploymentPostprocessing = 0;
		};
/* End PBXSourcesBuildPhase section */

/* Begin XCBuildConfiguration section */
		DC0000000000005000000001 /* Debug */ = {
			isa = XCBuildConfiguration;
			buildSettings = {
				ALWAYS_SEARCH_USER_PATHS = NO;
				ASSETCATALOG_COMPILER_GENERATE_SWIFT_ASSET_SYMBOL_EXTENSIONS = YES;
				CLANG_ANALYZER_NONNULL = YES;
				CLANG_ANALYZER_NUMBER_OBJECT_CONVERSION = YES_AGGRESSIVE;
				CLANG_CXX_LANGUAGE_STANDARD = "gnu++20";
				CLANG_ENABLE_MODULES = YES;
				CLANG_ENABLE_OBJC_ARC = YES;
				CLANG_ENABLE_OBJC_WEAK = YES;
				CLANG_WARN_BLOCK_CAPTURE_AUTORELEASING = YES;
				CLANG_WARN_BOOL_CONVERSION = YES;
				CLANG_WARN_COMMA = YES;
				CLANG_WARN_CONSTANT_CONVERSION = YES;
				CLANG_WARN_DEPRECATED_OBJC_IMPLEMENTATIONS = YES;
				CLANG_WARN_DIRECT_OBJC_ISA_USAGE = YES_ERROR;
				CLANG_WARN_DOCUMENTATION_COMMENTS = YES;
				CLANG_WARN_EMPTY_BODY = YES;
				CLANG_WARN_ENUM_CONVERSION = YES;
				CLANG_WARN_INFINITE_RECURSION = YES;
				CLANG_WARN_INT_CONVERSION = YES;
				CLANG_WARN_NON_LITERAL_NULL_CONVERSION = YES;
				CLANG_WARN_OBJC_IMPLICIT_RETAIN_CYCLE = YES;
				CLANG_WARN_OBJC_LITERAL_CONVERSION = YES;
				CLANG_WARN_OBJC_ROOT_CLASS = YES_ERROR;
				CLANG_WARN_QUOTED_INCLUDE_IN_FRAMEWORK_HEADER = YES;
				CLANG_WARN_RANGE_LOOP_ANALYSIS = YES;
				CLANG_WARN_STRICT_PROTOTYPES = YES;
				CLANG_WARN_SUSPICIOUS_MOVE = YES;
				CLANG_WARN_UNGUARDED_AVAILABILITY = YES_AGGRESSIVE;
				CLANG_WARN_UNREACHABLE_CODE = YES;
				CLANG_WARN__DUPLICATE_METHOD_MATCH = YES;
				COPY_PHASE_STRIP = NO;
				DEBUG_INFORMATION_FORMAT = dwarf;
				ENABLE_STRICT_OBJC_MSGSEND = YES;
				ENABLE_TESTABILITY = YES;
				ENABLE_USER_SCRIPT_SANDBOXING = NO;
				GCC_C_LANGUAGE_STANDARD = gnu17;
				GCC_DYNAMIC_NO_PIC = NO;
				GCC_NO_COMMON_BLOCKS = YES;
				GCC_OPTIMIZATION_LEVEL = 0;
				GCC_PREPROCESSOR_DEFINITIONS = (
					"DEBUG=1",
					"$(inherited)",
				);
				GCC_WARN_64_TO_32_BIT_CONVERSION = YES;
				GCC_WARN_ABOUT_RETURN_TYPE = YES_ERROR;
				GCC_WARN_UNDECLARED_SELECTOR = YES;
				GCC_WARN_UNINITIALIZED_AUTOS = YES_AGGRESSIVE;
				GCC_WARN_UNUSED_FUNCTION = YES;
				GCC_WARN_UNUSED_VARIABLE = YES;
				LOCALIZATION_PREFERS_STRING_CATALOGS = YES;
				MACOSX_DEPLOYMENT_TARGET = 26.0;
				MTL_ENABLE_DEBUG_INFO = INCLUDE_SOURCE;
				MTL_FAST_MATH = YES;
				ONLY_ACTIVE_ARCH = YES;
				SDKROOT = macosx;
				SWIFT_ACTIVE_COMPILATION_CONDITIONS = "DEBUG $(inherited)";
				SWIFT_OPTIMIZATION_LEVEL = "-Onone";
			};
			name = Debug;
		};
		DC0000000000005000000002 /* Release */ = {
			isa = XCBuildConfiguration;
			buildSettings = {
				ALWAYS_SEARCH_USER_PATHS = NO;
				ASSETCATALOG_COMPILER_GENERATE_SWIFT_ASSET_SYMBOL_EXTENSIONS = YES;
				CLANG_ANALYZER_NONNULL = YES;
				CLANG_ANALYZER_NUMBER_OBJECT_CONVERSION = YES_AGGRESSIVE;
				CLANG_CXX_LANGUAGE_STANDARD = "gnu++20";
				CLANG_ENABLE_MODULES = YES;
				CLANG_ENABLE_OBJC_ARC = YES;
				CLANG_ENABLE_OBJC_WEAK = YES;
				CLANG_WARN_BLOCK_CAPTURE_AUTORELEASING = YES;
				CLANG_WARN_BOOL_CONVERSION = YES;
				CLANG_WARN_COMMA = YES;
				CLANG_WARN_CONSTANT_CONVERSION = YES;
				CLANG_WARN_DEPRECATED_OBJC_IMPLEMENTATIONS = YES;
				CLANG_WARN_DIRECT_OBJC_ISA_USAGE = YES_ERROR;
				CLANG_WARN_DOCUMENTATION_COMMENTS = YES;
				CLANG_WARN_EMPTY_BODY = YES;
				CLANG_WARN_ENUM_CONVERSION = YES;
				CLANG_WARN_INFINITE_RECURSION = YES;
				CLANG_WARN_INT_CONVERSION = YES;
				CLANG_WARN_NON_LITERAL_NULL_CONVERSION = YES;
				CLANG_WARN_OBJC_IMPLICIT_RETAIN_CYCLE = YES;
				CLANG_WARN_OBJC_LITERAL_CONVERSION = YES;
				CLANG_WARN_OBJC_ROOT_CLASS = YES_ERROR;
				CLANG_WARN_QUOTED_INCLUDE_IN_FRAMEWORK_HEADER = YES;
				CLANG_WARN_RANGE_LOOP_ANALYSIS = YES;
				CLANG_WARN_STRICT_PROTOTYPES = YES;
				CLANG_WARN_SUSPICIOUS_MOVE = YES;
				CLANG_WARN_UNGUARDED_AVAILABILITY = YES_AGGRESSIVE;
				CLANG_WARN_UNREACHABLE_CODE = YES;
				CLANG_WARN__DUPLICATE_METHOD_MATCH = YES;
				COPY_PHASE_STRIP = NO;
				DEBUG_INFORMATION_FORMAT = "dwarf-with-dsym";
				ENABLE_NS_ASSERTIONS = NO;
				ENABLE_STRICT_OBJC_MSGSEND = YES;
				ENABLE_USER_SCRIPT_SANDBOXING = NO;
				GCC_C_LANGUAGE_STANDARD = gnu17;
				GCC_NO_COMMON_BLOCKS = YES;
				GCC_WARN_64_TO_32_BIT_CONVERSION = YES;
				GCC_WARN_ABOUT_RETURN_TYPE = YES_ERROR;
				GCC_WARN_UNDECLARED_SELECTOR = YES;
				GCC_WARN_UNINITIALIZED_AUTOS = YES_AGGRESSIVE;
				GCC_WARN_UNUSED_FUNCTION = YES;
				GCC_WARN_UNUSED_VARIABLE = YES;
				LOCALIZATION_PREFERS_STRING_CATALOGS = YES;
				MACOSX_DEPLOYMENT_TARGET = 26.0;
				MTL_FAST_MATH = YES;
				SDKROOT = macosx;
				SWIFT_COMPILATION_MODE = wholemodule;
				SWIFT_OPTIMIZATION_LEVEL = "-O";
			};
			name = Release;
		};
		DC0000000000005000000003 /* Debug */ = {
			isa = XCBuildConfiguration;
			buildSettings = {
				ASSETCATALOG_COMPILER_APPICON_NAME = AppIcon;
				CODE_SIGN_ENTITLEMENTS = DoomCoder/DoomCoder.entitlements;
				CODE_SIGN_STYLE = Automatic;
				COMBINE_HIDPI_IMAGES = YES;
				CURRENT_PROJECT_VERSION = 2700;
				DEVELOPMENT_TEAM = A9P2388PHM;
				ENABLE_HARDENED_RUNTIME = YES;
				GENERATE_INFOPLIST_FILE = NO;
				GCC_TREAT_WARNINGS_AS_ERRORS = YES;
				INFOPLIST_FILE = DoomCoder/Info.plist;
				LD_RUNPATH_SEARCH_PATHS = (
					"$(inherited)",
					"@executable_path/../Frameworks",
				);
				MARKETING_VERSION = 2.7.0;
				PRODUCT_BUNDLE_IDENTIFIER = com.doomcoder.app;
				PRODUCT_NAME = "$(TARGET_NAME)";
				SWIFT_EMIT_LOC_STRINGS = YES;
				SWIFT_TREAT_WARNINGS_AS_ERRORS = YES;
				SWIFT_VERSION = 6.2;
			};
			name = Debug;
		};
		DC0000000000005000000004 /* Release */ = {
			isa = XCBuildConfiguration;
			buildSettings = {
				ASSETCATALOG_COMPILER_APPICON_NAME = AppIcon;
				CODE_SIGN_ENTITLEMENTS = DoomCoder/DoomCoder.Release.entitlements;
				CODE_SIGN_STYLE = Automatic;
				COMBINE_HIDPI_IMAGES = YES;
				CURRENT_PROJECT_VERSION = 2700;
				DEVELOPMENT_TEAM = A9P2388PHM;
				ENABLE_HARDENED_RUNTIME = YES;
				GENERATE_INFOPLIST_FILE = NO;
				GCC_TREAT_WARNINGS_AS_ERRORS = YES;
				INFOPLIST_FILE = DoomCoder/Info.plist;
				LD_RUNPATH_SEARCH_PATHS = (
					"$(inherited)",
					"@executable_path/../Frameworks",
				);
				MARKETING_VERSION = 2.7.0;
				PRODUCT_BUNDLE_IDENTIFIER = com.doomcoder.app;
				PRODUCT_NAME = "$(TARGET_NAME)";
				SWIFT_EMIT_LOC_STRINGS = YES;
				SWIFT_TREAT_WARNINGS_AS_ERRORS = YES;
				SWIFT_VERSION = 6.2;
			};
			name = Release;
		};
/* End XCBuildConfiguration section */

/* Begin XCConfigurationList section */
		DC0000000000006000000001 /* Build configuration list for PBXProject "DoomCoder" */ = {
			isa = XCConfigurationList;
			buildConfigurations = (
				DC0000000000005000000001 /* Debug */,
				DC0000000000005000000002 /* Release */,
			);
			defaultConfigurationIsVisible = 0;
			defaultConfigurationName = Release;
		};
		DC0000000000006000000002 /* Build configuration list for PBXNativeTarget "DoomCoder" */ = {
			isa = XCConfigurationList;
			buildConfigurations = (
				DC0000000000005000000003 /* Debug */,
				DC0000000000005000000004 /* Release */,
			);
			defaultConfigurationIsVisible = 0;
			defaultConfigurationName = Release;
		};
/* End XCConfigurationList section */

/* Begin XCLocalSwiftPackageReference section */
		696C60BA0AF966AA4466243F /* XCLocalSwiftPackageReference "DoomCoderCore" */ = {
			isa = XCLocalSwiftPackageReference;
			relativePath = Packages/DoomCoderCore;
		};
/* End XCLocalSwiftPackageReference section */

/* Begin XCRemoteSwiftPackageReference section */
		DC0000000000009000000001 /* XCRemoteSwiftPackageReference "Sparkle" */ = {
			isa = XCRemoteSwiftPackageReference;
			repositoryURL = "https://github.com/sparkle-project/Sparkle";
			requirement = {
				kind = upToNextMajorVersion;
				minimumVersion = 2.0.0;
			};
		};
/* End XCRemoteSwiftPackageReference section */

/* Begin XCSwiftPackageProductDependency section */
		1E5CD75DFC788EE9A2743B1C /* DoomCoderCore */ = {
			isa = XCSwiftPackageProductDependency;
			package = 696C60BA0AF966AA4466243F /* XCLocalSwiftPackageReference "DoomCoderCore" */;
			productName = DoomCoderCore;
		};
		DC0000000000009000000002 /* Sparkle */ = {
			isa = XCSwiftPackageProductDependency;
			package = DC0000000000009000000001 /* XCRemoteSwiftPackageReference "Sparkle" */;
			productName = Sparkle;
		};
/* End XCSwiftPackageProductDependency section */
	};
	rootObject = DC0000000000008000000001 /* Project object */;
}
